{
   "name": "@scrypted/chromecast",
   "version": "0.1.58",
   "lockfileVersion": 2,
   "requires": true,
   "packages": {
      "": {
         "name": "@scrypted/chromecast",
         "version": "0.1.58",
         "license": "Apache-2.0",
         "dependencies": {
            "@scrypted/common": "file:../../common",
            "@scrypted/sdk": "file:../../sdk",
            "castv2-promise": "^1.0.0",
            "memoize-one": "^5.1.1",
            "mime": "^2.5.2",
            "multicast-dns": "^7.2.3"
         },
         "devDependencies": {
            "@types/mime": "^2.0.3",
            "@types/multicast-dns": "^7.2.1",
            "@types/node": "^16.9.0"
         }
      },
      "../../common": {
         "name": "@scrypted/common",
         "version": "1.0.1",
         "license": "ISC",
         "dependencies": {
            "@scrypted/sdk": "file:../sdk",
            "@scrypted/server": "file:../server",
            "http-auth-utils": "^3.0.2",
            "node-fetch-commonjs": "^3.1.1",
            "typescript": "^4.4.3"
         },
         "devDependencies": {
            "@types/node": "^16.9.0"
         }
      },
      "../../sdk": {
         "name": "@scrypted/sdk",
         "version": "0.2.103",
         "license": "ISC",
         "dependencies": {
            "@babel/preset-typescript": "^7.18.6",
            "adm-zip": "^0.4.13",
            "axios": "^0.21.4",
            "babel-loader": "^9.1.0",
            "babel-plugin-const-enum": "^1.1.0",
            "esbuild": "^0.15.9",
            "ncp": "^2.0.0",
            "raw-loader": "^4.0.2",
            "rimraf": "^3.0.2",
            "tmp": "^0.2.1",
            "ts-loader": "^9.4.2",
            "typescript": "^4.9.4",
            "webpack": "^5.75.0",
            "webpack-bundle-analyzer": "^4.5.0"
         },
         "bin": {
            "scrypted-changelog": "bin/scrypted-changelog.js",
            "scrypted-debug": "bin/scrypted-debug.js",
            "scrypted-deploy": "bin/scrypted-deploy.js",
            "scrypted-deploy-debug": "bin/scrypted-deploy-debug.js",
            "scrypted-package-json": "bin/scrypted-package-json.js",
            "scrypted-setup-project": "bin/scrypted-setup-project.js",
            "scrypted-webpack": "bin/scrypted-webpack.js"
         },
         "devDependencies": {
            "@types/node": "^18.11.18",
            "@types/stringify-object": "^4.0.0",
            "stringify-object": "^3.3.0",
            "ts-node": "^10.4.0",
            "typedoc": "^0.23.21"
         }
      },
      "../sdk": {
         "extraneous": true
      },
      "node_modules/@leichtgewicht/ip-codec": {
         "version": "2.0.3",
         "resolved": "https://registry.npmjs.org/@leichtgewicht/ip-codec/-/ip-codec-2.0.3.tgz",
         "integrity": "sha512-nkalE/f1RvRGChwBnEIoBfSEYOXnCRdleKuv6+lePbMDrMZXeDQnqak5XDOeBgrPPyPfAdcCu/B5z+v3VhplGg=="
      },
      "node_modules/@protobufjs/aspromise": {
         "version": "1.1.2",
         "resolved": "https://registry.npmjs.org/@protobufjs/aspromise/-/aspromise-1.1.2.tgz",
         "integrity": "sha1-m4sMxmPWaafY9vXQiToU00jzD78="
      },
      "node_modules/@protobufjs/base64": {
         "version": "1.1.2",
         "resolved": "https://registry.npmjs.org/@protobufjs/base64/-/base64-1.1.2.tgz",
         "integrity": "sha512-AZkcAA5vnN/v4PDqKyMR5lx7hZttPDgClv83E//FMNhR2TMcLUhfRUBHCmSl0oi9zMgDDqRUJkSxO3wm85+XLg=="
      },
      "node_modules/@protobufjs/codegen": {
         "version": "2.0.4",
         "resolved": "https://registry.npmjs.org/@protobufjs/codegen/-/codegen-2.0.4.tgz",
         "integrity": "sha512-YyFaikqM5sH0ziFZCN3xDC7zeGaB/d0IUb9CATugHWbd1FRFwWwt4ld4OYMPWu5a3Xe01mGAULCdqhMlPl29Jg=="
      },
      "node_modules/@protobufjs/eventemitter": {
         "version": "1.1.0",
         "resolved": "https://registry.npmjs.org/@protobufjs/eventemitter/-/eventemitter-1.1.0.tgz",
         "integrity": "sha1-NVy8mLr61ZePntCV85diHx0Ga3A="
      },
      "node_modules/@protobufjs/fetch": {
         "version": "1.1.0",
         "resolved": "https://registry.npmjs.org/@protobufjs/fetch/-/fetch-1.1.0.tgz",
         "integrity": "sha1-upn7WYYUr2VwDBYZ/wbUVLDYTEU=",
         "dependencies": {
            "@protobufjs/aspromise": "^1.1.1",
            "@protobufjs/inquire": "^1.1.0"
         }
      },
      "node_modules/@protobufjs/float": {
         "version": "1.0.2",
         "resolved": "https://registry.npmjs.org/@protobufjs/float/-/float-1.0.2.tgz",
         "integrity": "sha1-Xp4avctz/Ap8uLKR33jIy9l7h9E="
      },
      "node_modules/@protobufjs/inquire": {
         "version": "1.1.0",
         "resolved": "https://registry.npmjs.org/@protobufjs/inquire/-/inquire-1.1.0.tgz",
         "integrity": "sha1-/yAOPnzyQp4tyvwRQIKOjMY48Ik="
      },
      "node_modules/@protobufjs/path": {
         "version": "1.1.2",
         "resolved": "https://registry.npmjs.org/@protobufjs/path/-/path-1.1.2.tgz",
         "integrity": "sha1-bMKyDFya1q0NzP0hynZz2Nf79o0="
      },
      "node_modules/@protobufjs/pool": {
         "version": "1.1.0",
         "resolved": "https://registry.npmjs.org/@protobufjs/pool/-/pool-1.1.0.tgz",
         "integrity": "sha1-Cf0V8tbTq/qbZbw2ZQbWrXhG/1Q="
      },
      "node_modules/@protobufjs/utf8": {
         "version": "1.1.0",
         "resolved": "https://registry.npmjs.org/@protobufjs/utf8/-/utf8-1.1.0.tgz",
         "integrity": "sha1-p3c2C1s5oaLlEG+OhY8v0tBgxXA="
      },
      "node_modules/@scrypted/common": {
         "resolved": "../../common",
         "link": true
      },
      "node_modules/@scrypted/sdk": {
         "resolved": "../../sdk",
         "link": true
      },
      "node_modules/@types/dns-packet": {
         "version": "5.2.2",
         "resolved": "https://registry.npmjs.org/@types/dns-packet/-/dns-packet-5.2.2.tgz",
         "integrity": "sha512-Rqq7rGKIdn7OTWG7gq+mZi+F5D6CnbeLKsPByH6TU8TCJKhdKDLJrIyjVHv+vQv1MfMFqvCNo1IG7yifDK+fIw==",
         "dev": true,
         "dependencies": {
            "@types/node": "*"
         }
      },
      "node_modules/@types/long": {
         "version": "4.0.1",
         "resolved": "https://registry.npmjs.org/@types/long/-/long-4.0.1.tgz",
         "integrity": "sha512-5tXH6Bx/kNGd3MgffdmP4dy2Z+G4eaXw0SE81Tq3BNadtnMR5/ySMzX4SLEzHJzSmPNn4HIdpQsBvXMUykr58w=="
      },
      "node_modules/@types/mime": {
         "version": "2.0.3",
         "resolved": "https://registry.npmjs.org/@types/mime/-/mime-2.0.3.tgz",
         "integrity": "sha512-Jus9s4CDbqwocc5pOAnh8ShfrnMcPHuJYzVcSUU7lrh8Ni5HuIqX3oilL86p3dlTrk0LzHRCgA/GQ7uNCw6l2Q==",
         "dev": true
      },
      "node_modules/@types/multicast-dns": {
         "version": "7.2.1",
         "resolved": "https://registry.npmjs.org/@types/multicast-dns/-/multicast-dns-7.2.1.tgz",
         "integrity": "sha512-A2PmB8MRcNVEkw6wzGT5rtBHqyHOVjiRMkJH+zpJKXipSi+GGkHg6JjNFApDiYK9WefJqkVG0taln1VMl4TGfw==",
         "dev": true,
         "dependencies": {
            "@types/dns-packet": "*",
            "@types/node": "*"
         }
      },
      "node_modules/@types/node": {
         "version": "16.9.0",
         "resolved": "https://registry.npmjs.org/@types/node/-/node-16.9.0.tgz",
         "integrity": "sha512-nmP+VR4oT0pJUPFbKE4SXj3Yb4Q/kz3M9dSAO1GGMebRKWHQxLfDNmU/yh3xxCJha3N60nQ/JwXWwOE/ZSEVag=="
      },
      "node_modules/castv2": {
         "version": "0.1.10",
         "resolved": "https://registry.npmjs.org/castv2/-/castv2-0.1.10.tgz",
         "integrity": "sha512-3QWevHrjT22KdF08Y2a217IYCDQDP7vEJaY4n0lPBeC5UBYbMFMadDfVTsaQwq7wqsEgYUHElPGm3EO1ey+TNw==",
         "dependencies": {
            "debug": "^4.1.1",
            "protobufjs": "^6.8.8"
         }
      },
      "node_modules/castv2-client": {
         "version": "1.2.0",
         "resolved": "https://registry.npmjs.org/castv2-client/-/castv2-client-1.2.0.tgz",
         "integrity": "sha1-qRk7GlRIuMuaBBW9AhyIEe17BUQ=",
         "dependencies": {
            "castv2": "~0.1.4",
            "debug": "^2.2.0"
         }
      },
      "node_modules/castv2-client/node_modules/debug": {
         "version": "2.6.9",
         "resolved": "https://registry.npmjs.org/debug/-/debug-2.6.9.tgz",
         "integrity": "sha512-bC7ElrdJaJnPbAP+1EotYvqZsb3ecl5wi6Bfi6BJTUcNowp6cvspg0jXznRTKDjm/E7AdgFBVeAPVMNcKGsHMA==",
         "dependencies": {
            "ms": "2.0.0"
         }
      },
      "node_modules/castv2-promise": {
         "version": "1.0.0",
         "resolved": "https://registry.npmjs.org/castv2-promise/-/castv2-promise-1.0.0.tgz",
         "integrity": "sha512-qAoTMAmT+z2edcp0AzoemVzuB6kmXz8tS2vvb0sxmtV6rUxCoOtk0fR3biOHvrsDwpsC2tPptodbVqo5QUzExA==",
         "dependencies": {
            "castv2-client": "^1.2.0",
            "node-dns-sd": "^0.4.2"
         }
      },
      "node_modules/debug": {
         "version": "4.1.1",
         "resolved": "https://registry.npmjs.org/debug/-/debug-4.1.1.tgz",
         "integrity": "sha512-pYAIzeRo8J6KPEaJ0VWOh5Pzkbw/RetuzehGM7QRRX5he4fPHx2rdKMB256ehJCkX+XRQm16eZLqLNS8RSZXZw==",
         "dependencies": {
            "ms": "^2.1.1"
         }
      },
      "node_modules/debug/node_modules/ms": {
         "version": "2.1.2",
         "resolved": "https://registry.npmjs.org/ms/-/ms-2.1.2.tgz",
         "integrity": "sha512-sGkPx+VjMtmA6MX27oA4FBFELFCZZ4S4XqeGOXCv68tT+jb3vk/RyaKWP0PTKyWtmLSM0b+adUTEvbs1PEaH2w=="
      },
      "node_modules/dns-packet": {
         "version": "5.3.0",
         "resolved": "https://registry.npmjs.org/dns-packet/-/dns-packet-5.3.0.tgz",
         "integrity": "sha512-Nce7YLu6YCgWRvOmDBsJMo9M5/jV3lEZ5vUWnWXYmwURvPylHvq7nkDWhNmk1ZQoZZOP7oQh/S0lSxbisKOfHg==",
         "dependencies": {
            "@leichtgewicht/ip-codec": "^2.0.1"
         },
         "engines": {
            "node": ">=6"
         }
      },
      "node_modules/long": {
         "version": "4.0.0",
         "resolved": "https://registry.npmjs.org/long/-/long-4.0.0.tgz",
         "integrity": "sha512-XsP+KhQif4bjX1kbuSiySJFNAehNxgLb6hPRGJ9QsUr8ajHkuXGdrHmFUTUUXhDwVX2R5bY4JNZEwbUiMhV+MA=="
      },
      "node_modules/memoize-one": {
         "version": "5.1.1",
         "resolved": "https://registry.npmjs.org/memoize-one/-/memoize-one-5.1.1.tgz",
         "integrity": "sha512-HKeeBpWvqiVJD57ZUAsJNm71eHTykffzcLZVYWiVfQeI1rJtuEaS7hQiEpWfVVk18donPwJEcFKIkCmPJNOhHA=="
      },
      "node_modules/mime": {
         "version": "2.5.2",
         "resolved": "https://registry.npmjs.org/mime/-/mime-2.5.2.tgz",
         "integrity": "sha512-tqkh47FzKeCPD2PUiPB6pkbMzsCasjxAfC62/Wap5qrUWcb+sFasXUC5I3gYM5iBM8v/Qpn4UK0x+j0iHyFPDg==",
         "bin": {
            "mime": "cli.js"
         },
         "engines": {
            "node": ">=4.0.0"
         }
      },
      "node_modules/ms": {
         "version": "2.0.0",
         "resolved": "https://registry.npmjs.org/ms/-/ms-2.0.0.tgz",
         "integrity": "sha1-VgiurfwAvmwpAd9fmGF4jeDVl8g="
      },
      "node_modules/multicast-dns": {
         "version": "7.2.3",
         "resolved": "https://registry.npmjs.org/multicast-dns/-/multicast-dns-7.2.3.tgz",
         "integrity": "sha512-TzxgGSLRLB7tqAlzjgd2x2ZE0cDsGFq4rs9W4yE5xp+7hlRXeUQGtXZsTGfGw2FwWB45rfe8DtXMYBpZGMLUng==",
         "dependencies": {
            "dns-packet": "^5.2.2",
            "thunky": "^1.0.2"
         },
         "bin": {
            "multicast-dns": "cli.js"
         }
      },
      "node_modules/node-dns-sd": {
         "version": "0.4.2",
         "resolved": "https://registry.npmjs.org/node-dns-sd/-/node-dns-sd-0.4.2.tgz",
         "integrity": "sha512-fZvDqy19zyaiSXajmRjwue1VWLrJcy8bTV/LJVtAx8DeEFVlXRBMyZknW+q6CEfiW8Y4MQDDKh9x5wF32BHAHQ=="
      },
      "node_modules/protobufjs": {
         "version": "6.11.3",
         "resolved": "https://registry.npmjs.org/protobufjs/-/protobufjs-6.11.3.tgz",
         "integrity": "sha512-xL96WDdCZYdU7Slin569tFX712BxsxslWwAfAhCYjQKGTq7dAU91Lomy6nLLhh/dyGhk/YH4TwTSRxTzhuHyZg==",
         "hasInstallScript": true,
         "dependencies": {
            "@protobufjs/aspromise": "^1.1.2",
            "@protobufjs/base64": "^1.1.2",
            "@protobufjs/codegen": "^2.0.4",
            "@protobufjs/eventemitter": "^1.1.0",
            "@protobufjs/fetch": "^1.1.0",
            "@protobufjs/float": "^1.0.2",
            "@protobufjs/inquire": "^1.1.0",
            "@protobufjs/path": "^1.1.2",
            "@protobufjs/pool": "^1.1.0",
            "@protobufjs/utf8": "^1.1.0",
            "@types/long": "^4.0.1",
            "@types/node": ">=13.7.0",
            "long": "^4.0.0"
         },
         "bin": {
            "pbjs": "bin/pbjs",
            "pbts": "bin/pbts"
         }
      },
      "node_modules/thunky": {
         "version": "1.1.0",
         "resolved": "https://registry.npmjs.org/thunky/-/thunky-1.1.0.tgz",
         "integrity": "sha512-eHY7nBftgThBqOyHGVN+l8gF0BucP09fMo0oO/Lb0w1OF80dJv+lDVpXG60WMQvkcxAkNybKsrEIE3ZtKGmPrA=="
      }
   },
   "dependencies": {
      "@leichtgewicht/ip-codec": {
         "version": "2.0.3",
         "resolved": "https://registry.npmjs.org/@leichtgewicht/ip-codec/-/ip-codec-2.0.3.tgz",
         "integrity": "sha512-nkalE/f1RvRGChwBnEIoBfSEYOXnCRdleKuv6+lePbMDrMZXeDQnqak5XDOeBgrPPyPfAdcCu/B5z+v3VhplGg=="
      },
      "@protobufjs/aspromise": {
         "version": "1.1.2",
         "resolved": "https://registry.npmjs.org/@protobufjs/aspromise/-/aspromise-1.1.2.tgz",
         "integrity": "sha1-m4sMxmPWaafY9vXQiToU00jzD78="
      },
      "@protobufjs/base64": {
         "version": "1.1.2",
         "resolved": "https://registry.npmjs.org/@protobufjs/base64/-/base64-1.1.2.tgz",
         "integrity": "sha512-AZkcAA5vnN/v4PDqKyMR5lx7hZttPDgClv83E//FMNhR2TMcLUhfRUBHCmSl0oi9zMgDDqRUJkSxO3wm85+XLg=="
      },
      "@protobufjs/codegen": {
         "version": "2.0.4",
         "resolved": "https://registry.npmjs.org/@protobufjs/codegen/-/codegen-2.0.4.tgz",
         "integrity": "sha512-YyFaikqM5sH0ziFZCN3xDC7zeGaB/d0IUb9CATugHWbd1FRFwWwt4ld4OYMPWu5a3Xe01mGAULCdqhMlPl29Jg=="
      },
      "@protobufjs/eventemitter": {
         "version": "1.1.0",
         "resolved": "https://registry.npmjs.org/@protobufjs/eventemitter/-/eventemitter-1.1.0.tgz",
         "integrity": "sha1-NVy8mLr61ZePntCV85diHx0Ga3A="
      },
      "@protobufjs/fetch": {
         "version": "1.1.0",
         "resolved": "https://registry.npmjs.org/@protobufjs/fetch/-/fetch-1.1.0.tgz",
         "integrity": "sha1-upn7WYYUr2VwDBYZ/wbUVLDYTEU=",
         "requires": {
            "@protobufjs/aspromise": "^1.1.1",
            "@protobufjs/inquire": "^1.1.0"
         }
      },
      "@protobufjs/float": {
         "version": "1.0.2",
         "resolved": "https://registry.npmjs.org/@protobufjs/float/-/float-1.0.2.tgz",
         "integrity": "sha1-Xp4avctz/Ap8uLKR33jIy9l7h9E="
      },
      "@protobufjs/inquire": {
         "version": "1.1.0",
         "resolved": "https://registry.npmjs.org/@protobufjs/inquire/-/inquire-1.1.0.tgz",
         "integrity": "sha1-/yAOPnzyQp4tyvwRQIKOjMY48Ik="
      },
      "@protobufjs/path": {
         "version": "1.1.2",
         "resolved": "https://registry.npmjs.org/@protobufjs/path/-/path-1.1.2.tgz",
         "integrity": "sha1-bMKyDFya1q0NzP0hynZz2Nf79o0="
      },
      "@protobufjs/pool": {
         "version": "1.1.0",
         "resolved": "https://registry.npmjs.org/@protobufjs/pool/-/pool-1.1.0.tgz",
         "integrity": "sha1-Cf0V8tbTq/qbZbw2ZQbWrXhG/1Q="
      },
      "@protobufjs/utf8": {
         "version": "1.1.0",
         "resolved": "https://registry.npmjs.org/@protobufjs/utf8/-/utf8-1.1.0.tgz",
         "integrity": "sha1-p3c2C1s5oaLlEG+OhY8v0tBgxXA="
      },
      "@scrypted/common": {
         "version": "file:../../common",
         "requires": {
            "@scrypted/sdk": "file:../sdk",
            "@scrypted/server": "file:../server",
            "@types/node": "^16.9.0",
            "http-auth-utils": "^3.0.2",
            "node-fetch-commonjs": "^3.1.1",
            "typescript": "^4.4.3"
         }
      },
      "@scrypted/sdk": {
         "version": "file:../../sdk",
         "requires": {
            "@babel/preset-typescript": "^7.18.6",
            "@types/node": "^18.11.18",
            "@types/stringify-object": "^4.0.0",
            "adm-zip": "^0.4.13",
            "axios": "^0.21.4",
            "babel-loader": "^9.1.0",
            "babel-plugin-const-enum": "^1.1.0",
            "esbuild": "^0.15.9",
            "ncp": "^2.0.0",
            "raw-loader": "^4.0.2",
            "rimraf": "^3.0.2",
            "stringify-object": "^3.3.0",
            "tmp": "^0.2.1",
            "ts-loader": "^9.4.2",
            "ts-node": "^10.4.0",
            "typedoc": "^0.23.21",
            "typescript": "^4.9.4",
            "webpack": "^5.75.0",
            "webpack-bundle-analyzer": "^4.5.0"
         }
      },
      "@types/dns-packet": {
         "version": "5.2.2",
         "resolved": "https://registry.npmjs.org/@types/dns-packet/-/dns-packet-5.2.2.tgz",
         "integrity": "sha512-Rqq7rGKIdn7OTWG7gq+mZi+F5D6CnbeLKsPByH6TU8TCJKhdKDLJrIyjVHv+vQv1MfMFqvCNo1IG7yifDK+fIw==",
         "dev": true,
         "requires": {
            "@types/node": "*"
         }
      },
      "@types/long": {
         "version": "4.0.1",
         "resolved": "https://registry.npmjs.org/@types/long/-/long-4.0.1.tgz",
         "integrity": "sha512-5tXH6Bx/kNGd3MgffdmP4dy2Z+G4eaXw0SE81Tq3BNadtnMR5/ySMzX4SLEzHJzSmPNn4HIdpQsBvXMUykr58w=="
      },
      "@types/mime": {
         "version": "2.0.3",
         "resolved": "https://registry.npmjs.org/@types/mime/-/mime-2.0.3.tgz",
         "integrity": "sha512-Jus9s4CDbqwocc5pOAnh8ShfrnMcPHuJYzVcSUU7lrh8Ni5HuIqX3oilL86p3dlTrk0LzHRCgA/GQ7uNCw6l2Q==",
         "dev": true
      },
      "@types/multicast-dns": {
         "version": "7.2.1",
         "resolved": "https://registry.npmjs.org/@types/multicast-dns/-/multicast-dns-7.2.1.tgz",
         "integrity": "sha512-A2PmB8MRcNVEkw6wzGT5rtBHqyHOVjiRMkJH+zpJKXipSi+GGkHg6JjNFApDiYK9WefJqkVG0taln1VMl4TGfw==",
         "dev": true,
         "requires": {
            "@types/dns-packet": "*",
            "@types/node": "*"
         }
      },
      "@types/node": {
         "version": "16.9.0",
         "resolved": "https://registry.npmjs.org/@types/node/-/node-16.9.0.tgz",
         "integrity": "sha512-nmP+VR4oT0pJUPFbKE4SXj3Yb4Q/kz3M9dSAO1GGMebRKWHQxLfDNmU/yh3xxCJha3N60nQ/JwXWwOE/ZSEVag=="
      },
      "castv2": {
         "version": "0.1.10",
         "resolved": "https://registry.npmjs.org/castv2/-/castv2-0.1.10.tgz",
         "integrity": "sha512-3QWevHrjT22KdF08Y2a217IYCDQDP7vEJaY4n0lPBeC5UBYbMFMadDfVTsaQwq7wqsEgYUHElPGm3EO1ey+TNw==",
         "requires": {
            "debug": "^4.1.1",
            "protobufjs": "^6.8.8"
         }
      },
      "castv2-client": {
         "version": "1.2.0",
         "resolved": "https://registry.npmjs.org/castv2-client/-/castv2-client-1.2.0.tgz",
         "integrity": "sha1-qRk7GlRIuMuaBBW9AhyIEe17BUQ=",
         "requires": {
            "castv2": "~0.1.4",
            "debug": "^2.2.0"
         },
         "dependencies": {
            "debug": {
               "version": "2.6.9",
               "resolved": "https://registry.npmjs.org/debug/-/debug-2.6.9.tgz",
               "integrity": "sha512-bC7ElrdJaJnPbAP+1EotYvqZsb3ecl5wi6Bfi6BJTUcNowp6cvspg0jXznRTKDjm/E7AdgFBVeAPVMNcKGsHMA==",
               "requires": {
                  "ms": "2.0.0"
               }
            }
         }
      },
      "castv2-promise": {
         "version": "1.0.0",
         "resolved": "https://registry.npmjs.org/castv2-promise/-/castv2-promise-1.0.0.tgz",
         "integrity": "sha512-qAoTMAmT+z2edcp0AzoemVzuB6kmXz8tS2vvb0sxmtV6rUxCoOtk0fR3biOHvrsDwpsC2tPptodbVqo5QUzExA==",
         "requires": {
            "castv2-client": "^1.2.0",
            "node-dns-sd": "^0.4.2"
         }
      },
      "debug": {
         "version": "4.1.1",
         "resolved": "https://registry.npmjs.org/debug/-/debug-4.1.1.tgz",
         "integrity": "sha512-pYAIzeRo8J6KPEaJ0VWOh5Pzkbw/RetuzehGM7QRRX5he4fPHx2rdKMB256ehJCkX+XRQm16eZLqLNS8RSZXZw==",
         "requires": {
            "ms": "^2.1.1"
         },
         "dependencies": {
            "ms": {
               "version": "2.1.2",
               "resolved": "https://registry.npmjs.org/ms/-/ms-2.1.2.tgz",
               "integrity": "sha512-sGkPx+VjMtmA6MX27oA4FBFELFCZZ4S4XqeGOXCv68tT+jb3vk/RyaKWP0PTKyWtmLSM0b+adUTEvbs1PEaH2w=="
            }
         }
      },
      "dns-packet": {
         "version": "5.3.0",
         "resolved": "https://registry.npmjs.org/dns-packet/-/dns-packet-5.3.0.tgz",
         "integrity": "sha512-Nce7YLu6YCgWRvOmDBsJMo9M5/jV3lEZ5vUWnWXYmwURvPylHvq7nkDWhNmk1ZQoZZOP7oQh/S0lSxbisKOfHg==",
         "requires": {
            "@leichtgewicht/ip-codec": "^2.0.1"
         }
      },
      "long": {
         "version": "4.0.0",
         "resolved": "https://registry.npmjs.org/long/-/long-4.0.0.tgz",
         "integrity": "sha512-XsP+KhQif4bjX1kbuSiySJFNAehNxgLb6hPRGJ9QsUr8ajHkuXGdrHmFUTUUXhDwVX2R5bY4JNZEwbUiMhV+MA=="
      },
      "memoize-one": {
         "version": "5.1.1",
         "resolved": "https://registry.npmjs.org/memoize-one/-/memoize-one-5.1.1.tgz",
         "integrity": "sha512-HKeeBpWvqiVJD57ZUAsJNm71eHTykffzcLZVYWiVfQeI1rJtuEaS7hQiEpWfVVk18donPwJEcFKIkCmPJNOhHA=="
      },
      "mime": {
         "version": "2.5.2",
         "resolved": "https://registry.npmjs.org/mime/-/mime-2.5.2.tgz",
         "integrity": "sha512-tqkh47FzKeCPD2PUiPB6pkbMzsCasjxAfC62/Wap5qrUWcb+sFasXUC5I3gYM5iBM8v/Qpn4UK0x+j0iHyFPDg=="
      },
      "ms": {
         "version": "2.0.0",
         "resolved": "https://registry.npmjs.org/ms/-/ms-2.0.0.tgz",
         "integrity": "sha1-VgiurfwAvmwpAd9fmGF4jeDVl8g="
      },
      "multicast-dns": {
         "version": "7.2.3",
         "resolved": "https://registry.npmjs.org/multicast-dns/-/multicast-dns-7.2.3.tgz",
         "integrity": "sha512-TzxgGSLRLB7tqAlzjgd2x2ZE0cDsGFq4rs9W4yE5xp+7hlRXeUQGtXZsTGfGw2FwWB45rfe8DtXMYBpZGMLUng==",
         "requires": {
            "dns-packet": "^5.2.2",
            "thunky": "^1.0.2"
         }
      },
      "node-dns-sd": {
         "version": "0.4.2",
         "resolved": "https://registry.npmjs.org/node-dns-sd/-/node-dns-sd-0.4.2.tgz",
         "integrity": "sha512-fZvDqy19zyaiSXajmRjwue1VWLrJcy8bTV/LJVtAx8DeEFVlXRBMyZknW+q6CEfiW8Y4MQDDKh9x5wF32BHAHQ=="
      },
      "protobufjs": {
         "version": "6.11.3",
         "resolved": "https://registry.npmjs.org/protobufjs/-/protobufjs-6.11.3.tgz",
         "integrity": "sha512-xL96WDdCZYdU7Slin569tFX712BxsxslWwAfAhCYjQKGTq7dAU91Lomy6nLLhh/dyGhk/YH4TwTSRxTzhuHyZg==",
         "requires": {
            "@protobufjs/aspromise": "^1.1.2",
            "@protobufjs/base64": "^1.1.2",
            "@protobufjs/codegen": "^2.0.4",
            "@protobufjs/eventemitter": "^1.1.0",
            "@protobufjs/fetch": "^1.1.0",
            "@protobufjs/float": "^1.0.2",
            "@protobufjs/inquire": "^1.1.0",
            "@protobufjs/path": "^1.1.2",
            "@protobufjs/pool": "^1.1.0",
            "@protobufjs/utf8": "^1.1.0",
            "@types/long": "^4.0.1",
            "@types/node": ">=13.7.0",
            "long": "^4.0.0"
         }
      },
      "thunky": {
         "version": "1.1.0",
         "resolved": "https://registry.npmjs.org/thunky/-/thunky-1.1.0.tgz",
         "integrity": "sha512-eHY7nBftgThBqOyHGVN+l8gF0BucP09fMo0oO/Lb0w1OF80dJv+lDVpXG60WMQvkcxAkNybKsrEIE3ZtKGmPrA=="
      }
   }
}
