{
   "name": "@scrypted/homekit",
   "version": "0.0.37",
   "lockfileVersion": 2,
   "requires": true,
   "packages": {
      "": {
         "name": "@scrypted/homekit",
         "version": "0.0.37",
         "dependencies": {
            "axios": "^0.21.1",
            "hap-nodejs": "file:../HAP-NodeJS",
            "lodash": "^4.17.21",
            "lodash.debounce": "^4.0.8",
            "query-string": "^7.0.0",
            "url-parse": "^1.5.1"
         },
         "devDependencies": {
            "@scrypted/common": "file:../../common",
            "@scrypted/sdk": "file:../../sdk",
            "@types/debug": "^4.1.5",
            "@types/lodash": "^4.14.168",
            "@types/node": "^14.17.9",
            "@types/url-parse": "^1.4.3"
         }
      },
      "../../common": {
         "version": "1.0.0",
         "dev": true,
         "license": "ISC",
         "devDependencies": {
            "@types/node": "^16.7.1"
         }
      },
      "../../sdk": {
         "name": "@scrypted/sdk",
         "version": "0.0.65",
         "dev": true,
         "license": "ISC",
         "dependencies": {
            "@babel/core": "^7.2.2",
            "@babel/plugin-proposal-class-properties": "^7.4.4",
            "@babel/plugin-transform-modules-commonjs": "^7.2.0",
            "@babel/plugin-transform-typescript": "^7.15.0",
            "@babel/polyfill": "^7.2.5",
            "@babel/preset-env": "^7.2.3",
            "@babel/preset-typescript": "^7.15.0",
            "adm-zip": "^0.4.13",
            "axios": "^0.21.1",
            "babel-loader": "^8.0.4",
            "babel-polyfill": "^6.26.0",
            "babel-template": "^6.26.0",
            "browserify-buffertools": "^1.0.2",
            "bytebuffer": "^5.0.1",
            "chalk": "^2.4.2",
            "clean-webpack-plugin": "^3.0.0",
            "engine.io-client": "^3.3.2",
            "event-target-shim": "^5.0.1",
            "events": "^3.0.0",
            "long": "^4.0.0",
            "node-cmd": "^3.0.0",
            "node-ip": "^0.1.2",
            "raw-loader": "^1.0.0",
            "terser": "^3.14.1",
            "ts-loader": "^5.4.5",
            "tsconfig-paths-webpack-plugin": "^3.2.0",
            "typescript": "^4.3.5",
            "webpack": "^4.28.1",
            "webpack-cli": "^3.1.2",
            "webpack-inject-plugin": "^1.0.2"
         },
         "bin": {
            "scrypted-debug": "bin/scrypted-debug.js",
            "scrypted-deploy": "bin/scrypted-deploy.js",
            "scrypted-deploy-debug": "bin/scrypted-deploy-debug.js",
            "scrypted-package-json": "bin/scrypted-package-json.js",
            "scrypted-readme": "bin/scrypted-readme.js",
            "scrypted-webpack": "bin/scrypted-webpack.js"
         },
         "devDependencies": {
            "@babel/plugin-proposal-optional-chaining": "^7.13.12",
            "@types/node": "^16.6.1",
            "babel-plugin-const-enum": "^1.1.0",
            "babel-plugin-minify-dead-code-elimination": "^0.5.1"
         }
      },
      "../HAP-NodeJS": {},
      "../sdk": {
         "extraneous": true
      },
      "node_modules/@scrypted/common": {
         "resolved": "../../common",
         "link": true
      },
      "node_modules/@scrypted/sdk": {
         "resolved": "../../sdk",
         "link": true
      },
      "node_modules/@types/debug": {
         "version": "4.1.5",
         "resolved": "https://registry.npmjs.org/@types/debug/-/debug-4.1.5.tgz",
         "integrity": "sha512-Q1y515GcOdTHgagaVFhHnIFQ38ygs/kmxdNpvpou+raI9UO3YZcHDngBSYKQklcKlvA7iuQlmIKbzvmxcOE9CQ==",
         "dev": true
      },
      "node_modules/@types/lodash": {
         "version": "4.14.168",
         "resolved": "https://registry.npmjs.org/@types/lodash/-/lodash-4.14.168.tgz",
         "integrity": "sha512-oVfRvqHV/V6D1yifJbVRU3TMp8OT6o6BG+U9MkwuJ3U8/CsDHvalRpsxBqivn71ztOFZBTfJMvETbqHiaNSj7Q==",
         "dev": true
      },
      "node_modules/@types/node": {
         "version": "14.17.9",
         "resolved": "https://registry.npmjs.org/@types/node/-/node-14.17.9.tgz",
         "integrity": "sha512-CMjgRNsks27IDwI785YMY0KLt3co/c0cQ5foxHYv/shC2w8oOnVwz5Ubq1QG5KzrcW+AXk6gzdnxIkDnTvzu3g==",
         "dev": true
      },
      "node_modules/@types/url-parse": {
         "version": "1.4.3",
         "resolved": "https://registry.npmjs.org/@types/url-parse/-/url-parse-1.4.3.tgz",
         "integrity": "sha512-4kHAkbV/OfW2kb5BLVUuUMoumB3CP8rHqlw48aHvFy5tf9ER0AfOonBlX29l/DD68G70DmyhRlSYfQPSYpC5Vw==",
         "dev": true
      },
      "node_modules/axios": {
         "version": "0.21.1",
         "resolved": "https://registry.npmjs.org/axios/-/axios-0.21.1.tgz",
         "integrity": "sha512-dKQiRHxGD9PPRIUNIWvZhPTPpl1rf/OxTYKsqKUDjBwYylTvV7SjSHJb9ratfyzM6wCdLCOYLzs73qpg5c4iGA==",
         "dependencies": {
            "follow-redirects": "^1.10.0"
         }
      },
      "node_modules/decode-uri-component": {
         "version": "0.2.0",
         "resolved": "https://registry.npmjs.org/decode-uri-component/-/decode-uri-component-0.2.0.tgz",
         "integrity": "sha1-6zkTMzRYd1y4TNGh+uBiEGu4dUU=",
         "engines": {
            "node": ">=0.10"
         }
      },
      "node_modules/filter-obj": {
         "version": "1.1.0",
         "resolved": "https://registry.npmjs.org/filter-obj/-/filter-obj-1.1.0.tgz",
         "integrity": "sha1-mzERErxsYSehbgFsbF1/GeCAXFs=",
         "engines": {
            "node": ">=0.10.0"
         }
      },
      "node_modules/follow-redirects": {
         "version": "1.13.3",
         "resolved": "https://registry.npmjs.org/follow-redirects/-/follow-redirects-1.13.3.tgz",
         "integrity": "sha512-DUgl6+HDzB0iEptNQEXLx/KhTmDb8tZUHSeLqpnjpknR70H0nC2t9N73BK6fN4hOvJ84pKlIQVQ4k5FFlBedKA==",
         "engines": {
            "node": ">=4.0"
         }
      },
      "node_modules/hap-nodejs": {
         "resolved": "../HAP-NodeJS",
         "link": true
      },
      "node_modules/lodash": {
         "version": "4.17.21",
         "resolved": "https://registry.npmjs.org/lodash/-/lodash-4.17.21.tgz",
         "integrity": "sha512-v2kDEe57lecTulaDIuNTPy3Ry4gLGJ6Z1O3vE1krgXZNrsQ+LFTGHVxVjcXPs17LhbZVGedAJv8XZ1tvj5FvSg=="
      },
      "node_modules/lodash.debounce": {
         "version": "4.0.8",
         "resolved": "https://registry.npmjs.org/lodash.debounce/-/lodash.debounce-4.0.8.tgz",
         "integrity": "sha1-gteb/zCmfEAF/9XiUVMArZyk168="
      },
      "node_modules/query-string": {
         "version": "7.0.0",
         "resolved": "https://registry.npmjs.org/query-string/-/query-string-7.0.0.tgz",
         "integrity": "sha512-Iy7moLybliR5ZgrK/1R3vjrXq03S13Vz4Rbm5Jg3EFq1LUmQppto0qtXz4vqZ386MSRjZgnTSZ9QC+NZOSd/XA==",
         "dependencies": {
            "decode-uri-component": "^0.2.0",
            "filter-obj": "^1.1.0",
            "split-on-first": "^1.0.0",
            "strict-uri-encode": "^2.0.0"
         },
         "engines": {
            "node": ">=6"
         }
      },
      "node_modules/querystringify": {
         "version": "2.2.0",
         "resolved": "https://registry.npmjs.org/querystringify/-/querystringify-2.2.0.tgz",
         "integrity": "sha512-FIqgj2EUvTa7R50u0rGsyTftzjYmv/a3hO345bZNrqabNqjtgiDMgmo4mkUjd+nzU5oF3dClKqFIPUKybUyqoQ=="
      },
      "node_modules/requires-port": {
         "version": "1.0.0",
         "resolved": "https://registry.npmjs.org/requires-port/-/requires-port-1.0.0.tgz",
         "integrity": "sha1-kl0mAdOaxIXgkc8NpcbmlNw9yv8="
      },
      "node_modules/split-on-first": {
         "version": "1.1.0",
         "resolved": "https://registry.npmjs.org/split-on-first/-/split-on-first-1.1.0.tgz",
         "integrity": "sha512-43ZssAJaMusuKWL8sKUBQXHWOpq8d6CfN/u1p4gUzfJkM05C8rxTmYrkIPTXapZpORA6LkkzcUulJ8FqA7Uudw==",
         "engines": {
            "node": ">=6"
         }
      },
      "node_modules/strict-uri-encode": {
         "version": "2.0.0",
         "resolved": "https://registry.npmjs.org/strict-uri-encode/-/strict-uri-encode-2.0.0.tgz",
         "integrity": "sha1-ucczDHBChi9rFC3CdLvMWGbONUY=",
         "engines": {
            "node": ">=4"
         }
      },
      "node_modules/url-parse": {
         "version": "1.5.1",
         "resolved": "https://registry.npmjs.org/url-parse/-/url-parse-1.5.1.tgz",
         "integrity": "sha512-HOfCOUJt7iSYzEx/UqgtwKRMC6EU91NFhsCHMv9oM03VJcVo2Qrp8T8kI9D7amFf1cu+/3CEhgb3rF9zL7k85Q==",
         "dependencies": {
            "querystringify": "^2.1.1",
            "requires-port": "^1.0.0"
         }
      }
   },
   "dependencies": {
      "@scrypted/common": {
         "version": "file:../../common",
         "requires": {
            "@types/node": "^16.7.1"
         }
      },
      "@scrypted/sdk": {
         "version": "file:../../sdk",
         "requires": {
            "@babel/core": "^7.2.2",
            "@babel/plugin-proposal-class-properties": "^7.4.4",
            "@babel/plugin-proposal-optional-chaining": "^7.13.12",
            "@babel/plugin-transform-modules-commonjs": "^7.2.0",
            "@babel/plugin-transform-typescript": "^7.15.0",
            "@babel/polyfill": "^7.2.5",
            "@babel/preset-env": "^7.2.3",
            "@babel/preset-typescript": "^7.15.0",
            "@types/node": "^16.6.1",
            "adm-zip": "^0.4.13",
            "axios": "^0.21.1",
            "babel-loader": "^8.0.4",
            "babel-plugin-const-enum": "^1.1.0",
            "babel-plugin-minify-dead-code-elimination": "^0.5.1",
            "babel-polyfill": "^6.26.0",
            "babel-template": "^6.26.0",
            "browserify-buffertools": "^1.0.2",
            "bytebuffer": "^5.0.1",
            "chalk": "^2.4.2",
            "clean-webpack-plugin": "^3.0.0",
            "engine.io-client": "^3.3.2",
            "event-target-shim": "^5.0.1",
            "events": "^3.0.0",
            "long": "^4.0.0",
            "node-cmd": "^3.0.0",
            "node-ip": "^0.1.2",
            "raw-loader": "^1.0.0",
            "terser": "^3.14.1",
            "ts-loader": "^5.4.5",
            "tsconfig-paths-webpack-plugin": "^3.2.0",
            "typescript": "^4.3.5",
            "webpack": "^4.28.1",
            "webpack-cli": "^3.1.2",
            "webpack-inject-plugin": "^1.0.2"
         }
      },
      "@types/debug": {
         "version": "4.1.5",
         "resolved": "https://registry.npmjs.org/@types/debug/-/debug-4.1.5.tgz",
         "integrity": "sha512-Q1y515GcOdTHgagaVFhHnIFQ38ygs/kmxdNpvpou+raI9UO3YZcHDngBSYKQklcKlvA7iuQlmIKbzvmxcOE9CQ==",
         "dev": true
      },
      "@types/lodash": {
         "version": "4.14.168",
         "resolved": "https://registry.npmjs.org/@types/lodash/-/lodash-4.14.168.tgz",
         "integrity": "sha512-oVfRvqHV/V6D1yifJbVRU3TMp8OT6o6BG+U9MkwuJ3U8/CsDHvalRpsxBqivn71ztOFZBTfJMvETbqHiaNSj7Q==",
         "dev": true
      },
      "@types/node": {
         "version": "14.17.9",
         "resolved": "https://registry.npmjs.org/@types/node/-/node-14.17.9.tgz",
         "integrity": "sha512-CMjgRNsks27IDwI785YMY0KLt3co/c0cQ5foxHYv/shC2w8oOnVwz5Ubq1QG5KzrcW+AXk6gzdnxIkDnTvzu3g==",
         "dev": true
      },
      "@types/url-parse": {
         "version": "1.4.3",
         "resolved": "https://registry.npmjs.org/@types/url-parse/-/url-parse-1.4.3.tgz",
         "integrity": "sha512-4kHAkbV/OfW2kb5BLVUuUMoumB3CP8rHqlw48aHvFy5tf9ER0AfOonBlX29l/DD68G70DmyhRlSYfQPSYpC5Vw==",
         "dev": true
      },
      "axios": {
         "version": "0.21.1",
         "resolved": "https://registry.npmjs.org/axios/-/axios-0.21.1.tgz",
         "integrity": "sha512-dKQiRHxGD9PPRIUNIWvZhPTPpl1rf/OxTYKsqKUDjBwYylTvV7SjSHJb9ratfyzM6wCdLCOYLzs73qpg5c4iGA==",
         "requires": {
            "follow-redirects": "^1.10.0"
         }
      },
      "decode-uri-component": {
         "version": "0.2.0",
         "resolved": "https://registry.npmjs.org/decode-uri-component/-/decode-uri-component-0.2.0.tgz",
         "integrity": "sha1-6zkTMzRYd1y4TNGh+uBiEGu4dUU="
      },
      "filter-obj": {
         "version": "1.1.0",
         "resolved": "https://registry.npmjs.org/filter-obj/-/filter-obj-1.1.0.tgz",
         "integrity": "sha1-mzERErxsYSehbgFsbF1/GeCAXFs="
      },
      "follow-redirects": {
         "version": "1.13.3",
         "resolved": "https://registry.npmjs.org/follow-redirects/-/follow-redirects-1.13.3.tgz",
         "integrity": "sha512-DUgl6+HDzB0iEptNQEXLx/KhTmDb8tZUHSeLqpnjpknR70H0nC2t9N73BK6fN4hOvJ84pKlIQVQ4k5FFlBedKA=="
      },
      "hap-nodejs": {
         "version": "file:../HAP-NodeJS"
      },
      "lodash": {
         "version": "4.17.21",
         "resolved": "https://registry.npmjs.org/lodash/-/lodash-4.17.21.tgz",
         "integrity": "sha512-v2kDEe57lecTulaDIuNTPy3Ry4gLGJ6Z1O3vE1krgXZNrsQ+LFTGHVxVjcXPs17LhbZVGedAJv8XZ1tvj5FvSg=="
      },
      "lodash.debounce": {
         "version": "4.0.8",
         "resolved": "https://registry.npmjs.org/lodash.debounce/-/lodash.debounce-4.0.8.tgz",
         "integrity": "sha1-gteb/zCmfEAF/9XiUVMArZyk168="
      },
      "query-string": {
         "version": "7.0.0",
         "resolved": "https://registry.npmjs.org/query-string/-/query-string-7.0.0.tgz",
         "integrity": "sha512-Iy7moLybliR5ZgrK/1R3vjrXq03S13Vz4Rbm5Jg3EFq1LUmQppto0qtXz4vqZ386MSRjZgnTSZ9QC+NZOSd/XA==",
         "requires": {
            "decode-uri-component": "^0.2.0",
            "filter-obj": "^1.1.0",
            "split-on-first": "^1.0.0",
            "strict-uri-encode": "^2.0.0"
         }
      },
      "querystringify": {
         "version": "2.2.0",
         "resolved": "https://registry.npmjs.org/querystringify/-/querystringify-2.2.0.tgz",
         "integrity": "sha512-FIqgj2EUvTa7R50u0rGsyTftzjYmv/a3hO345bZNrqabNqjtgiDMgmo4mkUjd+nzU5oF3dClKqFIPUKybUyqoQ=="
      },
      "requires-port": {
         "version": "1.0.0",
         "resolved": "https://registry.npmjs.org/requires-port/-/requires-port-1.0.0.tgz",
         "integrity": "sha1-kl0mAdOaxIXgkc8NpcbmlNw9yv8="
      },
      "split-on-first": {
         "version": "1.1.0",
         "resolved": "https://registry.npmjs.org/split-on-first/-/split-on-first-1.1.0.tgz",
         "integrity": "sha512-43ZssAJaMusuKWL8sKUBQXHWOpq8d6CfN/u1p4gUzfJkM05C8rxTmYrkIPTXapZpORA6LkkzcUulJ8FqA7Uudw=="
      },
      "strict-uri-encode": {
         "version": "2.0.0",
         "resolved": "https://registry.npmjs.org/strict-uri-encode/-/strict-uri-encode-2.0.0.tgz",
         "integrity": "sha1-ucczDHBChi9rFC3CdLvMWGbONUY="
      },
      "url-parse": {
         "version": "1.5.1",
         "resolved": "https://registry.npmjs.org/url-parse/-/url-parse-1.5.1.tgz",
         "integrity": "sha512-HOfCOUJt7iSYzEx/UqgtwKRMC6EU91NFhsCHMv9oM03VJcVo2Qrp8T8kI9D7amFf1cu+/3CEhgb3rF9zL7k85Q==",
         "requires": {
            "querystringify": "^2.1.1",
            "requires-port": "^1.0.0"
         }
      }
   }
}
