{
    "name": "@scrypted/ecobee",
    "version": "0.0.16",
    "lockfileVersion": 2,
    "requires": true,
    "packages": {
        "": {
            "name": "@scrypted/ecobee",
            "version": "0.0.16",
            "license": "Apache",
            "dependencies": {
                "axios": "^0.24.0",
                "terser": "^3.14.1"
            },
            "devDependencies": {
                "@scrypted/sdk": "file:../../sdk",
                "@types/node": "^16.7.1"
            }
        },
        "../../sdk": {
            "name": "@scrypted/sdk",
            "version": "0.0.192",
            "dev": true,
            "license": "ISC",
            "dependencies": {
                "@babel/preset-typescript": "^7.16.7",
                "adm-zip": "^0.4.13",
                "axios": "^0.21.4",
                "babel-loader": "^8.2.3",
                "babel-plugin-const-enum": "^1.1.0",
                "esbuild": "^0.13.8",
                "ncp": "^2.0.0",
                "raw-loader": "^4.0.2",
                "rimraf": "^3.0.2",
                "tmp": "^0.2.1",
                "webpack": "^5.59.0"
            },
            "bin": {
                "scrypted-debug": "bin/scrypted-debug.js",
                "scrypted-deploy": "bin/scrypted-deploy.js",
                "scrypted-deploy-debug": "bin/scrypted-deploy-debug.js",
                "scrypted-package-json": "bin/scrypted-package-json.js",
                "scrypted-readme": "bin/scrypted-readme.js",
                "scrypted-webpack": "bin/scrypted-webpack.js"
            },
            "devDependencies": {
                "@types/node": "^16.11.1",
                "@types/stringify-object": "^4.0.0",
                "stringify-object": "^3.3.0",
                "ts-node": "^10.4.0",
                "typedoc": "^0.22.8",
                "typescript-json-schema": "^0.50.1",
                "webpack-bundle-analyzer": "^4.5.0"
            }
        },
        "node_modules/@scrypted/sdk": {
            "resolved": "../../sdk",
            "link": true
        },
        "node_modules/@types/node": {
            "version": "16.11.6",
            "resolved": "https://registry.npmjs.org/@types/node/-/node-16.11.6.tgz",
            "integrity": "sha512-ua7PgUoeQFjmWPcoo9khiPum3Pd60k4/2ZGXt18sm2Slk0W0xZTqt5Y0Ny1NyBiN1EVQ/+FaF9NcY4Qe6rwk5w==",
            "dev": true
        },
        "node_modules/axios": {
            "version": "0.24.0",
            "resolved": "https://registry.npmjs.org/axios/-/axios-0.24.0.tgz",
            "integrity": "sha512-Q6cWsys88HoPgAaFAVUb0WpPk0O8iTeisR9IMqy9G8AbO4NlpVknrnQS03zzF9PGAWgO3cgletO3VjV/P7VztA==",
            "dependencies": {
                "follow-redirects": "^1.14.4"
            }
        },
        "node_modules/buffer-from": {
            "version": "1.1.2",
            "resolved": "https://registry.npmjs.org/buffer-from/-/buffer-from-1.1.2.tgz",
            "integrity": "sha512-E+XQCRwSbaaiChtv6k6Dwgc+bx+Bs6vuKJHHl5kox/BaKbhiXzqQOwK4cO22yElGp2OCmjwVhT3HmxgyPGnJfQ=="
        },
        "node_modules/commander": {
            "version": "2.20.3",
            "resolved": "https://registry.npmjs.org/commander/-/commander-2.20.3.tgz",
            "integrity": "sha512-GpVkmM8vF2vQUkj2LvZmD35JxeJOLCwJ9cUkugyk2nuhbv3+mJvpLYYt+0+USMxE+oj+ey/lJEnhZw75x/OMcQ=="
        },
        "node_modules/follow-redirects": {
            "version": "1.14.5",
            "resolved": "https://registry.npmjs.org/follow-redirects/-/follow-redirects-1.14.5.tgz",
            "integrity": "sha512-wtphSXy7d4/OR+MvIFbCVBDzZ5520qV8XfPklSN5QtxuMUJZ+b0Wnst1e1lCDocfzuCkHqj8k0FpZqO+UIaKNA==",
            "funding": [
                {
                    "type": "individual",
                    "url": "https://github.com/sponsors/RubenVerborgh"
                }
            ],
            "engines": {
                "node": ">=4.0"
            },
            "peerDependenciesMeta": {
                "debug": {
                    "optional": true
                }
            }
        },
        "node_modules/source-map": {
            "version": "0.6.1",
            "resolved": "https://registry.npmjs.org/source-map/-/source-map-0.6.1.tgz",
            "integrity": "sha512-UjgapumWlbMhkBgzT7Ykc5YXUT46F0iKu8SGXq0bcwP5dz/h0Plj6enJqjz1Zbq2l5WaqYnrVbwWOWMyF3F47g==",
            "engines": {
                "node": ">=0.10.0"
            }
        },
        "node_modules/source-map-support": {
            "version": "0.5.20",
            "resolved": "https://registry.npmjs.org/source-map-support/-/source-map-support-0.5.20.tgz",
            "integrity": "sha512-n1lZZ8Ve4ksRqizaBQgxXDgKwttHDhyfQjA6YZZn8+AroHbsIz+JjwxQDxbp+7y5OYCI8t1Yk7etjD9CRd2hIw==",
            "dependencies": {
                "buffer-from": "^1.0.0",
                "source-map": "^0.6.0"
            }
        },
        "node_modules/terser": {
            "version": "3.17.0",
            "resolved": "https://registry.npmjs.org/terser/-/terser-3.17.0.tgz",
            "integrity": "sha512-/FQzzPJmCpjAH9Xvk2paiWrFq+5M6aVOf+2KRbwhByISDX/EujxsK+BAvrhb6H+2rtrLCHK9N01wO014vrIwVQ==",
            "dependencies": {
                "commander": "^2.19.0",
                "source-map": "~0.6.1",
                "source-map-support": "~0.5.10"
            },
            "bin": {
                "terser": "bin/uglifyjs"
            },
            "engines": {
                "node": ">=6.0.0"
            }
        }
    },
    "dependencies": {
        "@scrypted/sdk": {
            "version": "file:../../sdk",
            "requires": {
                "@babel/preset-typescript": "^7.16.7",
                "@types/node": "^16.11.1",
                "@types/stringify-object": "^4.0.0",
                "adm-zip": "^0.4.13",
                "axios": "^0.21.4",
                "babel-loader": "^8.2.3",
                "babel-plugin-const-enum": "^1.1.0",
                "esbuild": "^0.13.8",
                "ncp": "^2.0.0",
                "raw-loader": "^4.0.2",
                "rimraf": "^3.0.2",
                "stringify-object": "^3.3.0",
                "tmp": "^0.2.1",
                "ts-node": "^10.4.0",
                "typedoc": "^0.22.8",
                "typescript-json-schema": "^0.50.1",
                "webpack": "^5.59.0",
                "webpack-bundle-analyzer": "^4.5.0"
            }
        },
        "@types/node": {
            "version": "16.11.6",
            "resolved": "https://registry.npmjs.org/@types/node/-/node-16.11.6.tgz",
            "integrity": "sha512-ua7PgUoeQFjmWPcoo9khiPum3Pd60k4/2ZGXt18sm2Slk0W0xZTqt5Y0Ny1NyBiN1EVQ/+FaF9NcY4Qe6rwk5w==",
            "dev": true
        },
        "axios": {
            "version": "0.24.0",
            "resolved": "https://registry.npmjs.org/axios/-/axios-0.24.0.tgz",
            "integrity": "sha512-Q6cWsys88HoPgAaFAVUb0WpPk0O8iTeisR9IMqy9G8AbO4NlpVknrnQS03zzF9PGAWgO3cgletO3VjV/P7VztA==",
            "requires": {
                "follow-redirects": "^1.14.4"
            }
        },
        "buffer-from": {
            "version": "1.1.2",
            "resolved": "https://registry.npmjs.org/buffer-from/-/buffer-from-1.1.2.tgz",
            "integrity": "sha512-E+XQCRwSbaaiChtv6k6Dwgc+bx+Bs6vuKJHHl5kox/BaKbhiXzqQOwK4cO22yElGp2OCmjwVhT3HmxgyPGnJfQ=="
        },
        "commander": {
            "version": "2.20.3",
            "resolved": "https://registry.npmjs.org/commander/-/commander-2.20.3.tgz",
            "integrity": "sha512-GpVkmM8vF2vQUkj2LvZmD35JxeJOLCwJ9cUkugyk2nuhbv3+mJvpLYYt+0+USMxE+oj+ey/lJEnhZw75x/OMcQ=="
        },
        "follow-redirects": {
            "version": "1.14.5",
            "resolved": "https://registry.npmjs.org/follow-redirects/-/follow-redirects-1.14.5.tgz",
            "integrity": "sha512-wtphSXy7d4/OR+MvIFbCVBDzZ5520qV8XfPklSN5QtxuMUJZ+b0Wnst1e1lCDocfzuCkHqj8k0FpZqO+UIaKNA=="
        },
        "source-map": {
            "version": "0.6.1",
            "resolved": "https://registry.npmjs.org/source-map/-/source-map-0.6.1.tgz",
            "integrity": "sha512-UjgapumWlbMhkBgzT7Ykc5YXUT46F0iKu8SGXq0bcwP5dz/h0Plj6enJqjz1Zbq2l5WaqYnrVbwWOWMyF3F47g=="
        },
        "source-map-support": {
            "version": "0.5.20",
            "resolved": "https://registry.npmjs.org/source-map-support/-/source-map-support-0.5.20.tgz",
            "integrity": "sha512-n1lZZ8Ve4ksRqizaBQgxXDgKwttHDhyfQjA6YZZn8+AroHbsIz+JjwxQDxbp+7y5OYCI8t1Yk7etjD9CRd2hIw==",
            "requires": {
                "buffer-from": "^1.0.0",
                "source-map": "^0.6.0"
            }
        },
        "terser": {
            "version": "3.17.0",
            "resolved": "https://registry.npmjs.org/terser/-/terser-3.17.0.tgz",
            "integrity": "sha512-/FQzzPJmCpjAH9Xvk2paiWrFq+5M6aVOf+2KRbwhByISDX/EujxsK+BAvrhb6H+2rtrLCHK9N01wO014vrIwVQ==",
            "requires": {
                "commander": "^2.19.0",
                "source-map": "~0.6.1",
                "source-map-support": "~0.5.10"
            }
        }
    }
}
