{
   "name": "@scrypted/synology-ss",
   "version": "0.0.17",
   "lockfileVersion": 2,
   "requires": true,
   "packages": {
      "": {
         "name": "@scrypted/synology-ss",
         "version": "0.0.17",
         "license": "Apache",
         "dependencies": {
            "axios": "^1.0.0"
         },
         "devDependencies": {
            "@scrypted/sdk": "file:../../sdk",
            "@types/node": "^18.0.0"
         }
      },
      "../../sdk": {
         "name": "@scrypted/sdk",
         "version": "0.3.5",
         "dev": true,
         "license": "ISC",
         "dependencies": {
            "@babel/preset-typescript": "^7.18.6",
            "adm-zip": "^0.4.13",
            "axios": "^1.6.5",
            "babel-loader": "^9.1.0",
            "babel-plugin-const-enum": "^1.1.0",
            "esbuild": "^0.15.9",
            "ncp": "^2.0.0",
            "raw-loader": "^4.0.2",
            "rimraf": "^3.0.2",
            "tmp": "^0.2.1",
            "ts-loader": "^9.4.2",
            "typescript": "^4.9.4",
            "webpack": "^5.75.0",
            "webpack-bundle-analyzer": "^4.5.0"
         },
         "bin": {
            "scrypted-changelog": "bin/scrypted-changelog.js",
            "scrypted-debug": "bin/scrypted-debug.js",
            "scrypted-deploy": "bin/scrypted-deploy.js",
            "scrypted-deploy-debug": "bin/scrypted-deploy-debug.js",
            "scrypted-package-json": "bin/scrypted-package-json.js",
            "scrypted-setup-project": "bin/scrypted-setup-project.js",
            "scrypted-webpack": "bin/scrypted-webpack.js"
         },
         "devDependencies": {
            "@types/node": "^18.11.18",
            "@types/stringify-object": "^4.0.0",
            "stringify-object": "^3.3.0",
            "ts-node": "^10.4.0",
            "typedoc": "^0.23.21"
         }
      },
      "node_modules/@scrypted/sdk": {
         "resolved": "../../sdk",
         "link": true
      },
      "node_modules/@types/node": {
         "version": "18.19.10",
         "resolved": "https://registry.npmjs.org/@types/node/-/node-18.19.10.tgz",
         "integrity": "sha512-IZD8kAM02AW1HRDTPOlz3npFava678pr8Ie9Vp8uRhBROXAv8MXT2pCnGZZAKYdromsNQLHQcfWQ6EOatVLtqA==",
         "dev": true,
         "dependencies": {
            "undici-types": "~5.26.4"
         }
      },
      "node_modules/asynckit": {
         "version": "0.4.0",
         "resolved": "https://registry.npmjs.org/asynckit/-/asynckit-0.4.0.tgz",
         "integrity": "sha512-Oei9OH4tRh0YqU3GxhX79dM/mwVgvbZJaSNaRk+bshkj0S5cfHcgYakreBjrHwatXKbz+IoIdYLxrKim2MjW0Q=="
      },
      "node_modules/axios": {
         "version": "1.6.7",
         "resolved": "https://registry.npmjs.org/axios/-/axios-1.6.7.tgz",
         "integrity": "sha512-/hDJGff6/c7u0hDkvkGxR/oy6CbCs8ziCsC7SqmhjfozqiJGc8Z11wrv9z9lYfY4K8l+H9TpjcMDX0xOZmx+RA==",
         "dependencies": {
            "follow-redirects": "^1.15.4",
            "form-data": "^4.0.0",
            "proxy-from-env": "^1.1.0"
         }
      },
      "node_modules/combined-stream": {
         "version": "1.0.8",
         "resolved": "https://registry.npmjs.org/combined-stream/-/combined-stream-1.0.8.tgz",
         "integrity": "sha512-FQN4MRfuJeHf7cBbBMJFXhKSDq+2kAArBlmRBvcvFE5BB1HZKXtSFASDhdlz9zOYwxh8lDdnvmMOe/+5cdoEdg==",
         "dependencies": {
            "delayed-stream": "~1.0.0"
         },
         "engines": {
            "node": ">= 0.8"
         }
      },
      "node_modules/delayed-stream": {
         "version": "1.0.0",
         "resolved": "https://registry.npmjs.org/delayed-stream/-/delayed-stream-1.0.0.tgz",
         "integrity": "sha512-ZySD7Nf91aLB0RxL4KGrKHBXl7Eds1DAmEdcoVawXnLD7SDhpNgtuII2aAkg7a7QS41jxPSZ17p4VdGnMHk3MQ==",
         "engines": {
            "node": ">=0.4.0"
         }
      },
      "node_modules/follow-redirects": {
         "version": "1.15.5",
         "resolved": "https://registry.npmjs.org/follow-redirects/-/follow-redirects-1.15.5.tgz",
         "integrity": "sha512-vSFWUON1B+yAw1VN4xMfxgn5fTUiaOzAJCKBwIIgT/+7CuGy9+r+5gITvP62j3RmaD5Ph65UaERdOSRGUzZtgw==",
         "funding": [
            {
               "type": "individual",
               "url": "https://github.com/sponsors/RubenVerborgh"
            }
         ],
         "engines": {
            "node": ">=4.0"
         },
         "peerDependenciesMeta": {
            "debug": {
               "optional": true
            }
         }
      },
      "node_modules/form-data": {
         "version": "4.0.0",
         "resolved": "https://registry.npmjs.org/form-data/-/form-data-4.0.0.tgz",
         "integrity": "sha512-ETEklSGi5t0QMZuiXoA/Q6vcnxcLQP5vdugSpuAyi6SVGi2clPPp+xgEhuMaHC+zGgn31Kd235W35f7Hykkaww==",
         "dependencies": {
            "asynckit": "^0.4.0",
            "combined-stream": "^1.0.8",
            "mime-types": "^2.1.12"
         },
         "engines": {
            "node": ">= 6"
         }
      },
      "node_modules/mime-db": {
         "version": "1.52.0",
         "resolved": "https://registry.npmjs.org/mime-db/-/mime-db-1.52.0.tgz",
         "integrity": "sha512-sPU4uV7dYlvtWJxwwxHD0PuihVNiE7TyAbQ5SWxDCB9mUYvOgroQOwYQQOKPJ8CIbE+1ETVlOoK1UC2nU3gYvg==",
         "engines": {
            "node": ">= 0.6"
         }
      },
      "node_modules/mime-types": {
         "version": "2.1.35",
         "resolved": "https://registry.npmjs.org/mime-types/-/mime-types-2.1.35.tgz",
         "integrity": "sha512-ZDY+bPm5zTTF+YpCrAU9nK0UgICYPT0QtT1NZWFv4s++TNkcgVaT0g6+4R2uI4MjQjzysHB1zxuWL50hzaeXiw==",
         "dependencies": {
            "mime-db": "1.52.0"
         },
         "engines": {
            "node": ">= 0.6"
         }
      },
      "node_modules/proxy-from-env": {
         "version": "1.1.0",
         "resolved": "https://registry.npmjs.org/proxy-from-env/-/proxy-from-env-1.1.0.tgz",
         "integrity": "sha512-D+zkORCbA9f1tdWRK0RaCR3GPv50cMxcrz4X8k5LTSUD1Dkw47mKJEZQNunItRTkWwgtaUSo1RVFRIG9ZXiFYg=="
      },
      "node_modules/undici-types": {
         "version": "5.26.5",
         "resolved": "https://registry.npmjs.org/undici-types/-/undici-types-5.26.5.tgz",
         "integrity": "sha512-JlCMO+ehdEIKqlFxk6IfVoAUVmgz7cU7zD/h9XZ0qzeosSHmUJVOzSQvvYSYWXkFXC+IfLKSIffhv0sVZup6pA==",
         "dev": true
      }
   },
   "dependencies": {
      "@scrypted/sdk": {
         "version": "file:../../sdk",
         "requires": {
            "@babel/preset-typescript": "^7.18.6",
            "@types/node": "^18.11.18",
            "@types/stringify-object": "^4.0.0",
            "adm-zip": "^0.4.13",
            "axios": "^1.6.5",
            "babel-loader": "^9.1.0",
            "babel-plugin-const-enum": "^1.1.0",
            "esbuild": "^0.15.9",
            "ncp": "^2.0.0",
            "raw-loader": "^4.0.2",
            "rimraf": "^3.0.2",
            "stringify-object": "^3.3.0",
            "tmp": "^0.2.1",
            "ts-loader": "^9.4.2",
            "ts-node": "^10.4.0",
            "typedoc": "^0.23.21",
            "typescript": "^4.9.4",
            "webpack": "^5.75.0",
            "webpack-bundle-analyzer": "^4.5.0"
         }
      },
      "@types/node": {
         "version": "18.19.10",
         "resolved": "https://registry.npmjs.org/@types/node/-/node-18.19.10.tgz",
         "integrity": "sha512-IZD8kAM02AW1HRDTPOlz3npFava678pr8Ie9Vp8uRhBROXAv8MXT2pCnGZZAKYdromsNQLHQcfWQ6EOatVLtqA==",
         "dev": true,
         "requires": {
            "undici-types": "~5.26.4"
         }
      },
      "asynckit": {
         "version": "0.4.0",
         "resolved": "https://registry.npmjs.org/asynckit/-/asynckit-0.4.0.tgz",
         "integrity": "sha512-Oei9OH4tRh0YqU3GxhX79dM/mwVgvbZJaSNaRk+bshkj0S5cfHcgYakreBjrHwatXKbz+IoIdYLxrKim2MjW0Q=="
      },
      "axios": {
         "version": "1.6.7",
         "resolved": "https://registry.npmjs.org/axios/-/axios-1.6.7.tgz",
         "integrity": "sha512-/hDJGff6/c7u0hDkvkGxR/oy6CbCs8ziCsC7SqmhjfozqiJGc8Z11wrv9z9lYfY4K8l+H9TpjcMDX0xOZmx+RA==",
         "requires": {
            "follow-redirects": "^1.15.4",
            "form-data": "^4.0.0",
            "proxy-from-env": "^1.1.0"
         }
      },
      "combined-stream": {
         "version": "1.0.8",
         "resolved": "https://registry.npmjs.org/combined-stream/-/combined-stream-1.0.8.tgz",
         "integrity": "sha512-FQN4MRfuJeHf7cBbBMJFXhKSDq+2kAArBlmRBvcvFE5BB1HZKXtSFASDhdlz9zOYwxh8lDdnvmMOe/+5cdoEdg==",
         "requires": {
            "delayed-stream": "~1.0.0"
         }
      },
      "delayed-stream": {
         "version": "1.0.0",
         "resolved": "https://registry.npmjs.org/delayed-stream/-/delayed-stream-1.0.0.tgz",
         "integrity": "sha512-ZySD7Nf91aLB0RxL4KGrKHBXl7Eds1DAmEdcoVawXnLD7SDhpNgtuII2aAkg7a7QS41jxPSZ17p4VdGnMHk3MQ=="
      },
      "follow-redirects": {
         "version": "1.15.5",
         "resolved": "https://registry.npmjs.org/follow-redirects/-/follow-redirects-1.15.5.tgz",
         "integrity": "sha512-vSFWUON1B+yAw1VN4xMfxgn5fTUiaOzAJCKBwIIgT/+7CuGy9+r+5gITvP62j3RmaD5Ph65UaERdOSRGUzZtgw=="
      },
      "form-data": {
         "version": "4.0.0",
         "resolved": "https://registry.npmjs.org/form-data/-/form-data-4.0.0.tgz",
         "integrity": "sha512-ETEklSGi5t0QMZuiXoA/Q6vcnxcLQP5vdugSpuAyi6SVGi2clPPp+xgEhuMaHC+zGgn31Kd235W35f7Hykkaww==",
         "requires": {
            "asynckit": "^0.4.0",
            "combined-stream": "^1.0.8",
            "mime-types": "^2.1.12"
         }
      },
      "mime-db": {
         "version": "1.52.0",
         "resolved": "https://registry.npmjs.org/mime-db/-/mime-db-1.52.0.tgz",
         "integrity": "sha512-sPU4uV7dYlvtWJxwwxHD0PuihVNiE7TyAbQ5SWxDCB9mUYvOgroQOwYQQOKPJ8CIbE+1ETVlOoK1UC2nU3gYvg=="
      },
      "mime-types": {
         "version": "2.1.35",
         "resolved": "https://registry.npmjs.org/mime-types/-/mime-types-2.1.35.tgz",
         "integrity": "sha512-ZDY+bPm5zTTF+YpCrAU9nK0UgICYPT0QtT1NZWFv4s++TNkcgVaT0g6+4R2uI4MjQjzysHB1zxuWL50hzaeXiw==",
         "requires": {
            "mime-db": "1.52.0"
         }
      },
      "proxy-from-env": {
         "version": "1.1.0",
         "resolved": "https://registry.npmjs.org/proxy-from-env/-/proxy-from-env-1.1.0.tgz",
         "integrity": "sha512-D+zkORCbA9f1tdWRK0RaCR3GPv50cMxcrz4X8k5LTSUD1Dkw47mKJEZQNunItRTkWwgtaUSo1RVFRIG9ZXiFYg=="
      },
      "undici-types": {
         "version": "5.26.5",
         "resolved": "https://registry.npmjs.org/undici-types/-/undici-types-5.26.5.tgz",
         "integrity": "sha512-JlCMO+ehdEIKqlFxk6IfVoAUVmgz7cU7zD/h9XZ0qzeosSHmUJVOzSQvvYSYWXkFXC+IfLKSIffhv0sVZup6pA==",
         "dev": true
      }
   }
}
