{
   "name": "@scrypted/elgato",
   "version": "0.1.0",
   "lockfileVersion": 2,
   "requires": true,
   "packages": {
      "": {
         "name": "@scrypted/elgato",
         "version": "0.1.0",
         "license": "Apache",
         "dependencies": {
            "axios": "^0.27.2",
            "bonjour-service": "^1.0.12"
         },
         "devDependencies": {
            "@scrypted/sdk": "file:../../sdk",
            "@types/axios": "^0.14.0",
            "@types/node": "^16.7.1"
         }
      },
      "../../sdk": {
         "name": "@scrypted/sdk",
         "version": "0.0.195",
         "dev": true,
         "license": "ISC",
         "dependencies": {
            "@babel/preset-typescript": "^7.16.7",
            "adm-zip": "^0.4.13",
            "axios": "^0.21.4",
            "babel-loader": "^8.2.3",
            "babel-plugin-const-enum": "^1.1.0",
            "esbuild": "^0.13.8",
            "ncp": "^2.0.0",
            "raw-loader": "^4.0.2",
            "rimraf": "^3.0.2",
            "tmp": "^0.2.1",
            "webpack": "^5.59.0"
         },
         "bin": {
            "scrypted-debug": "bin/scrypted-debug.js",
            "scrypted-deploy": "bin/scrypted-deploy.js",
            "scrypted-deploy-debug": "bin/scrypted-deploy-debug.js",
            "scrypted-package-json": "bin/scrypted-package-json.js",
            "scrypted-readme": "bin/scrypted-readme.js",
            "scrypted-webpack": "bin/scrypted-webpack.js"
         },
         "devDependencies": {
            "@types/node": "^16.11.1",
            "@types/stringify-object": "^4.0.0",
            "stringify-object": "^3.3.0",
            "ts-node": "^10.4.0",
            "typedoc": "^0.22.8",
            "typescript-json-schema": "^0.50.1",
            "webpack-bundle-analyzer": "^4.5.0"
         }
      },
      "node_modules/@leichtgewicht/ip-codec": {
         "version": "2.0.3",
         "resolved": "https://registry.npmjs.org/@leichtgewicht/ip-codec/-/ip-codec-2.0.3.tgz",
         "integrity": "sha512-nkalE/f1RvRGChwBnEIoBfSEYOXnCRdleKuv6+lePbMDrMZXeDQnqak5XDOeBgrPPyPfAdcCu/B5z+v3VhplGg=="
      },
      "node_modules/@scrypted/sdk": {
         "resolved": "../../sdk",
         "link": true
      },
      "node_modules/@types/axios": {
         "version": "0.14.0",
         "resolved": "https://registry.npmjs.org/@types/axios/-/axios-0.14.0.tgz",
         "integrity": "sha1-7CMA++fX3d1+udOr+HmZlkyvzkY=",
         "deprecated": "This is a stub types definition for axios (https://github.com/mzabriskie/axios). axios provides its own type definitions, so you don't need @types/axios installed!",
         "dev": true,
         "dependencies": {
            "axios": "*"
         }
      },
      "node_modules/@types/node": {
         "version": "16.11.33",
         "resolved": "https://registry.npmjs.org/@types/node/-/node-16.11.33.tgz",
         "integrity": "sha512-0PJ0vg+JyU0MIan58IOIFRtSvsb7Ri+7Wltx2qAg94eMOrpg4+uuP3aUHCpxXc1i0jCXiC+zIamSZh3l9AbcQA==",
         "dev": true
      },
      "node_modules/array-flatten": {
         "version": "2.1.2",
         "resolved": "https://registry.npmjs.org/array-flatten/-/array-flatten-2.1.2.tgz",
         "integrity": "sha512-hNfzcOV8W4NdualtqBFPyVO+54DSJuZGY9qT4pRroB6S9e3iiido2ISIC5h9R2sPJ8H3FHCIiEnsv1lPXO3KtQ=="
      },
      "node_modules/asynckit": {
         "version": "0.4.0",
         "resolved": "https://registry.npmjs.org/asynckit/-/asynckit-0.4.0.tgz",
         "integrity": "sha1-x57Zf380y48robyXkLzDZkdLS3k="
      },
      "node_modules/axios": {
         "version": "0.27.2",
         "resolved": "https://registry.npmjs.org/axios/-/axios-0.27.2.tgz",
         "integrity": "sha512-t+yRIyySRTp/wua5xEr+z1q60QmLq8ABsS5O9Me1AsE5dfKqgnCFzwiCZZ/cGNd1lq4/7akDWMxdhVlucjmnOQ==",
         "dependencies": {
            "follow-redirects": "^1.14.9",
            "form-data": "^4.0.0"
         }
      },
      "node_modules/axios/node_modules/form-data": {
         "version": "4.0.0",
         "resolved": "https://registry.npmjs.org/form-data/-/form-data-4.0.0.tgz",
         "integrity": "sha512-ETEklSGi5t0QMZuiXoA/Q6vcnxcLQP5vdugSpuAyi6SVGi2clPPp+xgEhuMaHC+zGgn31Kd235W35f7Hykkaww==",
         "dependencies": {
            "asynckit": "^0.4.0",
            "combined-stream": "^1.0.8",
            "mime-types": "^2.1.12"
         },
         "engines": {
            "node": ">= 6"
         }
      },
      "node_modules/bonjour-service": {
         "version": "1.0.12",
         "resolved": "https://registry.npmjs.org/bonjour-service/-/bonjour-service-1.0.12.tgz",
         "integrity": "sha512-pMmguXYCu63Ug37DluMKEHdxc+aaIf/ay4YbF8Gxtba+9d3u+rmEWy61VK3Z3hp8Rskok3BunHYnG0dUHAsblw==",
         "dependencies": {
            "array-flatten": "^2.1.2",
            "dns-equal": "^1.0.0",
            "fast-deep-equal": "^3.1.3",
            "multicast-dns": "^7.2.4"
         }
      },
      "node_modules/combined-stream": {
         "version": "1.0.8",
         "resolved": "https://registry.npmjs.org/combined-stream/-/combined-stream-1.0.8.tgz",
         "integrity": "sha512-FQN4MRfuJeHf7cBbBMJFXhKSDq+2kAArBlmRBvcvFE5BB1HZKXtSFASDhdlz9zOYwxh8lDdnvmMOe/+5cdoEdg==",
         "dependencies": {
            "delayed-stream": "~1.0.0"
         },
         "engines": {
            "node": ">= 0.8"
         }
      },
      "node_modules/delayed-stream": {
         "version": "1.0.0",
         "resolved": "https://registry.npmjs.org/delayed-stream/-/delayed-stream-1.0.0.tgz",
         "integrity": "sha1-3zrhmayt+31ECqrgsp4icrJOxhk=",
         "engines": {
            "node": ">=0.4.0"
         }
      },
      "node_modules/dns-equal": {
         "version": "1.0.0",
         "resolved": "https://registry.npmjs.org/dns-equal/-/dns-equal-1.0.0.tgz",
         "integrity": "sha1-s55/HabrCnW6nBcySzR1PEfgZU0="
      },
      "node_modules/dns-packet": {
         "version": "5.3.1",
         "resolved": "https://registry.npmjs.org/dns-packet/-/dns-packet-5.3.1.tgz",
         "integrity": "sha512-spBwIj0TK0Ey3666GwIdWVfUpLyubpU53BTCu8iPn4r4oXd9O14Hjg3EHw3ts2oed77/SeckunUYCyRlSngqHw==",
         "dependencies": {
            "@leichtgewicht/ip-codec": "^2.0.1"
         },
         "engines": {
            "node": ">=6"
         }
      },
      "node_modules/fast-deep-equal": {
         "version": "3.1.3",
         "resolved": "https://registry.npmjs.org/fast-deep-equal/-/fast-deep-equal-3.1.3.tgz",
         "integrity": "sha512-f3qQ9oQy9j2AhBe/H9VC91wLmKBCCU/gDOnKNAYG5hswO7BLKj09Hc5HYNz9cGI++xlpDCIgDaitVs03ATR84Q=="
      },
      "node_modules/follow-redirects": {
         "version": "1.15.0",
         "resolved": "https://registry.npmjs.org/follow-redirects/-/follow-redirects-1.15.0.tgz",
         "integrity": "sha512-aExlJShTV4qOUOL7yF1U5tvLCB0xQuudbf6toyYA0E/acBNw71mvjFTnLaRp50aQaYocMR0a/RMMBIHeZnGyjQ==",
         "funding": [
            {
               "type": "individual",
               "url": "https://github.com/sponsors/RubenVerborgh"
            }
         ],
         "engines": {
            "node": ">=4.0"
         },
         "peerDependenciesMeta": {
            "debug": {
               "optional": true
            }
         }
      },
      "node_modules/mime-db": {
         "version": "1.52.0",
         "resolved": "https://registry.npmjs.org/mime-db/-/mime-db-1.52.0.tgz",
         "integrity": "sha512-sPU4uV7dYlvtWJxwwxHD0PuihVNiE7TyAbQ5SWxDCB9mUYvOgroQOwYQQOKPJ8CIbE+1ETVlOoK1UC2nU3gYvg==",
         "engines": {
            "node": ">= 0.6"
         }
      },
      "node_modules/mime-types": {
         "version": "2.1.35",
         "resolved": "https://registry.npmjs.org/mime-types/-/mime-types-2.1.35.tgz",
         "integrity": "sha512-ZDY+bPm5zTTF+YpCrAU9nK0UgICYPT0QtT1NZWFv4s++TNkcgVaT0g6+4R2uI4MjQjzysHB1zxuWL50hzaeXiw==",
         "dependencies": {
            "mime-db": "1.52.0"
         },
         "engines": {
            "node": ">= 0.6"
         }
      },
      "node_modules/multicast-dns": {
         "version": "7.2.4",
         "resolved": "https://registry.npmjs.org/multicast-dns/-/multicast-dns-7.2.4.tgz",
         "integrity": "sha512-XkCYOU+rr2Ft3LI6w4ye51M3VK31qJXFIxu0XLw169PtKG0Zx47OrXeVW/GCYOfpC9s1yyyf1S+L8/4LY0J9Zw==",
         "dependencies": {
            "dns-packet": "^5.2.2",
            "thunky": "^1.0.2"
         },
         "bin": {
            "multicast-dns": "cli.js"
         }
      },
      "node_modules/thunky": {
         "version": "1.1.0",
         "resolved": "https://registry.npmjs.org/thunky/-/thunky-1.1.0.tgz",
         "integrity": "sha512-eHY7nBftgThBqOyHGVN+l8gF0BucP09fMo0oO/Lb0w1OF80dJv+lDVpXG60WMQvkcxAkNybKsrEIE3ZtKGmPrA=="
      }
   },
   "dependencies": {
      "@leichtgewicht/ip-codec": {
         "version": "2.0.3",
         "resolved": "https://registry.npmjs.org/@leichtgewicht/ip-codec/-/ip-codec-2.0.3.tgz",
         "integrity": "sha512-nkalE/f1RvRGChwBnEIoBfSEYOXnCRdleKuv6+lePbMDrMZXeDQnqak5XDOeBgrPPyPfAdcCu/B5z+v3VhplGg=="
      },
      "@scrypted/sdk": {
         "version": "file:../../sdk",
         "requires": {
            "@babel/preset-typescript": "^7.16.7",
            "@types/node": "^16.11.1",
            "@types/stringify-object": "^4.0.0",
            "adm-zip": "^0.4.13",
            "axios": "^0.21.4",
            "babel-loader": "^8.2.3",
            "babel-plugin-const-enum": "^1.1.0",
            "esbuild": "^0.13.8",
            "ncp": "^2.0.0",
            "raw-loader": "^4.0.2",
            "rimraf": "^3.0.2",
            "stringify-object": "^3.3.0",
            "tmp": "^0.2.1",
            "ts-node": "^10.4.0",
            "typedoc": "^0.22.8",
            "typescript-json-schema": "^0.50.1",
            "webpack": "^5.59.0",
            "webpack-bundle-analyzer": "^4.5.0"
         }
      },
      "@types/axios": {
         "version": "0.14.0",
         "resolved": "https://registry.npmjs.org/@types/axios/-/axios-0.14.0.tgz",
         "integrity": "sha1-7CMA++fX3d1+udOr+HmZlkyvzkY=",
         "dev": true,
         "requires": {
            "axios": "*"
         }
      },
      "@types/node": {
         "version": "16.11.33",
         "resolved": "https://registry.npmjs.org/@types/node/-/node-16.11.33.tgz",
         "integrity": "sha512-0PJ0vg+JyU0MIan58IOIFRtSvsb7Ri+7Wltx2qAg94eMOrpg4+uuP3aUHCpxXc1i0jCXiC+zIamSZh3l9AbcQA==",
         "dev": true
      },
      "array-flatten": {
         "version": "2.1.2",
         "resolved": "https://registry.npmjs.org/array-flatten/-/array-flatten-2.1.2.tgz",
         "integrity": "sha512-hNfzcOV8W4NdualtqBFPyVO+54DSJuZGY9qT4pRroB6S9e3iiido2ISIC5h9R2sPJ8H3FHCIiEnsv1lPXO3KtQ=="
      },
      "asynckit": {
         "version": "0.4.0",
         "resolved": "https://registry.npmjs.org/asynckit/-/asynckit-0.4.0.tgz",
         "integrity": "sha1-x57Zf380y48robyXkLzDZkdLS3k="
      },
      "axios": {
         "version": "0.27.2",
         "resolved": "https://registry.npmjs.org/axios/-/axios-0.27.2.tgz",
         "integrity": "sha512-t+yRIyySRTp/wua5xEr+z1q60QmLq8ABsS5O9Me1AsE5dfKqgnCFzwiCZZ/cGNd1lq4/7akDWMxdhVlucjmnOQ==",
         "requires": {
            "follow-redirects": "^1.14.9",
            "form-data": "^4.0.0"
         },
         "dependencies": {
            "form-data": {
               "version": "4.0.0",
               "resolved": "https://registry.npmjs.org/form-data/-/form-data-4.0.0.tgz",
               "integrity": "sha512-ETEklSGi5t0QMZuiXoA/Q6vcnxcLQP5vdugSpuAyi6SVGi2clPPp+xgEhuMaHC+zGgn31Kd235W35f7Hykkaww==",
               "requires": {
                  "asynckit": "^0.4.0",
                  "combined-stream": "^1.0.8",
                  "mime-types": "^2.1.12"
               }
            }
         }
      },
      "bonjour-service": {
         "version": "1.0.12",
         "resolved": "https://registry.npmjs.org/bonjour-service/-/bonjour-service-1.0.12.tgz",
         "integrity": "sha512-pMmguXYCu63Ug37DluMKEHdxc+aaIf/ay4YbF8Gxtba+9d3u+rmEWy61VK3Z3hp8Rskok3BunHYnG0dUHAsblw==",
         "requires": {
            "array-flatten": "^2.1.2",
            "dns-equal": "^1.0.0",
            "fast-deep-equal": "^3.1.3",
            "multicast-dns": "^7.2.4"
         }
      },
      "combined-stream": {
         "version": "1.0.8",
         "resolved": "https://registry.npmjs.org/combined-stream/-/combined-stream-1.0.8.tgz",
         "integrity": "sha512-FQN4MRfuJeHf7cBbBMJFXhKSDq+2kAArBlmRBvcvFE5BB1HZKXtSFASDhdlz9zOYwxh8lDdnvmMOe/+5cdoEdg==",
         "requires": {
            "delayed-stream": "~1.0.0"
         }
      },
      "delayed-stream": {
         "version": "1.0.0",
         "resolved": "https://registry.npmjs.org/delayed-stream/-/delayed-stream-1.0.0.tgz",
         "integrity": "sha1-3zrhmayt+31ECqrgsp4icrJOxhk="
      },
      "dns-equal": {
         "version": "1.0.0",
         "resolved": "https://registry.npmjs.org/dns-equal/-/dns-equal-1.0.0.tgz",
         "integrity": "sha1-s55/HabrCnW6nBcySzR1PEfgZU0="
      },
      "dns-packet": {
         "version": "5.3.1",
         "resolved": "https://registry.npmjs.org/dns-packet/-/dns-packet-5.3.1.tgz",
         "integrity": "sha512-spBwIj0TK0Ey3666GwIdWVfUpLyubpU53BTCu8iPn4r4oXd9O14Hjg3EHw3ts2oed77/SeckunUYCyRlSngqHw==",
         "requires": {
            "@leichtgewicht/ip-codec": "^2.0.1"
         }
      },
      "fast-deep-equal": {
         "version": "3.1.3",
         "resolved": "https://registry.npmjs.org/fast-deep-equal/-/fast-deep-equal-3.1.3.tgz",
         "integrity": "sha512-f3qQ9oQy9j2AhBe/H9VC91wLmKBCCU/gDOnKNAYG5hswO7BLKj09Hc5HYNz9cGI++xlpDCIgDaitVs03ATR84Q=="
      },
      "follow-redirects": {
         "version": "1.15.0",
         "resolved": "https://registry.npmjs.org/follow-redirects/-/follow-redirects-1.15.0.tgz",
         "integrity": "sha512-aExlJShTV4qOUOL7yF1U5tvLCB0xQuudbf6toyYA0E/acBNw71mvjFTnLaRp50aQaYocMR0a/RMMBIHeZnGyjQ=="
      },
      "mime-db": {
         "version": "1.52.0",
         "resolved": "https://registry.npmjs.org/mime-db/-/mime-db-1.52.0.tgz",
         "integrity": "sha512-sPU4uV7dYlvtWJxwwxHD0PuihVNiE7TyAbQ5SWxDCB9mUYvOgroQOwYQQOKPJ8CIbE+1ETVlOoK1UC2nU3gYvg=="
      },
      "mime-types": {
         "version": "2.1.35",
         "resolved": "https://registry.npmjs.org/mime-types/-/mime-types-2.1.35.tgz",
         "integrity": "sha512-ZDY+bPm5zTTF+YpCrAU9nK0UgICYPT0QtT1NZWFv4s++TNkcgVaT0g6+4R2uI4MjQjzysHB1zxuWL50hzaeXiw==",
         "requires": {
            "mime-db": "1.52.0"
         }
      },
      "multicast-dns": {
         "version": "7.2.4",
         "resolved": "https://registry.npmjs.org/multicast-dns/-/multicast-dns-7.2.4.tgz",
         "integrity": "sha512-XkCYOU+rr2Ft3LI6w4ye51M3VK31qJXFIxu0XLw169PtKG0Zx47OrXeVW/GCYOfpC9s1yyyf1S+L8/4LY0J9Zw==",
         "requires": {
            "dns-packet": "^5.2.2",
            "thunky": "^1.0.2"
         }
      },
      "thunky": {
         "version": "1.1.0",
         "resolved": "https://registry.npmjs.org/thunky/-/thunky-1.1.0.tgz",
         "integrity": "sha512-eHY7nBftgThBqOyHGVN+l8gF0BucP09fMo0oO/Lb0w1OF80dJv+lDVpXG60WMQvkcxAkNybKsrEIE3ZtKGmPrA=="
      }
   }
}
