{
   "name": "@scrypted/webrtc",
   "version": "0.1.67",
   "lockfileVersion": 2,
   "requires": true,
   "packages": {
      "": {
         "name": "@scrypted/webrtc",
         "version": "0.1.67",
         "dependencies": {
            "@scrypted/common": "file:../../common",
            "@scrypted/sdk": "file:../../sdk",
            "ip": "^1.1.5"
         },
         "devDependencies": {
            "@types/ip": "^1.1.0",
            "@types/node": "^18.11.18"
         }
      },
      "../../common": {
         "name": "@scrypted/common",
         "version": "1.0.1",
         "license": "ISC",
         "dependencies": {
            "@scrypted/sdk": "file:../sdk",
            "@scrypted/server": "file:../server",
            "http-auth-utils": "^3.0.2",
            "node-fetch-commonjs": "^3.1.1",
            "typescript": "^4.4.3"
         },
         "devDependencies": {
            "@types/node": "^16.9.0"
         }
      },
      "../../external/werift/packages/webrtc": {
         "name": "werift",
         "version": "0.17.6",
         "extraneous": true,
         "license": "MIT",
         "dependencies": {
            "@fidm/x509": "^1.2.1",
            "@minhducsun2002/leb128": "^1.0.0",
            "@peculiar/webcrypto": "^1.4.1",
            "@peculiar/x509": "^1.9.2",
            "@shinyoshiaki/ebml-builder": "^0.0.1",
            "aes-js": "^3.1.2",
            "binary-data": "^0.6.0",
            "buffer-crc32": "^0.2.13",
            "date-fns": "^2.29.3",
            "debug": "^4.3.4",
            "elliptic": "^6.5.4",
            "int64-buffer": "^1.0.1",
            "ip": "^1.1.8",
            "jspack": "^0.0.4",
            "lodash": "^4.17.21",
            "nano-time": "^1.0.0",
            "p-cancelable": "^2.1.1",
            "rx.mini": "^1.2.2",
            "turbo-crc32": "^1.0.1",
            "tweetnacl": "^1.0.3",
            "uuid": "^9.0.0"
         },
         "devDependencies": {
            "@types/aes-js": "^3.1.1",
            "@types/buffer-crc32": "^0.2.2",
            "@types/debug": "^4.1.7",
            "@types/elliptic": "^6.4.14",
            "@types/ip": "^1.1.0",
            "@types/jest": "^29.2.4",
            "@types/lodash": "^4.14.191",
            "@types/node": "^18.11.18",
            "@types/uuid": "^9.0.0"
         },
         "engines": {
            "node": ">=16"
         }
      },
      "../../external/werift/packages/webrtc/src": {
         "extraneous": true
      },
      "../../external/werift/packages/webrtc/src/index.ts": {
         "extraneous": true
      },
      "../../sdk": {
         "name": "@scrypted/sdk",
         "version": "0.2.68",
         "license": "ISC",
         "dependencies": {
            "@babel/preset-typescript": "^7.18.6",
            "adm-zip": "^0.4.13",
            "axios": "^0.21.4",
            "babel-loader": "^9.1.0",
            "babel-plugin-const-enum": "^1.1.0",
            "esbuild": "^0.15.9",
            "ncp": "^2.0.0",
            "raw-loader": "^4.0.2",
            "rimraf": "^3.0.2",
            "tmp": "^0.2.1",
            "ts-loader": "^9.4.2",
            "typescript": "^4.9.4",
            "webpack": "^5.75.0",
            "webpack-bundle-analyzer": "^4.5.0"
         },
         "bin": {
            "scrypted-changelog": "bin/scrypted-changelog.js",
            "scrypted-debug": "bin/scrypted-debug.js",
            "scrypted-deploy": "bin/scrypted-deploy.js",
            "scrypted-deploy-debug": "bin/scrypted-deploy-debug.js",
            "scrypted-package-json": "bin/scrypted-package-json.js",
            "scrypted-setup-project": "bin/scrypted-setup-project.js",
            "scrypted-webpack": "bin/scrypted-webpack.js"
         },
         "devDependencies": {
            "@types/node": "^18.11.18",
            "@types/stringify-object": "^4.0.0",
            "stringify-object": "^3.3.0",
            "ts-node": "^10.4.0",
            "typedoc": "^0.23.21"
         }
      },
      "node_modules/@scrypted/common": {
         "resolved": "../../common",
         "link": true
      },
      "node_modules/@scrypted/sdk": {
         "resolved": "../../sdk",
         "link": true
      },
      "node_modules/@types/ip": {
         "version": "1.1.0",
         "resolved": "https://registry.npmjs.org/@types/ip/-/ip-1.1.0.tgz",
         "integrity": "sha512-dwNe8gOoF70VdL6WJBwVHtQmAX4RMd62M+mAB9HQFjG1/qiCLM/meRy95Pd14FYBbEDwCq7jgJs89cHpLBu4HQ==",
         "dev": true,
         "dependencies": {
            "@types/node": "*"
         }
      },
      "node_modules/@types/node": {
         "version": "18.11.18",
         "resolved": "https://registry.npmjs.org/@types/node/-/node-18.11.18.tgz",
         "integrity": "sha512-DHQpWGjyQKSHj3ebjFI/wRKcqQcdR+MoFBygntYOZytCqNfkd2ZC4ARDJ2DQqhjH5p85Nnd3jhUJIXrszFX/JA==",
         "dev": true
      },
      "node_modules/ip": {
         "version": "1.1.5",
         "resolved": "https://registry.npmjs.org/ip/-/ip-1.1.5.tgz",
         "integrity": "sha1-vd7XARQpCCjAoDnnLvJfWq7ENUo="
      }
   },
   "dependencies": {
      "@scrypted/common": {
         "version": "file:../../common",
         "requires": {
            "@scrypted/sdk": "file:../sdk",
            "@scrypted/server": "file:../server",
            "@types/node": "^16.9.0",
            "http-auth-utils": "^3.0.2",
            "node-fetch-commonjs": "^3.1.1",
            "typescript": "^4.4.3"
         }
      },
      "@scrypted/sdk": {
         "version": "file:../../sdk",
         "requires": {
            "@babel/preset-typescript": "^7.18.6",
            "@types/node": "^18.11.18",
            "@types/stringify-object": "^4.0.0",
            "adm-zip": "^0.4.13",
            "axios": "^0.21.4",
            "babel-loader": "^9.1.0",
            "babel-plugin-const-enum": "^1.1.0",
            "esbuild": "^0.15.9",
            "ncp": "^2.0.0",
            "raw-loader": "^4.0.2",
            "rimraf": "^3.0.2",
            "stringify-object": "^3.3.0",
            "tmp": "^0.2.1",
            "ts-loader": "^9.4.2",
            "ts-node": "^10.4.0",
            "typedoc": "^0.23.21",
            "typescript": "^4.9.4",
            "webpack": "^5.75.0",
            "webpack-bundle-analyzer": "^4.5.0"
         }
      },
      "@types/ip": {
         "version": "1.1.0",
         "resolved": "https://registry.npmjs.org/@types/ip/-/ip-1.1.0.tgz",
         "integrity": "sha512-dwNe8gOoF70VdL6WJBwVHtQmAX4RMd62M+mAB9HQFjG1/qiCLM/meRy95Pd14FYBbEDwCq7jgJs89cHpLBu4HQ==",
         "dev": true,
         "requires": {
            "@types/node": "*"
         }
      },
      "@types/node": {
         "version": "18.11.18",
         "resolved": "https://registry.npmjs.org/@types/node/-/node-18.11.18.tgz",
         "integrity": "sha512-DHQpWGjyQKSHj3ebjFI/wRKcqQcdR+MoFBygntYOZytCqNfkd2ZC4ARDJ2DQqhjH5p85Nnd3jhUJIXrszFX/JA==",
         "dev": true
      },
      "ip": {
         "version": "1.1.5",
         "resolved": "https://registry.npmjs.org/ip/-/ip-1.1.5.tgz",
         "integrity": "sha1-vd7XARQpCCjAoDnnLvJfWq7ENUo="
      }
   }
}
