{
   "name": "@scrypted/hikvision",
   "version": "0.0.126",
   "lockfileVersion": 2,
   "requires": true,
   "packages": {
      "": {
         "name": "@scrypted/hikvision",
         "version": "0.0.126",
         "license": "Apache",
         "dependencies": {
            "@koush/axios-digest-auth": "^0.8.5",
            "@scrypted/common": "file:../../common",
            "@scrypted/sdk": "file:../../sdk",
            "@types/xml2js": "^0.4.9",
            "axios": "^0.23.0",
            "lodash": "^4.17.21",
            "xml2js": "^0.4.23"
         },
         "devDependencies": {
            "@types/node": "^18.15.11"
         }
      },
      "../../common": {
         "name": "@scrypted/common",
         "version": "1.0.1",
         "license": "ISC",
         "dependencies": {
            "@scrypted/sdk": "file:../sdk",
            "@scrypted/server": "file:../server",
            "http-auth-utils": "^3.0.2",
            "node-fetch-commonjs": "^3.1.1",
            "typescript": "^4.4.3"
         },
         "devDependencies": {
            "@types/node": "^16.9.0"
         }
      },
      "../../sdk": {
         "name": "@scrypted/sdk",
         "version": "0.2.87",
         "license": "ISC",
         "dependencies": {
            "@babel/preset-typescript": "^7.18.6",
            "adm-zip": "^0.4.13",
            "axios": "^0.21.4",
            "babel-loader": "^9.1.0",
            "babel-plugin-const-enum": "^1.1.0",
            "esbuild": "^0.15.9",
            "ncp": "^2.0.0",
            "raw-loader": "^4.0.2",
            "rimraf": "^3.0.2",
            "tmp": "^0.2.1",
            "ts-loader": "^9.4.2",
            "typescript": "^4.9.4",
            "webpack": "^5.75.0",
            "webpack-bundle-analyzer": "^4.5.0"
         },
         "bin": {
            "scrypted-changelog": "bin/scrypted-changelog.js",
            "scrypted-debug": "bin/scrypted-debug.js",
            "scrypted-deploy": "bin/scrypted-deploy.js",
            "scrypted-deploy-debug": "bin/scrypted-deploy-debug.js",
            "scrypted-package-json": "bin/scrypted-package-json.js",
            "scrypted-setup-project": "bin/scrypted-setup-project.js",
            "scrypted-webpack": "bin/scrypted-webpack.js"
         },
         "devDependencies": {
            "@types/node": "^18.11.18",
            "@types/stringify-object": "^4.0.0",
            "stringify-object": "^3.3.0",
            "ts-node": "^10.4.0",
            "typedoc": "^0.23.21"
         }
      },
      "../sdk": {
         "extraneous": true
      },
      "node_modules/@koush/axios-digest-auth": {
         "version": "0.8.5",
         "resolved": "https://registry.npmjs.org/@koush/axios-digest-auth/-/axios-digest-auth-0.8.5.tgz",
         "integrity": "sha512-EZMM0gMJ3hMUD4EuUqSwP6UGt5Vmw2TZtY7Ypec55AnxkExSXM0ySgPtqkAcnL43g1R27yAg/dQL7dRTLMqO3Q==",
         "dependencies": {
            "auth-header": "^1.0.0",
            "axios": "^0.21.4"
         }
      },
      "node_modules/@koush/axios-digest-auth/node_modules/axios": {
         "version": "0.21.4",
         "resolved": "https://registry.npmjs.org/axios/-/axios-0.21.4.tgz",
         "integrity": "sha512-ut5vewkiu8jjGBdqpM44XxjuCjq9LAKeHVmoVfHVzy8eHgxxq8SbAVQNovDA8mVi05kP0Ea/n/UzcSHcTJQfNg==",
         "dependencies": {
            "follow-redirects": "^1.14.0"
         }
      },
      "node_modules/@scrypted/common": {
         "resolved": "../../common",
         "link": true
      },
      "node_modules/@scrypted/sdk": {
         "resolved": "../../sdk",
         "link": true
      },
      "node_modules/@types/node": {
         "version": "18.15.11",
         "resolved": "https://registry.npmjs.org/@types/node/-/node-18.15.11.tgz",
         "integrity": "sha512-E5Kwq2n4SbMzQOn6wnmBjuK9ouqlURrcZDVfbo9ftDDTFt3nk7ZKK4GMOzoYgnpQJKcxwQw+lGaBvvlMo0qN/Q=="
      },
      "node_modules/@types/xml2js": {
         "version": "0.4.9",
         "resolved": "https://registry.npmjs.org/@types/xml2js/-/xml2js-0.4.9.tgz",
         "integrity": "sha512-CHiCKIihl1pychwR2RNX5mAYmJDACgFVCMT5OArMaO3erzwXVcBqPcusr+Vl8yeeXukxZqtF8mZioqX+mpjjdw==",
         "dependencies": {
            "@types/node": "*"
         }
      },
      "node_modules/auth-header": {
         "version": "1.0.0",
         "resolved": "https://registry.npmjs.org/auth-header/-/auth-header-1.0.0.tgz",
         "integrity": "sha512-CPPazq09YVDUNNVWo4oSPTQmtwIzHusZhQmahCKvIsk0/xH6U3QsMAv3sM+7+Q0B1K2KJ/Q38OND317uXs4NHA=="
      },
      "node_modules/axios": {
         "version": "0.23.0",
         "resolved": "https://registry.npmjs.org/axios/-/axios-0.23.0.tgz",
         "integrity": "sha512-NmvAE4i0YAv5cKq8zlDoPd1VLKAqX5oLuZKs8xkJa4qi6RGn0uhCYFjWtHHC9EM/MwOwYWOs53W+V0aqEXq1sg==",
         "dependencies": {
            "follow-redirects": "^1.14.4"
         }
      },
      "node_modules/follow-redirects": {
         "version": "1.15.1",
         "resolved": "https://registry.npmjs.org/follow-redirects/-/follow-redirects-1.15.1.tgz",
         "integrity": "sha512-yLAMQs+k0b2m7cVxpS1VKJVvoz7SS9Td1zss3XRwXj+ZDH00RJgnuLx7E44wx02kQLrdM3aOOy+FpzS7+8OizA==",
         "funding": [
            {
               "type": "individual",
               "url": "https://github.com/sponsors/RubenVerborgh"
            }
         ],
         "engines": {
            "node": ">=4.0"
         },
         "peerDependenciesMeta": {
            "debug": {
               "optional": true
            }
         }
      },
      "node_modules/lodash": {
         "version": "4.17.21",
         "resolved": "https://registry.npmjs.org/lodash/-/lodash-4.17.21.tgz",
         "integrity": "sha512-v2kDEe57lecTulaDIuNTPy3Ry4gLGJ6Z1O3vE1krgXZNrsQ+LFTGHVxVjcXPs17LhbZVGedAJv8XZ1tvj5FvSg=="
      },
      "node_modules/sax": {
         "version": "1.2.4",
         "resolved": "https://registry.npmjs.org/sax/-/sax-1.2.4.tgz",
         "integrity": "sha512-NqVDv9TpANUjFm0N8uM5GxL36UgKi9/atZw+x7YFnQ8ckwFGKrl4xX4yWtrey3UJm5nP1kUbnYgLopqWNSRhWw=="
      },
      "node_modules/xml2js": {
         "version": "0.4.23",
         "resolved": "https://registry.npmjs.org/xml2js/-/xml2js-0.4.23.tgz",
         "integrity": "sha512-ySPiMjM0+pLDftHgXY4By0uswI3SPKLDw/i3UXbnO8M/p28zqexCUoPmQFrYD+/1BzhGJSs2i1ERWKJAtiLrug==",
         "dependencies": {
            "sax": ">=0.6.0",
            "xmlbuilder": "~11.0.0"
         },
         "engines": {
            "node": ">=4.0.0"
         }
      },
      "node_modules/xmlbuilder": {
         "version": "11.0.1",
         "resolved": "https://registry.npmjs.org/xmlbuilder/-/xmlbuilder-11.0.1.tgz",
         "integrity": "sha512-fDlsI/kFEx7gLvbecc0/ohLG50fugQp8ryHzMTuW9vSa1GJ0XYWKnhsUx7oie3G98+r56aTQIUB4kht42R3JvA==",
         "engines": {
            "node": ">=4.0"
         }
      }
   },
   "dependencies": {
      "@koush/axios-digest-auth": {
         "version": "0.8.5",
         "resolved": "https://registry.npmjs.org/@koush/axios-digest-auth/-/axios-digest-auth-0.8.5.tgz",
         "integrity": "sha512-EZMM0gMJ3hMUD4EuUqSwP6UGt5Vmw2TZtY7Ypec55AnxkExSXM0ySgPtqkAcnL43g1R27yAg/dQL7dRTLMqO3Q==",
         "requires": {
            "auth-header": "^1.0.0",
            "axios": "^0.21.4"
         },
         "dependencies": {
            "axios": {
               "version": "0.21.4",
               "resolved": "https://registry.npmjs.org/axios/-/axios-0.21.4.tgz",
               "integrity": "sha512-ut5vewkiu8jjGBdqpM44XxjuCjq9LAKeHVmoVfHVzy8eHgxxq8SbAVQNovDA8mVi05kP0Ea/n/UzcSHcTJQfNg==",
               "requires": {
                  "follow-redirects": "^1.14.0"
               }
            }
         }
      },
      "@scrypted/common": {
         "version": "file:../../common",
         "requires": {
            "@scrypted/sdk": "file:../sdk",
            "@scrypted/server": "file:../server",
            "@types/node": "^16.9.0",
            "http-auth-utils": "^3.0.2",
            "node-fetch-commonjs": "^3.1.1",
            "typescript": "^4.4.3"
         }
      },
      "@scrypted/sdk": {
         "version": "file:../../sdk",
         "requires": {
            "@babel/preset-typescript": "^7.18.6",
            "@types/node": "^18.11.18",
            "@types/stringify-object": "^4.0.0",
            "adm-zip": "^0.4.13",
            "axios": "^0.21.4",
            "babel-loader": "^9.1.0",
            "babel-plugin-const-enum": "^1.1.0",
            "esbuild": "^0.15.9",
            "ncp": "^2.0.0",
            "raw-loader": "^4.0.2",
            "rimraf": "^3.0.2",
            "stringify-object": "^3.3.0",
            "tmp": "^0.2.1",
            "ts-loader": "^9.4.2",
            "ts-node": "^10.4.0",
            "typedoc": "^0.23.21",
            "typescript": "^4.9.4",
            "webpack": "^5.75.0",
            "webpack-bundle-analyzer": "^4.5.0"
         }
      },
      "@types/node": {
         "version": "18.15.11",
         "resolved": "https://registry.npmjs.org/@types/node/-/node-18.15.11.tgz",
         "integrity": "sha512-E5Kwq2n4SbMzQOn6wnmBjuK9ouqlURrcZDVfbo9ftDDTFt3nk7ZKK4GMOzoYgnpQJKcxwQw+lGaBvvlMo0qN/Q=="
      },
      "@types/xml2js": {
         "version": "0.4.9",
         "resolved": "https://registry.npmjs.org/@types/xml2js/-/xml2js-0.4.9.tgz",
         "integrity": "sha512-CHiCKIihl1pychwR2RNX5mAYmJDACgFVCMT5OArMaO3erzwXVcBqPcusr+Vl8yeeXukxZqtF8mZioqX+mpjjdw==",
         "requires": {
            "@types/node": "*"
         }
      },
      "auth-header": {
         "version": "1.0.0",
         "resolved": "https://registry.npmjs.org/auth-header/-/auth-header-1.0.0.tgz",
         "integrity": "sha512-CPPazq09YVDUNNVWo4oSPTQmtwIzHusZhQmahCKvIsk0/xH6U3QsMAv3sM+7+Q0B1K2KJ/Q38OND317uXs4NHA=="
      },
      "axios": {
         "version": "0.23.0",
         "resolved": "https://registry.npmjs.org/axios/-/axios-0.23.0.tgz",
         "integrity": "sha512-NmvAE4i0YAv5cKq8zlDoPd1VLKAqX5oLuZKs8xkJa4qi6RGn0uhCYFjWtHHC9EM/MwOwYWOs53W+V0aqEXq1sg==",
         "requires": {
            "follow-redirects": "^1.14.4"
         }
      },
      "follow-redirects": {
         "version": "1.15.1",
         "resolved": "https://registry.npmjs.org/follow-redirects/-/follow-redirects-1.15.1.tgz",
         "integrity": "sha512-yLAMQs+k0b2m7cVxpS1VKJVvoz7SS9Td1zss3XRwXj+ZDH00RJgnuLx7E44wx02kQLrdM3aOOy+FpzS7+8OizA=="
      },
      "lodash": {
         "version": "4.17.21",
         "resolved": "https://registry.npmjs.org/lodash/-/lodash-4.17.21.tgz",
         "integrity": "sha512-v2kDEe57lecTulaDIuNTPy3Ry4gLGJ6Z1O3vE1krgXZNrsQ+LFTGHVxVjcXPs17LhbZVGedAJv8XZ1tvj5FvSg=="
      },
      "sax": {
         "version": "1.2.4",
         "resolved": "https://registry.npmjs.org/sax/-/sax-1.2.4.tgz",
         "integrity": "sha512-NqVDv9TpANUjFm0N8uM5GxL36UgKi9/atZw+x7YFnQ8ckwFGKrl4xX4yWtrey3UJm5nP1kUbnYgLopqWNSRhWw=="
      },
      "xml2js": {
         "version": "0.4.23",
         "resolved": "https://registry.npmjs.org/xml2js/-/xml2js-0.4.23.tgz",
         "integrity": "sha512-ySPiMjM0+pLDftHgXY4By0uswI3SPKLDw/i3UXbnO8M/p28zqexCUoPmQFrYD+/1BzhGJSs2i1ERWKJAtiLrug==",
         "requires": {
            "sax": ">=0.6.0",
            "xmlbuilder": "~11.0.0"
         }
      },
      "xmlbuilder": {
         "version": "11.0.1",
         "resolved": "https://registry.npmjs.org/xmlbuilder/-/xmlbuilder-11.0.1.tgz",
         "integrity": "sha512-fDlsI/kFEx7gLvbecc0/ohLG50fugQp8ryHzMTuW9vSa1GJ0XYWKnhsUx7oie3G98+r56aTQIUB4kht42R3JvA=="
      }
   }
}
