{
   "name": "@scrypted/hikvision",
   "version": "0.0.33",
   "lockfileVersion": 2,
   "requires": true,
   "packages": {
      "": {
         "name": "@scrypted/hikvision",
         "version": "0.0.33",
         "license": "Apache",
         "dependencies": {
            "@mhoc/axios-digest-auth": "^0.7.0",
            "@scrypted/sdk": "file:../../sdk",
            "@types/highland": "^2.12.14",
            "@types/lodash": "^4.14.172",
            "@types/multiparty": "^0.0.33",
            "@types/node": "^16.9.1",
            "@types/xml2js": "^0.4.9",
            "axios": "^0.19.2",
            "axios-digest": "^0.2.0",
            "highland": "^2.13.5",
            "lodash": "^4.17.21",
            "multiparty": "^4.2.2",
            "net-keepalive": "^3.0.0",
            "xml2js": "^0.4.23"
         }
      },
      "../../sdk": {
         "name": "@scrypted/sdk",
         "version": "0.0.72",
         "license": "ISC",
         "dependencies": {
            "@babel/core": "^7.2.2",
            "@babel/plugin-proposal-class-properties": "^7.4.4",
            "@babel/plugin-proposal-optional-chaining": "^7.13.12",
            "@babel/plugin-transform-modules-commonjs": "^7.2.0",
            "@babel/plugin-transform-typescript": "^7.15.0",
            "@babel/polyfill": "^7.2.5",
            "@babel/preset-env": "^7.2.3",
            "@babel/preset-typescript": "^7.15.0",
            "@types/node": "^16.6.1",
            "adm-zip": "^0.4.13",
            "axios": "^0.21.1",
            "babel-loader": "^8.0.4",
            "babel-plugin-const-enum": "^1.1.0",
            "babel-plugin-minify-dead-code-elimination": "^0.5.1",
            "babel-polyfill": "^6.26.0",
            "babel-template": "^6.26.0",
            "browserify-buffertools": "^1.0.2",
            "bytebuffer": "^5.0.1",
            "chalk": "^2.4.2",
            "clean-webpack-plugin": "^3.0.0",
            "engine.io-client": "^3.3.2",
            "event-target-shim": "^5.0.1",
            "events": "^3.0.0",
            "long": "^4.0.0",
            "node-cmd": "^3.0.0",
            "node-ip": "^0.1.2",
            "raw-loader": "^1.0.0",
            "terser": "^3.14.1",
            "ts-loader": "^5.4.5",
            "tsconfig-paths-webpack-plugin": "^3.2.0",
            "typescript": "^4.3.5",
            "webpack": "^4.28.1",
            "webpack-cli": "^3.1.2",
            "webpack-inject-plugin": "^1.0.2"
         },
         "bin": {
            "scrypted-debug": "bin/scrypted-debug.js",
            "scrypted-deploy": "bin/scrypted-deploy.js",
            "scrypted-deploy-debug": "bin/scrypted-deploy-debug.js",
            "scrypted-package-json": "bin/scrypted-package-json.js",
            "scrypted-readme": "bin/scrypted-readme.js",
            "scrypted-webpack": "bin/scrypted-webpack.js"
         }
      },
      "../sdk": {
         "extraneous": true
      },
      "node_modules/@mhoc/axios-digest-auth": {
         "version": "0.7.0",
         "resolved": "https://registry.npmjs.org/@mhoc/axios-digest-auth/-/axios-digest-auth-0.7.0.tgz",
         "integrity": "sha512-fDi8fNmuLmX86XEtqD6E59ytLROjmo3O9ZZAT5ndnFJpntOg1912sV/dA218GfQv6UviCFnpEogwuyWTnHmGng==",
         "dependencies": {
            "axios": "0.21.1"
         }
      },
      "node_modules/@mhoc/axios-digest-auth/node_modules/axios": {
         "version": "0.21.1",
         "resolved": "https://registry.npmjs.org/axios/-/axios-0.21.1.tgz",
         "integrity": "sha512-dKQiRHxGD9PPRIUNIWvZhPTPpl1rf/OxTYKsqKUDjBwYylTvV7SjSHJb9ratfyzM6wCdLCOYLzs73qpg5c4iGA==",
         "dependencies": {
            "follow-redirects": "^1.10.0"
         }
      },
      "node_modules/@mhoc/axios-digest-auth/node_modules/follow-redirects": {
         "version": "1.14.3",
         "resolved": "https://registry.npmjs.org/follow-redirects/-/follow-redirects-1.14.3.tgz",
         "integrity": "sha512-3MkHxknWMUtb23apkgz/83fDoe+y+qr0TdgacGIA7bew+QLBo3vdgEN2xEsuXNivpFy4CyDhBBZnNZOtalmenw==",
         "funding": [
            {
               "type": "individual",
               "url": "https://github.com/sponsors/RubenVerborgh"
            }
         ],
         "engines": {
            "node": ">=4.0"
         },
         "peerDependenciesMeta": {
            "debug": {
               "optional": true
            }
         }
      },
      "node_modules/@scrypted/sdk": {
         "resolved": "../../sdk",
         "link": true
      },
      "node_modules/@types/highland": {
         "version": "2.12.14",
         "resolved": "https://registry.npmjs.org/@types/highland/-/highland-2.12.14.tgz",
         "integrity": "sha512-afgFIPeRlysJjWAVmtxqt1nfRo29fjXwooX/MEc+GVlXKMiSsFOryY8hma1PNnjNjOI01Qe37/z5n3WGBk5WCg==",
         "dependencies": {
            "@types/node": "*"
         }
      },
      "node_modules/@types/lodash": {
         "version": "4.14.172",
         "resolved": "https://registry.npmjs.org/@types/lodash/-/lodash-4.14.172.tgz",
         "integrity": "sha512-/BHF5HAx3em7/KkzVKm3LrsD6HZAXuXO1AJZQ3cRRBZj4oHZDviWPYu0aEplAqDFNHZPW6d3G7KN+ONcCCC7pw=="
      },
      "node_modules/@types/multiparty": {
         "version": "0.0.33",
         "resolved": "https://registry.npmjs.org/@types/multiparty/-/multiparty-0.0.33.tgz",
         "integrity": "sha512-Il6cJUpSqgojT7NxbVJUvXkCblm50/yEJYtblISDsNIeNYf4yMAhdizzidUk6h8pJ8yhwK/3Fkb+3Dwcgtwl8w==",
         "dependencies": {
            "@types/node": "*"
         }
      },
      "node_modules/@types/node": {
         "version": "16.9.1",
         "resolved": "https://registry.npmjs.org/@types/node/-/node-16.9.1.tgz",
         "integrity": "sha512-QpLcX9ZSsq3YYUUnD3nFDY8H7wctAhQj/TFKL8Ya8v5fMm3CFXxo8zStsLAl780ltoYoo1WvKUVGBQK+1ifr7g=="
      },
      "node_modules/@types/xml2js": {
         "version": "0.4.9",
         "resolved": "https://registry.npmjs.org/@types/xml2js/-/xml2js-0.4.9.tgz",
         "integrity": "sha512-CHiCKIihl1pychwR2RNX5mAYmJDACgFVCMT5OArMaO3erzwXVcBqPcusr+Vl8yeeXukxZqtF8mZioqX+mpjjdw==",
         "dependencies": {
            "@types/node": "*"
         }
      },
      "node_modules/axios": {
         "version": "0.19.2",
         "resolved": "https://registry.npmjs.org/axios/-/axios-0.19.2.tgz",
         "integrity": "sha512-fjgm5MvRHLhx+osE2xoekY70AhARk3a6hkN+3Io1jc00jtquGvxYlKlsFUhmUET0V5te6CcZI7lcv2Ym61mjHA==",
         "deprecated": "Critical security vulnerability fixed in v0.21.1. For more information, see https://github.com/axios/axios/pull/3410",
         "dependencies": {
            "follow-redirects": "1.5.10"
         }
      },
      "node_modules/axios-digest": {
         "version": "0.2.0",
         "resolved": "https://registry.npmjs.org/axios-digest/-/axios-digest-0.2.0.tgz",
         "integrity": "sha512-yCy5nNnHCg2S5JSw/zHuFTw2xkTlUpaQwEfVrHPU054VOmQH8RkRCGYF0CTTkcyEdcdAiVcDDiDxRpozSH5Oew==",
         "dependencies": {
            "axios": "^0.19.2",
            "js-md5": "^0.7.3",
            "js-sha256": "^0.9.0",
            "js-sha512": "^0.8.0"
         }
      },
      "node_modules/debug": {
         "version": "3.1.0",
         "resolved": "https://registry.npmjs.org/debug/-/debug-3.1.0.tgz",
         "integrity": "sha512-OX8XqP7/1a9cqkxYw2yXss15f26NKWBpDXQd0/uK/KPqdQhxbPa994hnzjcE2VqQpDslf55723cKPUOGSmMY3g==",
         "dependencies": {
            "ms": "2.0.0"
         }
      },
      "node_modules/depd": {
         "version": "1.1.2",
         "resolved": "https://registry.npmjs.org/depd/-/depd-1.1.2.tgz",
         "integrity": "sha1-m81S4UwJd2PnSbJ0xDRu0uVgtak=",
         "engines": {
            "node": ">= 0.6"
         }
      },
      "node_modules/ffi-napi": {
         "version": "4.0.3",
         "resolved": "https://registry.npmjs.org/ffi-napi/-/ffi-napi-4.0.3.tgz",
         "integrity": "sha512-PMdLCIvDY9mS32RxZ0XGb95sonPRal8aqRhLbeEtWKZTe2A87qRFG9HjOhvG8EX2UmQw5XNRMIOT+1MYlWmdeg==",
         "hasInstallScript": true,
         "dependencies": {
            "debug": "^4.1.1",
            "get-uv-event-loop-napi-h": "^1.0.5",
            "node-addon-api": "^3.0.0",
            "node-gyp-build": "^4.2.1",
            "ref-napi": "^2.0.1 || ^3.0.2",
            "ref-struct-di": "^1.1.0"
         },
         "engines": {
            "node": ">=10"
         }
      },
      "node_modules/ffi-napi/node_modules/debug": {
         "version": "4.3.2",
         "resolved": "https://registry.npmjs.org/debug/-/debug-4.3.2.tgz",
         "integrity": "sha512-mOp8wKcvj7XxC78zLgw/ZA+6TSgkoE2C/ienthhRD298T7UNwAg9diBpLRxC0mOezLl4B0xV7M0cCO6P/O0Xhw==",
         "dependencies": {
            "ms": "2.1.2"
         },
         "engines": {
            "node": ">=6.0"
         },
         "peerDependenciesMeta": {
            "supports-color": {
               "optional": true
            }
         }
      },
      "node_modules/ffi-napi/node_modules/ms": {
         "version": "2.1.2",
         "resolved": "https://registry.npmjs.org/ms/-/ms-2.1.2.tgz",
         "integrity": "sha512-sGkPx+VjMtmA6MX27oA4FBFELFCZZ4S4XqeGOXCv68tT+jb3vk/RyaKWP0PTKyWtmLSM0b+adUTEvbs1PEaH2w=="
      },
      "node_modules/follow-redirects": {
         "version": "1.5.10",
         "resolved": "https://registry.npmjs.org/follow-redirects/-/follow-redirects-1.5.10.tgz",
         "integrity": "sha512-0V5l4Cizzvqt5D44aTXbFZz+FtyXV1vrDN6qrelxtfYQKW0KO0W2T/hkE8xvGa/540LkZlkaUjO4ailYTFtHVQ==",
         "dependencies": {
            "debug": "=3.1.0"
         },
         "engines": {
            "node": ">=4.0"
         }
      },
      "node_modules/get-symbol-from-current-process-h": {
         "version": "1.0.2",
         "resolved": "https://registry.npmjs.org/get-symbol-from-current-process-h/-/get-symbol-from-current-process-h-1.0.2.tgz",
         "integrity": "sha512-syloC6fsCt62ELLrr1VKBM1ggOpMdetX9hTrdW77UQdcApPHLmf7CI7OKcN1c9kYuNxKcDe4iJ4FY9sX3aw2xw=="
      },
      "node_modules/get-uv-event-loop-napi-h": {
         "version": "1.0.6",
         "resolved": "https://registry.npmjs.org/get-uv-event-loop-napi-h/-/get-uv-event-loop-napi-h-1.0.6.tgz",
         "integrity": "sha512-t5c9VNR84nRoF+eLiz6wFrEp1SE2Acg0wS+Ysa2zF0eROes+LzOfuTaVHxGy8AbS8rq7FHEJzjnCZo1BupwdJg==",
         "dependencies": {
            "get-symbol-from-current-process-h": "^1.0.1"
         }
      },
      "node_modules/highland": {
         "version": "2.13.5",
         "resolved": "https://registry.npmjs.org/highland/-/highland-2.13.5.tgz",
         "integrity": "sha512-dn2flPapIIAa4BtkB2ahjshg8iSJtrJtdhEb9/oiOrS5HMQTR/GuhFpqJ+11YBdtnl3AwWKvbZd1Uxr8uAmA7A==",
         "dependencies": {
            "util-deprecate": "^1.0.2"
         }
      },
      "node_modules/http-errors": {
         "version": "1.8.0",
         "resolved": "https://registry.npmjs.org/http-errors/-/http-errors-1.8.0.tgz",
         "integrity": "sha512-4I8r0C5JDhT5VkvI47QktDW75rNlGVsUf/8hzjCC/wkWI/jdTRmBb9aI7erSG82r1bjKY3F6k28WnsVxB1C73A==",
         "dependencies": {
            "depd": "~1.1.2",
            "inherits": "2.0.4",
            "setprototypeof": "1.2.0",
            "statuses": ">= 1.5.0 < 2",
            "toidentifier": "1.0.0"
         },
         "engines": {
            "node": ">= 0.6"
         }
      },
      "node_modules/inherits": {
         "version": "2.0.4",
         "resolved": "https://registry.npmjs.org/inherits/-/inherits-2.0.4.tgz",
         "integrity": "sha512-k/vGaX4/Yla3WzyMCvTQOXYeIHvqOKtnqBduzTHpzpQZzAskKMhZ2K+EnBiSM9zGSoIFeMpXKxa4dYeZIQqewQ=="
      },
      "node_modules/js-md5": {
         "version": "0.7.3",
         "resolved": "https://registry.npmjs.org/js-md5/-/js-md5-0.7.3.tgz",
         "integrity": "sha512-ZC41vPSTLKGwIRjqDh8DfXoCrdQIyBgspJVPXHBGu4nZlAEvG3nf+jO9avM9RmLiGakg7vz974ms99nEV0tmTQ=="
      },
      "node_modules/js-sha256": {
         "version": "0.9.0",
         "resolved": "https://registry.npmjs.org/js-sha256/-/js-sha256-0.9.0.tgz",
         "integrity": "sha512-sga3MHh9sgQN2+pJ9VYZ+1LPwXOxuBJBA5nrR5/ofPfuiJBE2hnjsaN8se8JznOmGLN2p49Pe5U/ttafcs/apA=="
      },
      "node_modules/js-sha512": {
         "version": "0.8.0",
         "resolved": "https://registry.npmjs.org/js-sha512/-/js-sha512-0.8.0.tgz",
         "integrity": "sha512-PWsmefG6Jkodqt+ePTvBZCSMFgN7Clckjd0O7su3I0+BW2QWUTJNzjktHsztGLhncP2h8mcF9V9Y2Ha59pAViQ=="
      },
      "node_modules/lodash": {
         "version": "4.17.21",
         "resolved": "https://registry.npmjs.org/lodash/-/lodash-4.17.21.tgz",
         "integrity": "sha512-v2kDEe57lecTulaDIuNTPy3Ry4gLGJ6Z1O3vE1krgXZNrsQ+LFTGHVxVjcXPs17LhbZVGedAJv8XZ1tvj5FvSg=="
      },
      "node_modules/ms": {
         "version": "2.0.0",
         "resolved": "https://registry.npmjs.org/ms/-/ms-2.0.0.tgz",
         "integrity": "sha1-VgiurfwAvmwpAd9fmGF4jeDVl8g="
      },
      "node_modules/multiparty": {
         "version": "4.2.2",
         "resolved": "https://registry.npmjs.org/multiparty/-/multiparty-4.2.2.tgz",
         "integrity": "sha512-NtZLjlvsjcoGrzojtwQwn/Tm90aWJ6XXtPppYF4WmOk/6ncdwMMKggFY2NlRRN9yiCEIVxpOfPWahVEG2HAG8Q==",
         "dependencies": {
            "http-errors": "~1.8.0",
            "safe-buffer": "5.2.1",
            "uid-safe": "2.1.5"
         },
         "engines": {
            "node": ">= 0.10"
         }
      },
      "node_modules/net-keepalive": {
         "version": "3.0.0",
         "resolved": "https://registry.npmjs.org/net-keepalive/-/net-keepalive-3.0.0.tgz",
         "integrity": "sha512-wfDa7VPeSltY5aIQcujS7AiWnO2JHJCpO3is4nwQ7kFYs4YMpzDNMwiuILPkWwgMbPMSHzO7O1tuL8rC0SP3ag==",
         "dependencies": {
            "ffi-napi": "^4.0.1",
            "ref-napi": "^3.0.0"
         },
         "engines": {
            "node": ">=10.20.0"
         }
      },
      "node_modules/node-addon-api": {
         "version": "3.2.1",
         "resolved": "https://registry.npmjs.org/node-addon-api/-/node-addon-api-3.2.1.tgz",
         "integrity": "sha512-mmcei9JghVNDYydghQmeDX8KoAm0FAiYyIcUt/N4nhyAipB17pllZQDOJD2fotxABnt4Mdz+dKTO7eftLg4d0A=="
      },
      "node_modules/node-gyp-build": {
         "version": "4.3.0",
         "resolved": "https://registry.npmjs.org/node-gyp-build/-/node-gyp-build-4.3.0.tgz",
         "integrity": "sha512-iWjXZvmboq0ja1pUGULQBexmxq8CV4xBhX7VDOTbL7ZR4FOowwY/VOtRxBN/yKxmdGoIp4j5ysNT4u3S2pDQ3Q==",
         "bin": {
            "node-gyp-build": "bin.js",
            "node-gyp-build-optional": "optional.js",
            "node-gyp-build-test": "build-test.js"
         }
      },
      "node_modules/random-bytes": {
         "version": "1.0.0",
         "resolved": "https://registry.npmjs.org/random-bytes/-/random-bytes-1.0.0.tgz",
         "integrity": "sha1-T2ih3Arli9P7lYSMMDJNt11kNgs=",
         "engines": {
            "node": ">= 0.8"
         }
      },
      "node_modules/ref-napi": {
         "version": "3.0.3",
         "resolved": "https://registry.npmjs.org/ref-napi/-/ref-napi-3.0.3.tgz",
         "integrity": "sha512-LiMq/XDGcgodTYOMppikEtJelWsKQERbLQsYm0IOOnzhwE9xYZC7x8txNnFC9wJNOkPferQI4vD4ZkC0mDyrOA==",
         "hasInstallScript": true,
         "dependencies": {
            "debug": "^4.1.1",
            "get-symbol-from-current-process-h": "^1.0.2",
            "node-addon-api": "^3.0.0",
            "node-gyp-build": "^4.2.1"
         },
         "engines": {
            "node": ">= 10.0"
         }
      },
      "node_modules/ref-napi/node_modules/debug": {
         "version": "4.3.2",
         "resolved": "https://registry.npmjs.org/debug/-/debug-4.3.2.tgz",
         "integrity": "sha512-mOp8wKcvj7XxC78zLgw/ZA+6TSgkoE2C/ienthhRD298T7UNwAg9diBpLRxC0mOezLl4B0xV7M0cCO6P/O0Xhw==",
         "dependencies": {
            "ms": "2.1.2"
         },
         "engines": {
            "node": ">=6.0"
         },
         "peerDependenciesMeta": {
            "supports-color": {
               "optional": true
            }
         }
      },
      "node_modules/ref-napi/node_modules/ms": {
         "version": "2.1.2",
         "resolved": "https://registry.npmjs.org/ms/-/ms-2.1.2.tgz",
         "integrity": "sha512-sGkPx+VjMtmA6MX27oA4FBFELFCZZ4S4XqeGOXCv68tT+jb3vk/RyaKWP0PTKyWtmLSM0b+adUTEvbs1PEaH2w=="
      },
      "node_modules/ref-struct-di": {
         "version": "1.1.1",
         "resolved": "https://registry.npmjs.org/ref-struct-di/-/ref-struct-di-1.1.1.tgz",
         "integrity": "sha512-2Xyn/0Qgz89VT+++WP0sTosdm9oeowLP23wRJYhG4BFdMUrLj3jhwHZNEytYNYgtPKLNTP3KJX4HEgBvM1/Y2g==",
         "dependencies": {
            "debug": "^3.1.0"
         }
      },
      "node_modules/safe-buffer": {
         "version": "5.2.1",
         "resolved": "https://registry.npmjs.org/safe-buffer/-/safe-buffer-5.2.1.tgz",
         "integrity": "sha512-rp3So07KcdmmKbGvgaNxQSJr7bGVSVk5S9Eq1F+ppbRo70+YeaDxkw5Dd8NPN+GD6bjnYm2VuPuCXmpuYvmCXQ==",
         "funding": [
            {
               "type": "github",
               "url": "https://github.com/sponsors/feross"
            },
            {
               "type": "patreon",
               "url": "https://www.patreon.com/feross"
            },
            {
               "type": "consulting",
               "url": "https://feross.org/support"
            }
         ]
      },
      "node_modules/sax": {
         "version": "1.2.4",
         "resolved": "https://registry.npmjs.org/sax/-/sax-1.2.4.tgz",
         "integrity": "sha512-NqVDv9TpANUjFm0N8uM5GxL36UgKi9/atZw+x7YFnQ8ckwFGKrl4xX4yWtrey3UJm5nP1kUbnYgLopqWNSRhWw=="
      },
      "node_modules/setprototypeof": {
         "version": "1.2.0",
         "resolved": "https://registry.npmjs.org/setprototypeof/-/setprototypeof-1.2.0.tgz",
         "integrity": "sha512-E5LDX7Wrp85Kil5bhZv46j8jOeboKq5JMmYM3gVGdGH8xFpPWXUMsNrlODCrkoxMEeNi/XZIwuRvY4XNwYMJpw=="
      },
      "node_modules/statuses": {
         "version": "1.5.0",
         "resolved": "https://registry.npmjs.org/statuses/-/statuses-1.5.0.tgz",
         "integrity": "sha1-Fhx9rBd2Wf2YEfQ3cfqZOBR4Yow=",
         "engines": {
            "node": ">= 0.6"
         }
      },
      "node_modules/toidentifier": {
         "version": "1.0.0",
         "resolved": "https://registry.npmjs.org/toidentifier/-/toidentifier-1.0.0.tgz",
         "integrity": "sha512-yaOH/Pk/VEhBWWTlhI+qXxDFXlejDGcQipMlyxda9nthulaxLZUNcUqFxokp0vcYnvteJln5FNQDRrxj3YcbVw==",
         "engines": {
            "node": ">=0.6"
         }
      },
      "node_modules/uid-safe": {
         "version": "2.1.5",
         "resolved": "https://registry.npmjs.org/uid-safe/-/uid-safe-2.1.5.tgz",
         "integrity": "sha512-KPHm4VL5dDXKz01UuEd88Df+KzynaohSL9fBh096KWAxSKZQDI2uBrVqtvRM4rwrIrRRKsdLNML/lnaaVSRioA==",
         "dependencies": {
            "random-bytes": "~1.0.0"
         },
         "engines": {
            "node": ">= 0.8"
         }
      },
      "node_modules/util-deprecate": {
         "version": "1.0.2",
         "resolved": "https://registry.npmjs.org/util-deprecate/-/util-deprecate-1.0.2.tgz",
         "integrity": "sha1-RQ1Nyfpw3nMnYvvS1KKJgUGaDM8="
      },
      "node_modules/xml2js": {
         "version": "0.4.23",
         "resolved": "https://registry.npmjs.org/xml2js/-/xml2js-0.4.23.tgz",
         "integrity": "sha512-ySPiMjM0+pLDftHgXY4By0uswI3SPKLDw/i3UXbnO8M/p28zqexCUoPmQFrYD+/1BzhGJSs2i1ERWKJAtiLrug==",
         "dependencies": {
            "sax": ">=0.6.0",
            "xmlbuilder": "~11.0.0"
         },
         "engines": {
            "node": ">=4.0.0"
         }
      },
      "node_modules/xmlbuilder": {
         "version": "11.0.1",
         "resolved": "https://registry.npmjs.org/xmlbuilder/-/xmlbuilder-11.0.1.tgz",
         "integrity": "sha512-fDlsI/kFEx7gLvbecc0/ohLG50fugQp8ryHzMTuW9vSa1GJ0XYWKnhsUx7oie3G98+r56aTQIUB4kht42R3JvA==",
         "engines": {
            "node": ">=4.0"
         }
      }
   },
   "dependencies": {
      "@mhoc/axios-digest-auth": {
         "version": "0.7.0",
         "resolved": "https://registry.npmjs.org/@mhoc/axios-digest-auth/-/axios-digest-auth-0.7.0.tgz",
         "integrity": "sha512-fDi8fNmuLmX86XEtqD6E59ytLROjmo3O9ZZAT5ndnFJpntOg1912sV/dA218GfQv6UviCFnpEogwuyWTnHmGng==",
         "requires": {
            "axios": "0.21.1"
         },
         "dependencies": {
            "axios": {
               "version": "0.21.1",
               "resolved": "https://registry.npmjs.org/axios/-/axios-0.21.1.tgz",
               "integrity": "sha512-dKQiRHxGD9PPRIUNIWvZhPTPpl1rf/OxTYKsqKUDjBwYylTvV7SjSHJb9ratfyzM6wCdLCOYLzs73qpg5c4iGA==",
               "requires": {
                  "follow-redirects": "^1.10.0"
               }
            },
            "follow-redirects": {
               "version": "1.14.3",
               "resolved": "https://registry.npmjs.org/follow-redirects/-/follow-redirects-1.14.3.tgz",
               "integrity": "sha512-3MkHxknWMUtb23apkgz/83fDoe+y+qr0TdgacGIA7bew+QLBo3vdgEN2xEsuXNivpFy4CyDhBBZnNZOtalmenw=="
            }
         }
      },
      "@scrypted/sdk": {
         "version": "file:../../sdk",
         "requires": {
            "@babel/core": "^7.2.2",
            "@babel/plugin-proposal-class-properties": "^7.4.4",
            "@babel/plugin-proposal-optional-chaining": "^7.13.12",
            "@babel/plugin-transform-modules-commonjs": "^7.2.0",
            "@babel/plugin-transform-typescript": "^7.15.0",
            "@babel/polyfill": "^7.2.5",
            "@babel/preset-env": "^7.2.3",
            "@babel/preset-typescript": "^7.15.0",
            "@types/node": "^16.6.1",
            "adm-zip": "^0.4.13",
            "axios": "^0.21.1",
            "babel-loader": "^8.0.4",
            "babel-plugin-const-enum": "^1.1.0",
            "babel-plugin-minify-dead-code-elimination": "^0.5.1",
            "babel-polyfill": "^6.26.0",
            "babel-template": "^6.26.0",
            "browserify-buffertools": "^1.0.2",
            "bytebuffer": "^5.0.1",
            "chalk": "^2.4.2",
            "clean-webpack-plugin": "^3.0.0",
            "engine.io-client": "^3.3.2",
            "event-target-shim": "^5.0.1",
            "events": "^3.0.0",
            "long": "^4.0.0",
            "node-cmd": "^3.0.0",
            "node-ip": "^0.1.2",
            "raw-loader": "^1.0.0",
            "terser": "^3.14.1",
            "ts-loader": "^5.4.5",
            "tsconfig-paths-webpack-plugin": "^3.2.0",
            "typescript": "^4.3.5",
            "webpack": "^4.28.1",
            "webpack-cli": "^3.1.2",
            "webpack-inject-plugin": "^1.0.2"
         }
      },
      "@types/highland": {
         "version": "2.12.14",
         "resolved": "https://registry.npmjs.org/@types/highland/-/highland-2.12.14.tgz",
         "integrity": "sha512-afgFIPeRlysJjWAVmtxqt1nfRo29fjXwooX/MEc+GVlXKMiSsFOryY8hma1PNnjNjOI01Qe37/z5n3WGBk5WCg==",
         "requires": {
            "@types/node": "*"
         }
      },
      "@types/lodash": {
         "version": "4.14.172",
         "resolved": "https://registry.npmjs.org/@types/lodash/-/lodash-4.14.172.tgz",
         "integrity": "sha512-/BHF5HAx3em7/KkzVKm3LrsD6HZAXuXO1AJZQ3cRRBZj4oHZDviWPYu0aEplAqDFNHZPW6d3G7KN+ONcCCC7pw=="
      },
      "@types/multiparty": {
         "version": "0.0.33",
         "resolved": "https://registry.npmjs.org/@types/multiparty/-/multiparty-0.0.33.tgz",
         "integrity": "sha512-Il6cJUpSqgojT7NxbVJUvXkCblm50/yEJYtblISDsNIeNYf4yMAhdizzidUk6h8pJ8yhwK/3Fkb+3Dwcgtwl8w==",
         "requires": {
            "@types/node": "*"
         }
      },
      "@types/node": {
         "version": "16.9.1",
         "resolved": "https://registry.npmjs.org/@types/node/-/node-16.9.1.tgz",
         "integrity": "sha512-QpLcX9ZSsq3YYUUnD3nFDY8H7wctAhQj/TFKL8Ya8v5fMm3CFXxo8zStsLAl780ltoYoo1WvKUVGBQK+1ifr7g=="
      },
      "@types/xml2js": {
         "version": "0.4.9",
         "resolved": "https://registry.npmjs.org/@types/xml2js/-/xml2js-0.4.9.tgz",
         "integrity": "sha512-CHiCKIihl1pychwR2RNX5mAYmJDACgFVCMT5OArMaO3erzwXVcBqPcusr+Vl8yeeXukxZqtF8mZioqX+mpjjdw==",
         "requires": {
            "@types/node": "*"
         }
      },
      "axios": {
         "version": "0.19.2",
         "resolved": "https://registry.npmjs.org/axios/-/axios-0.19.2.tgz",
         "integrity": "sha512-fjgm5MvRHLhx+osE2xoekY70AhARk3a6hkN+3Io1jc00jtquGvxYlKlsFUhmUET0V5te6CcZI7lcv2Ym61mjHA==",
         "requires": {
            "follow-redirects": "1.5.10"
         }
      },
      "axios-digest": {
         "version": "0.2.0",
         "resolved": "https://registry.npmjs.org/axios-digest/-/axios-digest-0.2.0.tgz",
         "integrity": "sha512-yCy5nNnHCg2S5JSw/zHuFTw2xkTlUpaQwEfVrHPU054VOmQH8RkRCGYF0CTTkcyEdcdAiVcDDiDxRpozSH5Oew==",
         "requires": {
            "axios": "^0.19.2",
            "js-md5": "^0.7.3",
            "js-sha256": "^0.9.0",
            "js-sha512": "^0.8.0"
         }
      },
      "debug": {
         "version": "3.1.0",
         "resolved": "https://registry.npmjs.org/debug/-/debug-3.1.0.tgz",
         "integrity": "sha512-OX8XqP7/1a9cqkxYw2yXss15f26NKWBpDXQd0/uK/KPqdQhxbPa994hnzjcE2VqQpDslf55723cKPUOGSmMY3g==",
         "requires": {
            "ms": "2.0.0"
         }
      },
      "depd": {
         "version": "1.1.2",
         "resolved": "https://registry.npmjs.org/depd/-/depd-1.1.2.tgz",
         "integrity": "sha1-m81S4UwJd2PnSbJ0xDRu0uVgtak="
      },
      "ffi-napi": {
         "version": "4.0.3",
         "resolved": "https://registry.npmjs.org/ffi-napi/-/ffi-napi-4.0.3.tgz",
         "integrity": "sha512-PMdLCIvDY9mS32RxZ0XGb95sonPRal8aqRhLbeEtWKZTe2A87qRFG9HjOhvG8EX2UmQw5XNRMIOT+1MYlWmdeg==",
         "requires": {
            "debug": "^4.1.1",
            "get-uv-event-loop-napi-h": "^1.0.5",
            "node-addon-api": "^3.0.0",
            "node-gyp-build": "^4.2.1",
            "ref-napi": "^2.0.1 || ^3.0.2",
            "ref-struct-di": "^1.1.0"
         },
         "dependencies": {
            "debug": {
               "version": "4.3.2",
               "resolved": "https://registry.npmjs.org/debug/-/debug-4.3.2.tgz",
               "integrity": "sha512-mOp8wKcvj7XxC78zLgw/ZA+6TSgkoE2C/ienthhRD298T7UNwAg9diBpLRxC0mOezLl4B0xV7M0cCO6P/O0Xhw==",
               "requires": {
                  "ms": "2.1.2"
               }
            },
            "ms": {
               "version": "2.1.2",
               "resolved": "https://registry.npmjs.org/ms/-/ms-2.1.2.tgz",
               "integrity": "sha512-sGkPx+VjMtmA6MX27oA4FBFELFCZZ4S4XqeGOXCv68tT+jb3vk/RyaKWP0PTKyWtmLSM0b+adUTEvbs1PEaH2w=="
            }
         }
      },
      "follow-redirects": {
         "version": "1.5.10",
         "resolved": "https://registry.npmjs.org/follow-redirects/-/follow-redirects-1.5.10.tgz",
         "integrity": "sha512-0V5l4Cizzvqt5D44aTXbFZz+FtyXV1vrDN6qrelxtfYQKW0KO0W2T/hkE8xvGa/540LkZlkaUjO4ailYTFtHVQ==",
         "requires": {
            "debug": "=3.1.0"
         }
      },
      "get-symbol-from-current-process-h": {
         "version": "1.0.2",
         "resolved": "https://registry.npmjs.org/get-symbol-from-current-process-h/-/get-symbol-from-current-process-h-1.0.2.tgz",
         "integrity": "sha512-syloC6fsCt62ELLrr1VKBM1ggOpMdetX9hTrdW77UQdcApPHLmf7CI7OKcN1c9kYuNxKcDe4iJ4FY9sX3aw2xw=="
      },
      "get-uv-event-loop-napi-h": {
         "version": "1.0.6",
         "resolved": "https://registry.npmjs.org/get-uv-event-loop-napi-h/-/get-uv-event-loop-napi-h-1.0.6.tgz",
         "integrity": "sha512-t5c9VNR84nRoF+eLiz6wFrEp1SE2Acg0wS+Ysa2zF0eROes+LzOfuTaVHxGy8AbS8rq7FHEJzjnCZo1BupwdJg==",
         "requires": {
            "get-symbol-from-current-process-h": "^1.0.1"
         }
      },
      "highland": {
         "version": "2.13.5",
         "resolved": "https://registry.npmjs.org/highland/-/highland-2.13.5.tgz",
         "integrity": "sha512-dn2flPapIIAa4BtkB2ahjshg8iSJtrJtdhEb9/oiOrS5HMQTR/GuhFpqJ+11YBdtnl3AwWKvbZd1Uxr8uAmA7A==",
         "requires": {
            "util-deprecate": "^1.0.2"
         }
      },
      "http-errors": {
         "version": "1.8.0",
         "resolved": "https://registry.npmjs.org/http-errors/-/http-errors-1.8.0.tgz",
         "integrity": "sha512-4I8r0C5JDhT5VkvI47QktDW75rNlGVsUf/8hzjCC/wkWI/jdTRmBb9aI7erSG82r1bjKY3F6k28WnsVxB1C73A==",
         "requires": {
            "depd": "~1.1.2",
            "inherits": "2.0.4",
            "setprototypeof": "1.2.0",
            "statuses": ">= 1.5.0 < 2",
            "toidentifier": "1.0.0"
         }
      },
      "inherits": {
         "version": "2.0.4",
         "resolved": "https://registry.npmjs.org/inherits/-/inherits-2.0.4.tgz",
         "integrity": "sha512-k/vGaX4/Yla3WzyMCvTQOXYeIHvqOKtnqBduzTHpzpQZzAskKMhZ2K+EnBiSM9zGSoIFeMpXKxa4dYeZIQqewQ=="
      },
      "js-md5": {
         "version": "0.7.3",
         "resolved": "https://registry.npmjs.org/js-md5/-/js-md5-0.7.3.tgz",
         "integrity": "sha512-ZC41vPSTLKGwIRjqDh8DfXoCrdQIyBgspJVPXHBGu4nZlAEvG3nf+jO9avM9RmLiGakg7vz974ms99nEV0tmTQ=="
      },
      "js-sha256": {
         "version": "0.9.0",
         "resolved": "https://registry.npmjs.org/js-sha256/-/js-sha256-0.9.0.tgz",
         "integrity": "sha512-sga3MHh9sgQN2+pJ9VYZ+1LPwXOxuBJBA5nrR5/ofPfuiJBE2hnjsaN8se8JznOmGLN2p49Pe5U/ttafcs/apA=="
      },
      "js-sha512": {
         "version": "0.8.0",
         "resolved": "https://registry.npmjs.org/js-sha512/-/js-sha512-0.8.0.tgz",
         "integrity": "sha512-PWsmefG6Jkodqt+ePTvBZCSMFgN7Clckjd0O7su3I0+BW2QWUTJNzjktHsztGLhncP2h8mcF9V9Y2Ha59pAViQ=="
      },
      "lodash": {
         "version": "4.17.21",
         "resolved": "https://registry.npmjs.org/lodash/-/lodash-4.17.21.tgz",
         "integrity": "sha512-v2kDEe57lecTulaDIuNTPy3Ry4gLGJ6Z1O3vE1krgXZNrsQ+LFTGHVxVjcXPs17LhbZVGedAJv8XZ1tvj5FvSg=="
      },
      "ms": {
         "version": "2.0.0",
         "resolved": "https://registry.npmjs.org/ms/-/ms-2.0.0.tgz",
         "integrity": "sha1-VgiurfwAvmwpAd9fmGF4jeDVl8g="
      },
      "multiparty": {
         "version": "4.2.2",
         "resolved": "https://registry.npmjs.org/multiparty/-/multiparty-4.2.2.tgz",
         "integrity": "sha512-NtZLjlvsjcoGrzojtwQwn/Tm90aWJ6XXtPppYF4WmOk/6ncdwMMKggFY2NlRRN9yiCEIVxpOfPWahVEG2HAG8Q==",
         "requires": {
            "http-errors": "~1.8.0",
            "safe-buffer": "5.2.1",
            "uid-safe": "2.1.5"
         }
      },
      "net-keepalive": {
         "version": "3.0.0",
         "resolved": "https://registry.npmjs.org/net-keepalive/-/net-keepalive-3.0.0.tgz",
         "integrity": "sha512-wfDa7VPeSltY5aIQcujS7AiWnO2JHJCpO3is4nwQ7kFYs4YMpzDNMwiuILPkWwgMbPMSHzO7O1tuL8rC0SP3ag==",
         "requires": {
            "ffi-napi": "^4.0.1",
            "ref-napi": "^3.0.0"
         }
      },
      "node-addon-api": {
         "version": "3.2.1",
         "resolved": "https://registry.npmjs.org/node-addon-api/-/node-addon-api-3.2.1.tgz",
         "integrity": "sha512-mmcei9JghVNDYydghQmeDX8KoAm0FAiYyIcUt/N4nhyAipB17pllZQDOJD2fotxABnt4Mdz+dKTO7eftLg4d0A=="
      },
      "node-gyp-build": {
         "version": "4.3.0",
         "resolved": "https://registry.npmjs.org/node-gyp-build/-/node-gyp-build-4.3.0.tgz",
         "integrity": "sha512-iWjXZvmboq0ja1pUGULQBexmxq8CV4xBhX7VDOTbL7ZR4FOowwY/VOtRxBN/yKxmdGoIp4j5ysNT4u3S2pDQ3Q=="
      },
      "random-bytes": {
         "version": "1.0.0",
         "resolved": "https://registry.npmjs.org/random-bytes/-/random-bytes-1.0.0.tgz",
         "integrity": "sha1-T2ih3Arli9P7lYSMMDJNt11kNgs="
      },
      "ref-napi": {
         "version": "3.0.3",
         "resolved": "https://registry.npmjs.org/ref-napi/-/ref-napi-3.0.3.tgz",
         "integrity": "sha512-LiMq/XDGcgodTYOMppikEtJelWsKQERbLQsYm0IOOnzhwE9xYZC7x8txNnFC9wJNOkPferQI4vD4ZkC0mDyrOA==",
         "requires": {
            "debug": "^4.1.1",
            "get-symbol-from-current-process-h": "^1.0.2",
            "node-addon-api": "^3.0.0",
            "node-gyp-build": "^4.2.1"
         },
         "dependencies": {
            "debug": {
               "version": "4.3.2",
               "resolved": "https://registry.npmjs.org/debug/-/debug-4.3.2.tgz",
               "integrity": "sha512-mOp8wKcvj7XxC78zLgw/ZA+6TSgkoE2C/ienthhRD298T7UNwAg9diBpLRxC0mOezLl4B0xV7M0cCO6P/O0Xhw==",
               "requires": {
                  "ms": "2.1.2"
               }
            },
            "ms": {
               "version": "2.1.2",
               "resolved": "https://registry.npmjs.org/ms/-/ms-2.1.2.tgz",
               "integrity": "sha512-sGkPx+VjMtmA6MX27oA4FBFELFCZZ4S4XqeGOXCv68tT+jb3vk/RyaKWP0PTKyWtmLSM0b+adUTEvbs1PEaH2w=="
            }
         }
      },
      "ref-struct-di": {
         "version": "1.1.1",
         "resolved": "https://registry.npmjs.org/ref-struct-di/-/ref-struct-di-1.1.1.tgz",
         "integrity": "sha512-2Xyn/0Qgz89VT+++WP0sTosdm9oeowLP23wRJYhG4BFdMUrLj3jhwHZNEytYNYgtPKLNTP3KJX4HEgBvM1/Y2g==",
         "requires": {
            "debug": "^3.1.0"
         }
      },
      "safe-buffer": {
         "version": "5.2.1",
         "resolved": "https://registry.npmjs.org/safe-buffer/-/safe-buffer-5.2.1.tgz",
         "integrity": "sha512-rp3So07KcdmmKbGvgaNxQSJr7bGVSVk5S9Eq1F+ppbRo70+YeaDxkw5Dd8NPN+GD6bjnYm2VuPuCXmpuYvmCXQ=="
      },
      "sax": {
         "version": "1.2.4",
         "resolved": "https://registry.npmjs.org/sax/-/sax-1.2.4.tgz",
         "integrity": "sha512-NqVDv9TpANUjFm0N8uM5GxL36UgKi9/atZw+x7YFnQ8ckwFGKrl4xX4yWtrey3UJm5nP1kUbnYgLopqWNSRhWw=="
      },
      "setprototypeof": {
         "version": "1.2.0",
         "resolved": "https://registry.npmjs.org/setprototypeof/-/setprototypeof-1.2.0.tgz",
         "integrity": "sha512-E5LDX7Wrp85Kil5bhZv46j8jOeboKq5JMmYM3gVGdGH8xFpPWXUMsNrlODCrkoxMEeNi/XZIwuRvY4XNwYMJpw=="
      },
      "statuses": {
         "version": "1.5.0",
         "resolved": "https://registry.npmjs.org/statuses/-/statuses-1.5.0.tgz",
         "integrity": "sha1-Fhx9rBd2Wf2YEfQ3cfqZOBR4Yow="
      },
      "toidentifier": {
         "version": "1.0.0",
         "resolved": "https://registry.npmjs.org/toidentifier/-/toidentifier-1.0.0.tgz",
         "integrity": "sha512-yaOH/Pk/VEhBWWTlhI+qXxDFXlejDGcQipMlyxda9nthulaxLZUNcUqFxokp0vcYnvteJln5FNQDRrxj3YcbVw=="
      },
      "uid-safe": {
         "version": "2.1.5",
         "resolved": "https://registry.npmjs.org/uid-safe/-/uid-safe-2.1.5.tgz",
         "integrity": "sha512-KPHm4VL5dDXKz01UuEd88Df+KzynaohSL9fBh096KWAxSKZQDI2uBrVqtvRM4rwrIrRRKsdLNML/lnaaVSRioA==",
         "requires": {
            "random-bytes": "~1.0.0"
         }
      },
      "util-deprecate": {
         "version": "1.0.2",
         "resolved": "https://registry.npmjs.org/util-deprecate/-/util-deprecate-1.0.2.tgz",
         "integrity": "sha1-RQ1Nyfpw3nMnYvvS1KKJgUGaDM8="
      },
      "xml2js": {
         "version": "0.4.23",
         "resolved": "https://registry.npmjs.org/xml2js/-/xml2js-0.4.23.tgz",
         "integrity": "sha512-ySPiMjM0+pLDftHgXY4By0uswI3SPKLDw/i3UXbnO8M/p28zqexCUoPmQFrYD+/1BzhGJSs2i1ERWKJAtiLrug==",
         "requires": {
            "sax": ">=0.6.0",
            "xmlbuilder": "~11.0.0"
         }
      },
      "xmlbuilder": {
         "version": "11.0.1",
         "resolved": "https://registry.npmjs.org/xmlbuilder/-/xmlbuilder-11.0.1.tgz",
         "integrity": "sha512-fDlsI/kFEx7gLvbecc0/ohLG50fugQp8ryHzMTuW9vSa1GJ0XYWKnhsUx7oie3G98+r56aTQIUB4kht42R3JvA=="
      }
   }
}
