{
   "name": "@scrypted/objectdetector",
   "version": "0.1.77",
   "lockfileVersion": 2,
   "requires": true,
   "packages": {
      "": {
         "name": "@scrypted/objectdetector",
         "version": "0.1.77",
         "license": "Apache-2.0",
         "dependencies": {
            "@scrypted/common": "file:../../common",
            "@scrypted/sdk": "file:../../sdk"
         },
         "devDependencies": {
            "@types/node": "^22.19.0"
         },
         "peerDependencies": {
            "@scrypted/types": "^0.5.55"
         }
      },
      "../../common": {
         "name": "@scrypted/common",
         "version": "1.0.1",
         "license": "ISC",
         "dependencies": {
            "@scrypted/sdk": "file:../sdk",
            "@scrypted/types": "^0.5.55",
            "http-auth-utils": "^5.0.1",
            "typescript": "^5.5.3"
         },
         "devDependencies": {
            "@types/node": "^20.19.11",
            "monaco-editor": "^0.50.0",
            "ts-node": "^10.9.2"
         }
      },
      "../../sdk": {
         "name": "@scrypted/sdk",
         "version": "0.5.59",
         "license": "ISC",
         "dependencies": {
            "@babel/preset-typescript": "^7.27.1",
            "@rollup/plugin-commonjs": "^28.0.9",
            "@rollup/plugin-json": "^6.1.0",
            "@rollup/plugin-node-resolve": "^16.0.1",
            "@rollup/plugin-terser": "^0.4.4",
            "@rollup/plugin-typescript": "^12.3.0",
            "@rollup/plugin-virtual": "^3.0.2",
            "@scrypted/auth-fetch": "^1.0.5",
            "adm-zip": "^0.5.16",
            "babel-loader": "^10.0.0",
            "babel-plugin-const-enum": "^1.2.0",
            "ncp": "^2.0.0",
            "openai": "^6.1.0",
            "raw-loader": "^4.0.2",
            "rimraf": "^6.0.1",
            "rollup": "^4.52.5",
            "tmp": "^0.2.3",
            "ts-loader": "^9.5.4",
            "tslib": "^2.8.1",
            "typescript": "^5.9.3",
            "webpack": "^5.99.9",
            "webpack-bundle-analyzer": "^4.10.2"
         },
         "bin": {
            "scrypted-changelog": "bin/cli.js",
            "scrypted-debug": "bin/cli.js",
            "scrypted-deploy": "bin/cli.js",
            "scrypted-deploy-debug": "bin/cli.js",
            "scrypted-package-json": "bin/cli.js",
            "scrypted-setup-project": "bin/cli.js",
            "scrypted-webpack": "bin/cli.js"
         },
         "devDependencies": {
            "@types/adm-zip": "^0.5.8",
            "@types/ncp": "^2.0.8",
            "@types/node": "^24.9.2",
            "@types/tmp": "^0.2.6",
            "ts-node": "^10.9.2",
            "typedoc": "^0.28.14"
         }
      },
      "node_modules/@scrypted/common": {
         "resolved": "../../common",
         "link": true
      },
      "node_modules/@scrypted/sdk": {
         "resolved": "../../sdk",
         "link": true
      },
      "node_modules/@scrypted/types": {
         "version": "0.5.55",
         "resolved": "https://registry.npmjs.org/@scrypted/types/-/types-0.5.55.tgz",
         "integrity": "sha512-99YAdiPRwR3q4ysA1hLZk1ZTdBwUFFUlh+18ESdcPOTRMWo0TI3JxfwniNsVMPmGZHcoM1yipC8xWkf9v+PB0g==",
         "license": "ISC",
         "peer": true,
         "dependencies": {
            "openai": "^6.1.0"
         }
      },
      "node_modules/@types/node": {
         "version": "22.19.0",
         "resolved": "https://registry.npmjs.org/@types/node/-/node-22.19.0.tgz",
         "integrity": "sha512-xpr/lmLPQEj+TUnHmR+Ab91/glhJvsqcjB+yY0Ix9GO70H6Lb4FHH5GeqdOE5btAx7eIMwuHkp4H2MSkLcqWbA==",
         "dev": true,
         "license": "MIT",
         "dependencies": {
            "undici-types": "~6.21.0"
         }
      },
      "node_modules/openai": {
         "version": "6.33.0",
         "resolved": "https://registry.npmjs.org/openai/-/openai-6.33.0.tgz",
         "integrity": "sha512-xAYN1W3YsDXJWA5F277135YfkEk6H7D3D6vWwRhJ3OEkzRgcyK8z/P5P9Gyi/wB4N8kK9kM5ZjprfvyHagKmpw==",
         "license": "Apache-2.0",
         "peer": true,
         "bin": {
            "openai": "bin/cli"
         },
         "peerDependencies": {
            "ws": "^8.18.0",
            "zod": "^3.25 || ^4.0"
         },
         "peerDependenciesMeta": {
            "ws": {
               "optional": true
            },
            "zod": {
               "optional": true
            }
         }
      },
      "node_modules/undici-types": {
         "version": "6.21.0",
         "resolved": "https://registry.npmjs.org/undici-types/-/undici-types-6.21.0.tgz",
         "integrity": "sha512-iwDZqg0QAGrg9Rav5H4n0M64c3mkR59cJ6wQp+7C4nI0gsmExaedaYLNO44eT4AtBBwjbTiGPMlt2Md0T9H9JQ==",
         "dev": true,
         "license": "MIT"
      },
      "node-moving-things-tracker": {
         "version": "0.9.1",
         "extraneous": true,
         "license": "MIT",
         "dependencies": {
            "lodash.isequal": "^4.5.0",
            "minimist": "^1.2.0",
            "munkres-js": "^1.2.2",
            "uuid": "^3.2.1"
         },
         "bin": {
            "node-moving-things-tracker": "main.js"
         },
         "devDependencies": {
            "jasmine": "^3.6.1"
         }
      }
   },
   "dependencies": {
      "@scrypted/common": {
         "version": "file:../../common",
         "requires": {
            "@scrypted/sdk": "file:../sdk",
            "@scrypted/types": "^0.5.55",
            "@types/node": "^20.19.11",
            "http-auth-utils": "^5.0.1",
            "monaco-editor": "^0.50.0",
            "ts-node": "^10.9.2",
            "typescript": "^5.5.3"
         }
      },
      "@scrypted/sdk": {
         "version": "file:../../sdk",
         "requires": {
            "@babel/preset-typescript": "^7.27.1",
            "@rollup/plugin-commonjs": "^28.0.9",
            "@rollup/plugin-json": "^6.1.0",
            "@rollup/plugin-node-resolve": "^16.0.1",
            "@rollup/plugin-terser": "^0.4.4",
            "@rollup/plugin-typescript": "^12.3.0",
            "@rollup/plugin-virtual": "^3.0.2",
            "@scrypted/auth-fetch": "^1.0.5",
            "@types/adm-zip": "^0.5.8",
            "@types/ncp": "^2.0.8",
            "@types/node": "^24.9.2",
            "@types/tmp": "^0.2.6",
            "adm-zip": "^0.5.16",
            "babel-loader": "^10.0.0",
            "babel-plugin-const-enum": "^1.2.0",
            "ncp": "^2.0.0",
            "openai": "^6.1.0",
            "raw-loader": "^4.0.2",
            "rimraf": "^6.0.1",
            "rollup": "^4.52.5",
            "tmp": "^0.2.3",
            "ts-loader": "^9.5.4",
            "ts-node": "^10.9.2",
            "tslib": "^2.8.1",
            "typedoc": "^0.28.14",
            "typescript": "^5.9.3",
            "webpack": "^5.99.9",
            "webpack-bundle-analyzer": "^4.10.2"
         }
      },
      "@scrypted/types": {
         "version": "0.5.55",
         "resolved": "https://registry.npmjs.org/@scrypted/types/-/types-0.5.55.tgz",
         "integrity": "sha512-99YAdiPRwR3q4ysA1hLZk1ZTdBwUFFUlh+18ESdcPOTRMWo0TI3JxfwniNsVMPmGZHcoM1yipC8xWkf9v+PB0g==",
         "peer": true,
         "requires": {
            "openai": "^6.1.0"
         }
      },
      "@types/node": {
         "version": "22.19.0",
         "resolved": "https://registry.npmjs.org/@types/node/-/node-22.19.0.tgz",
         "integrity": "sha512-xpr/lmLPQEj+TUnHmR+Ab91/glhJvsqcjB+yY0Ix9GO70H6Lb4FHH5GeqdOE5btAx7eIMwuHkp4H2MSkLcqWbA==",
         "dev": true,
         "requires": {
            "undici-types": "~6.21.0"
         }
      },
      "openai": {
         "version": "6.33.0",
         "resolved": "https://registry.npmjs.org/openai/-/openai-6.33.0.tgz",
         "integrity": "sha512-xAYN1W3YsDXJWA5F277135YfkEk6H7D3D6vWwRhJ3OEkzRgcyK8z/P5P9Gyi/wB4N8kK9kM5ZjprfvyHagKmpw==",
         "peer": true,
         "requires": {}
      },
      "undici-types": {
         "version": "6.21.0",
         "resolved": "https://registry.npmjs.org/undici-types/-/undici-types-6.21.0.tgz",
         "integrity": "sha512-iwDZqg0QAGrg9Rav5H4n0M64c3mkR59cJ6wQp+7C4nI0gsmExaedaYLNO44eT4AtBBwjbTiGPMlt2Md0T9H9JQ==",
         "dev": true
      }
   }
}
