{
   "name": "@scrypted/onvif",
   "version": "0.1.31",
   "lockfileVersion": 3,
   "requires": true,
   "packages": {
      "": {
         "name": "@scrypted/onvif",
         "version": "0.1.31",
         "license": "Apache",
         "dependencies": {
            "@scrypted/common": "file:../../common",
            "@scrypted/sdk": "file:../../sdk",
            "base-64": "^1.0.0",
            "md5": "^2.3.0",
            "onvif": "^0.7.4",
            "xml2js": "^0.6.2"
         },
         "devDependencies": {
            "@types/md5": "^2.3.5",
            "@types/node": "^20.11.0",
            "@types/xml2js": "^0.4.14"
         }
      },
      "../../common": {
         "name": "@scrypted/common",
         "version": "1.0.1",
         "license": "ISC",
         "dependencies": {
            "@scrypted/sdk": "file:../sdk",
            "http-auth-utils": "^5.0.1",
            "typescript": "^5.5.3"
         },
         "devDependencies": {
            "@types/node": "^20.11.0",
            "monaco-editor": "^0.50.0",
            "ts-node": "^10.9.2"
         }
      },
      "../../sdk": {
         "name": "@scrypted/sdk",
         "version": "0.3.116",
         "license": "ISC",
         "dependencies": {
            "@babel/preset-typescript": "^7.26.0",
            "@rollup/plugin-commonjs": "^28.0.1",
            "@rollup/plugin-json": "^6.1.0",
            "@rollup/plugin-node-resolve": "^15.3.0",
            "@rollup/plugin-typescript": "^12.1.1",
            "@rollup/plugin-virtual": "^3.0.2",
            "adm-zip": "^0.5.16",
            "axios": "^1.7.8",
            "babel-loader": "^9.2.1",
            "babel-plugin-const-enum": "^1.2.0",
            "ncp": "^2.0.0",
            "raw-loader": "^4.0.2",
            "rimraf": "^6.0.1",
            "rollup": "^4.27.4",
            "tmp": "^0.2.3",
            "ts-loader": "^9.5.1",
            "tslib": "^2.8.1",
            "typescript": "^5.6.3",
            "webpack": "^5.96.1",
            "webpack-bundle-analyzer": "^4.10.2"
         },
         "bin": {
            "scrypted-changelog": "bin/scrypted-changelog.js",
            "scrypted-debug": "bin/scrypted-debug.js",
            "scrypted-deploy": "bin/scrypted-deploy.js",
            "scrypted-deploy-debug": "bin/scrypted-deploy-debug.js",
            "scrypted-package-json": "bin/scrypted-package-json.js",
            "scrypted-setup-project": "bin/scrypted-setup-project.js",
            "scrypted-webpack": "bin/scrypted-webpack.js"
         },
         "devDependencies": {
            "@types/node": "^22.10.1",
            "ts-node": "^10.9.2",
            "typedoc": "^0.26.11"
         }
      },
      "node_modules/@scrypted/common": {
         "resolved": "../../common",
         "link": true
      },
      "node_modules/@scrypted/sdk": {
         "resolved": "../../sdk",
         "link": true
      },
      "node_modules/@types/md5": {
         "version": "2.3.5",
         "resolved": "https://registry.npmjs.org/@types/md5/-/md5-2.3.5.tgz",
         "integrity": "sha512-/i42wjYNgE6wf0j2bcTX6kuowmdL/6PE4IVitMpm2eYKBUuYCprdcWVK+xEF0gcV6ufMCRhtxmReGfc6hIK7Jw==",
         "dev": true
      },
      "node_modules/@types/node": {
         "version": "20.11.0",
         "resolved": "https://registry.npmjs.org/@types/node/-/node-20.11.0.tgz",
         "integrity": "sha512-o9bjXmDNcF7GbM4CNQpmi+TutCgap/K3w1JyKgxAjqx41zp9qlIAVFi0IhCNsJcXolEqLWhbFbEeL0PvYm4pcQ==",
         "dev": true,
         "dependencies": {
            "undici-types": "~5.26.4"
         }
      },
      "node_modules/@types/xml2js": {
         "version": "0.4.14",
         "resolved": "https://registry.npmjs.org/@types/xml2js/-/xml2js-0.4.14.tgz",
         "integrity": "sha512-4YnrRemBShWRO2QjvUin8ESA41rH+9nQGLUGZV/1IDhi3SL9OhdpNC/MrulTWuptXKwhx/aDxE7toV0f/ypIXQ==",
         "dev": true,
         "dependencies": {
            "@types/node": "*"
         }
      },
      "node_modules/base-64": {
         "version": "1.0.0",
         "resolved": "https://registry.npmjs.org/base-64/-/base-64-1.0.0.tgz",
         "integrity": "sha512-kwDPIFCGx0NZHog36dj+tHiwP4QMzsZ3AgMViUBKI0+V5n4U0ufTCUMhnQ04diaRI8EX/QcPfql7zlhZ7j4zgg=="
      },
      "node_modules/charenc": {
         "version": "0.0.2",
         "resolved": "https://registry.npmjs.org/charenc/-/charenc-0.0.2.tgz",
         "integrity": "sha512-yrLQ/yVUFXkzg7EDQsPieE/53+0RlaWTs+wBrvW36cyilJ2SaDWfl4Yj7MtLTXleV9uEKefbAGUPv2/iWSooRA==",
         "engines": {
            "node": "*"
         }
      },
      "node_modules/crypt": {
         "version": "0.0.2",
         "resolved": "https://registry.npmjs.org/crypt/-/crypt-0.0.2.tgz",
         "integrity": "sha512-mCxBlsHFYh9C+HVpiEacem8FEBnMXgU9gy4zmNC+SXAZNB/1idgp/aulFJ4FgCi7GPEVbfyng092GqL2k2rmow==",
         "engines": {
            "node": "*"
         }
      },
      "node_modules/is-buffer": {
         "version": "1.1.6",
         "resolved": "https://registry.npmjs.org/is-buffer/-/is-buffer-1.1.6.tgz",
         "integrity": "sha512-NcdALwpXkTm5Zvvbk7owOUSvVvBKDgKP5/ewfXEznmQFfs4ZRmanOeKBTjRVjka3QFoN6XJ+9F3USqfHqTaU5w=="
      },
      "node_modules/lodash.get": {
         "version": "4.4.2",
         "resolved": "https://registry.npmjs.org/lodash.get/-/lodash.get-4.4.2.tgz",
         "integrity": "sha512-z+Uw/vLuy6gQe8cfaFWD7p0wVv8fJl3mbzXh33RS+0oW2wvUqiRXiQ69gLWSLpgB5/6sU+r6BlQR0MBILadqTQ=="
      },
      "node_modules/md5": {
         "version": "2.3.0",
         "resolved": "https://registry.npmjs.org/md5/-/md5-2.3.0.tgz",
         "integrity": "sha512-T1GITYmFaKuO91vxyoQMFETst+O71VUPEU3ze5GNzDm0OWdP8v1ziTaAEPUr/3kLsY3Sftgz242A1SetQiDL7g==",
         "dependencies": {
            "charenc": "0.0.2",
            "crypt": "0.0.2",
            "is-buffer": "~1.1.6"
         }
      },
      "node_modules/onvif": {
         "version": "0.7.4",
         "resolved": "https://registry.npmjs.org/onvif/-/onvif-0.7.4.tgz",
         "integrity": "sha512-VEUkBb0Fxe+EO8sX74x/qon1PbU1SfN+eSjiR+4LD6zhONa9pZuHlDA5drnhJsNlvSy+MwDW165T81nPCQwH5A==",
         "dependencies": {
            "lodash.get": "^4.4.2",
            "xml2js": "^0.6.2"
         },
         "engines": {
            "node": ">=10.0"
         }
      },
      "node_modules/sax": {
         "version": "1.2.4",
         "resolved": "https://registry.npmjs.org/sax/-/sax-1.2.4.tgz",
         "integrity": "sha512-NqVDv9TpANUjFm0N8uM5GxL36UgKi9/atZw+x7YFnQ8ckwFGKrl4xX4yWtrey3UJm5nP1kUbnYgLopqWNSRhWw=="
      },
      "node_modules/undici-types": {
         "version": "5.26.5",
         "resolved": "https://registry.npmjs.org/undici-types/-/undici-types-5.26.5.tgz",
         "integrity": "sha512-JlCMO+ehdEIKqlFxk6IfVoAUVmgz7cU7zD/h9XZ0qzeosSHmUJVOzSQvvYSYWXkFXC+IfLKSIffhv0sVZup6pA==",
         "dev": true
      },
      "node_modules/xml2js": {
         "version": "0.6.2",
         "resolved": "https://registry.npmjs.org/xml2js/-/xml2js-0.6.2.tgz",
         "integrity": "sha512-T4rieHaC1EXcES0Kxxj4JWgaUQHDk+qwHcYOCFHfiwKz7tOVPLq7Hjq9dM1WCMhylqMEfP7hMcOIChvotiZegA==",
         "dependencies": {
            "sax": ">=0.6.0",
            "xmlbuilder": "~11.0.0"
         },
         "engines": {
            "node": ">=4.0.0"
         }
      },
      "node_modules/xmlbuilder": {
         "version": "11.0.1",
         "resolved": "https://registry.npmjs.org/xmlbuilder/-/xmlbuilder-11.0.1.tgz",
         "integrity": "sha512-fDlsI/kFEx7gLvbecc0/ohLG50fugQp8ryHzMTuW9vSa1GJ0XYWKnhsUx7oie3G98+r56aTQIUB4kht42R3JvA==",
         "engines": {
            "node": ">=4.0"
         }
      }
   }
}
