{
   "name": "@scrypted/core",
   "version": "0.3.120",
   "lockfileVersion": 2,
   "requires": true,
   "packages": {
      "": {
         "name": "@scrypted/core",
         "version": "0.3.120",
         "license": "Apache-2.0",
         "dependencies": {
            "@scrypted/common": "file:../../common",
            "@scrypted/sdk": "file:../../sdk",
            "mime": "^4.0.4",
            "node-pty": "^1.0.0",
            "router": "^1.3.8",
            "typescript": "^5.6.2",
            "yaml": "^2.5.1"
         },
         "devDependencies": {
            "@types/node": "^22.7.4"
         }
      },
      "../../../sdk": {
         "name": "@scrypted/sdk",
         "version": "0.0.64",
         "extraneous": true,
         "license": "ISC",
         "dependencies": {
            "@babel/core": "^7.2.2",
            "@babel/plugin-proposal-class-properties": "^7.4.4",
            "@babel/plugin-transform-modules-commonjs": "^7.2.0",
            "@babel/plugin-transform-typescript": "^7.15.0",
            "@babel/polyfill": "^7.2.5",
            "@babel/preset-env": "^7.2.3",
            "@babel/preset-typescript": "^7.15.0",
            "adm-zip": "^0.4.13",
            "axios": "^0.21.1",
            "babel-loader": "^8.0.4",
            "babel-polyfill": "^6.26.0",
            "babel-template": "^6.26.0",
            "browserify-buffertools": "^1.0.2",
            "bytebuffer": "^5.0.1",
            "chalk": "^2.4.2",
            "clean-webpack-plugin": "^3.0.0",
            "engine.io-client": "^3.3.2",
            "event-target-shim": "^5.0.1",
            "events": "^3.0.0",
            "long": "^4.0.0",
            "node-cmd": "^3.0.0",
            "node-ip": "^0.1.2",
            "raw-loader": "^1.0.0",
            "terser": "^3.14.1",
            "ts-loader": "^5.4.5",
            "tsconfig-paths-webpack-plugin": "^3.2.0",
            "typescript": "^4.3.5",
            "webpack": "^4.28.1",
            "webpack-cli": "^3.1.2",
            "webpack-inject-plugin": "^1.0.2"
         },
         "bin": {
            "scrypted-debug": "bin/scrypted-debug.js",
            "scrypted-deploy": "bin/scrypted-deploy.js",
            "scrypted-deploy-debug": "bin/scrypted-deploy-debug.js",
            "scrypted-webpack": "bin/scrypted-webpack.js"
         },
         "devDependencies": {
            "@babel/plugin-proposal-optional-chaining": "^7.13.12",
            "@types/node": "^16.6.1",
            "babel-plugin-const-enum": "^1.1.0",
            "babel-plugin-minify-dead-code-elimination": "^0.5.1"
         }
      },
      "../../common": {
         "name": "@scrypted/common",
         "version": "1.0.1",
         "license": "ISC",
         "dependencies": {
            "@scrypted/sdk": "file:../sdk",
            "http-auth-utils": "^5.0.1",
            "typescript": "^5.5.3"
         },
         "devDependencies": {
            "@types/node": "^20.11.0",
            "monaco-editor": "^0.50.0",
            "ts-node": "^10.9.2"
         }
      },
      "../../sdk": {
         "name": "@scrypted/sdk",
         "version": "0.3.100",
         "license": "ISC",
         "dependencies": {
            "@babel/preset-typescript": "^7.26.0",
            "@rollup/plugin-commonjs": "^28.0.1",
            "@rollup/plugin-json": "^6.1.0",
            "@rollup/plugin-node-resolve": "^15.3.0",
            "@rollup/plugin-typescript": "^12.1.1",
            "@rollup/plugin-virtual": "^3.0.2",
            "adm-zip": "^0.5.16",
            "axios": "^1.7.8",
            "babel-loader": "^9.2.1",
            "babel-plugin-const-enum": "^1.2.0",
            "ncp": "^2.0.0",
            "raw-loader": "^4.0.2",
            "rimraf": "^6.0.1",
            "rollup": "^4.27.4",
            "tmp": "^0.2.3",
            "ts-loader": "^9.5.1",
            "tslib": "^2.8.1",
            "typescript": "^5.6.3",
            "webpack": "^5.96.1",
            "webpack-bundle-analyzer": "^4.10.2"
         },
         "bin": {
            "scrypted-changelog": "bin/scrypted-changelog.js",
            "scrypted-debug": "bin/scrypted-debug.js",
            "scrypted-deploy": "bin/scrypted-deploy.js",
            "scrypted-deploy-debug": "bin/scrypted-deploy-debug.js",
            "scrypted-package-json": "bin/scrypted-package-json.js",
            "scrypted-setup-project": "bin/scrypted-setup-project.js",
            "scrypted-webpack": "bin/scrypted-webpack.js"
         },
         "devDependencies": {
            "@types/node": "^22.10.1",
            "ts-node": "^10.9.2",
            "typedoc": "^0.26.11"
         }
      },
      "node_modules/@scrypted/common": {
         "resolved": "../../common",
         "link": true
      },
      "node_modules/@scrypted/sdk": {
         "resolved": "../../sdk",
         "link": true
      },
      "node_modules/@types/node": {
         "version": "22.7.4",
         "resolved": "https://registry.npmjs.org/@types/node/-/node-22.7.4.tgz",
         "integrity": "sha512-y+NPi1rFzDs1NdQHHToqeiX2TIS79SWEAw9GYhkkx8bD0ChpfqC+n2j5OXOCpzfojBEBt6DnEnnG9MY0zk1XLg==",
         "dev": true,
         "dependencies": {
            "undici-types": "~6.19.2"
         }
      },
      "node_modules/array-flatten": {
         "version": "3.0.0",
         "resolved": "https://registry.npmjs.org/array-flatten/-/array-flatten-3.0.0.tgz",
         "integrity": "sha512-zPMVc3ZYlGLNk4mpK1NzP2wg0ml9t7fUgDsayR5Y5rSzxQilzR9FGu/EH2jQOcKSAeAfWeylyW8juy3OkWRvNA=="
      },
      "node_modules/methods": {
         "version": "1.1.2",
         "resolved": "https://registry.npmjs.org/methods/-/methods-1.1.2.tgz",
         "integrity": "sha1-VSmk1nZUE07cxSZmVoNbD4Ua/O4=",
         "engines": {
            "node": ">= 0.6"
         }
      },
      "node_modules/mime": {
         "version": "4.0.4",
         "resolved": "https://registry.npmjs.org/mime/-/mime-4.0.4.tgz",
         "integrity": "sha512-v8yqInVjhXyqP6+Kw4fV3ZzeMRqEW6FotRsKXjRS5VMTNIuXsdRoAvklpoRgSqXm6o9VNH4/C0mgedko9DdLsQ==",
         "funding": [
            "https://github.com/sponsors/broofa"
         ],
         "bin": {
            "mime": "bin/cli.js"
         },
         "engines": {
            "node": ">=16"
         }
      },
      "node_modules/nan": {
         "version": "2.20.0",
         "resolved": "https://registry.npmjs.org/nan/-/nan-2.20.0.tgz",
         "integrity": "sha512-bk3gXBZDGILuuo/6sKtr0DQmSThYHLtNCdSdXk9YkxD/jK6X2vmCyyXBBxyqZ4XcnzTyYEAThfX3DCEnLf6igw=="
      },
      "node_modules/node-pty": {
         "version": "1.0.0",
         "resolved": "https://registry.npmjs.org/node-pty/-/node-pty-1.0.0.tgz",
         "integrity": "sha512-wtBMWWS7dFZm/VgqElrTvtfMq4GzJ6+edFI0Y0zyzygUSZMgZdraDUMUhCIvkjhJjme15qWmbyJbtAx4ot4uZA==",
         "hasInstallScript": true,
         "dependencies": {
            "nan": "^2.17.0"
         }
      },
      "node_modules/parseurl": {
         "version": "1.3.3",
         "resolved": "https://registry.npmjs.org/parseurl/-/parseurl-1.3.3.tgz",
         "integrity": "sha512-CiyeOxFT/JZyN5m0z9PfXw4SCBJ6Sygz1Dpl0wqjlhDEGGBP1GnsUVEL0p63hoG1fcj3fHynXi9NYO4nWOL+qQ==",
         "engines": {
            "node": ">= 0.8"
         }
      },
      "node_modules/path-to-regexp": {
         "version": "0.1.7",
         "resolved": "https://registry.npmjs.org/path-to-regexp/-/path-to-regexp-0.1.7.tgz",
         "integrity": "sha512-5DFkuoqlv1uYQKxy8omFBeJPQcdoE07Kv2sferDCrAq1ohOU+MSDswDIbnx3YAM60qIOnYa53wBhXW0EbMonrQ=="
      },
      "node_modules/router": {
         "version": "1.3.8",
         "resolved": "https://registry.npmjs.org/router/-/router-1.3.8.tgz",
         "integrity": "sha512-461UFH44NtSfIlS83PUg2N7OZo86BC/kB3dY77gJdsODsBhhw7+2uE0tzTINxrY9CahCUVk1VhpWCA5i1yoIEg==",
         "dependencies": {
            "array-flatten": "3.0.0",
            "debug": "2.6.9",
            "methods": "~1.1.2",
            "parseurl": "~1.3.3",
            "path-to-regexp": "0.1.7",
            "setprototypeof": "1.2.0",
            "utils-merge": "1.0.1"
         },
         "engines": {
            "node": ">= 0.8"
         }
      },
      "node_modules/router/node_modules/debug": {
         "version": "2.6.9",
         "resolved": "https://registry.npmjs.org/debug/-/debug-2.6.9.tgz",
         "integrity": "sha512-bC7ElrdJaJnPbAP+1EotYvqZsb3ecl5wi6Bfi6BJTUcNowp6cvspg0jXznRTKDjm/E7AdgFBVeAPVMNcKGsHMA==",
         "dependencies": {
            "ms": "2.0.0"
         }
      },
      "node_modules/router/node_modules/ms": {
         "version": "2.0.0",
         "resolved": "https://registry.npmjs.org/ms/-/ms-2.0.0.tgz",
         "integrity": "sha1-VgiurfwAvmwpAd9fmGF4jeDVl8g="
      },
      "node_modules/setprototypeof": {
         "version": "1.2.0",
         "resolved": "https://registry.npmjs.org/setprototypeof/-/setprototypeof-1.2.0.tgz",
         "integrity": "sha512-E5LDX7Wrp85Kil5bhZv46j8jOeboKq5JMmYM3gVGdGH8xFpPWXUMsNrlODCrkoxMEeNi/XZIwuRvY4XNwYMJpw=="
      },
      "node_modules/typescript": {
         "version": "5.6.2",
         "resolved": "https://registry.npmjs.org/typescript/-/typescript-5.6.2.tgz",
         "integrity": "sha512-NW8ByodCSNCwZeghjN3o+JX5OFH0Ojg6sadjEKY4huZ52TqbJTJnDo5+Tw98lSy63NZvi4n+ez5m2u5d4PkZyw==",
         "bin": {
            "tsc": "bin/tsc",
            "tsserver": "bin/tsserver"
         },
         "engines": {
            "node": ">=14.17"
         }
      },
      "node_modules/undici-types": {
         "version": "6.19.8",
         "resolved": "https://registry.npmjs.org/undici-types/-/undici-types-6.19.8.tgz",
         "integrity": "sha512-ve2KP6f/JnbPBFyobGHuerC9g1FYGn/F8n1LWTwNxCEzd6IfqTwUQcNXgEtmmQ6DlRrC1hrSrBnCZPokRrDHjw==",
         "dev": true
      },
      "node_modules/utils-merge": {
         "version": "1.0.1",
         "resolved": "https://registry.npmjs.org/utils-merge/-/utils-merge-1.0.1.tgz",
         "integrity": "sha1-n5VxD1CiZ5R7LMwSR0HBAoQn5xM=",
         "engines": {
            "node": ">= 0.4.0"
         }
      },
      "node_modules/yaml": {
         "version": "2.5.1",
         "resolved": "https://registry.npmjs.org/yaml/-/yaml-2.5.1.tgz",
         "integrity": "sha512-bLQOjaX/ADgQ20isPJRvF0iRUHIxVhYvr53Of7wGcWlO2jvtUlH5m87DsmulFVxRpNLOnI4tB6p/oh8D7kpn9Q==",
         "bin": {
            "yaml": "bin.mjs"
         },
         "engines": {
            "node": ">= 14"
         }
      }
   },
   "dependencies": {
      "@scrypted/common": {
         "version": "file:../../common",
         "requires": {
            "@scrypted/sdk": "file:../sdk",
            "@types/node": "^20.11.0",
            "http-auth-utils": "^5.0.1",
            "monaco-editor": "^0.50.0",
            "ts-node": "^10.9.2",
            "typescript": "^5.5.3"
         }
      },
      "@scrypted/sdk": {
         "version": "file:../../sdk",
         "requires": {
            "@babel/preset-typescript": "^7.26.0",
            "@rollup/plugin-commonjs": "^28.0.1",
            "@rollup/plugin-json": "^6.1.0",
            "@rollup/plugin-node-resolve": "^15.3.0",
            "@rollup/plugin-typescript": "^12.1.1",
            "@rollup/plugin-virtual": "^3.0.2",
            "@types/node": "^22.10.1",
            "adm-zip": "^0.5.16",
            "axios": "^1.7.8",
            "babel-loader": "^9.2.1",
            "babel-plugin-const-enum": "^1.2.0",
            "ncp": "^2.0.0",
            "raw-loader": "^4.0.2",
            "rimraf": "^6.0.1",
            "rollup": "^4.27.4",
            "tmp": "^0.2.3",
            "ts-loader": "^9.5.1",
            "ts-node": "^10.9.2",
            "tslib": "^2.8.1",
            "typedoc": "^0.26.11",
            "typescript": "^5.6.3",
            "webpack": "^5.96.1",
            "webpack-bundle-analyzer": "^4.10.2"
         }
      },
      "@types/node": {
         "version": "22.7.4",
         "resolved": "https://registry.npmjs.org/@types/node/-/node-22.7.4.tgz",
         "integrity": "sha512-y+NPi1rFzDs1NdQHHToqeiX2TIS79SWEAw9GYhkkx8bD0ChpfqC+n2j5OXOCpzfojBEBt6DnEnnG9MY0zk1XLg==",
         "dev": true,
         "requires": {
            "undici-types": "~6.19.2"
         }
      },
      "array-flatten": {
         "version": "3.0.0",
         "resolved": "https://registry.npmjs.org/array-flatten/-/array-flatten-3.0.0.tgz",
         "integrity": "sha512-zPMVc3ZYlGLNk4mpK1NzP2wg0ml9t7fUgDsayR5Y5rSzxQilzR9FGu/EH2jQOcKSAeAfWeylyW8juy3OkWRvNA=="
      },
      "methods": {
         "version": "1.1.2",
         "resolved": "https://registry.npmjs.org/methods/-/methods-1.1.2.tgz",
         "integrity": "sha1-VSmk1nZUE07cxSZmVoNbD4Ua/O4="
      },
      "mime": {
         "version": "4.0.4",
         "resolved": "https://registry.npmjs.org/mime/-/mime-4.0.4.tgz",
         "integrity": "sha512-v8yqInVjhXyqP6+Kw4fV3ZzeMRqEW6FotRsKXjRS5VMTNIuXsdRoAvklpoRgSqXm6o9VNH4/C0mgedko9DdLsQ=="
      },
      "nan": {
         "version": "2.20.0",
         "resolved": "https://registry.npmjs.org/nan/-/nan-2.20.0.tgz",
         "integrity": "sha512-bk3gXBZDGILuuo/6sKtr0DQmSThYHLtNCdSdXk9YkxD/jK6X2vmCyyXBBxyqZ4XcnzTyYEAThfX3DCEnLf6igw=="
      },
      "node-pty": {
         "version": "1.0.0",
         "resolved": "https://registry.npmjs.org/node-pty/-/node-pty-1.0.0.tgz",
         "integrity": "sha512-wtBMWWS7dFZm/VgqElrTvtfMq4GzJ6+edFI0Y0zyzygUSZMgZdraDUMUhCIvkjhJjme15qWmbyJbtAx4ot4uZA==",
         "requires": {
            "nan": "^2.17.0"
         }
      },
      "parseurl": {
         "version": "1.3.3",
         "resolved": "https://registry.npmjs.org/parseurl/-/parseurl-1.3.3.tgz",
         "integrity": "sha512-CiyeOxFT/JZyN5m0z9PfXw4SCBJ6Sygz1Dpl0wqjlhDEGGBP1GnsUVEL0p63hoG1fcj3fHynXi9NYO4nWOL+qQ=="
      },
      "path-to-regexp": {
         "version": "0.1.7",
         "resolved": "https://registry.npmjs.org/path-to-regexp/-/path-to-regexp-0.1.7.tgz",
         "integrity": "sha512-5DFkuoqlv1uYQKxy8omFBeJPQcdoE07Kv2sferDCrAq1ohOU+MSDswDIbnx3YAM60qIOnYa53wBhXW0EbMonrQ=="
      },
      "router": {
         "version": "1.3.8",
         "resolved": "https://registry.npmjs.org/router/-/router-1.3.8.tgz",
         "integrity": "sha512-461UFH44NtSfIlS83PUg2N7OZo86BC/kB3dY77gJdsODsBhhw7+2uE0tzTINxrY9CahCUVk1VhpWCA5i1yoIEg==",
         "requires": {
            "array-flatten": "3.0.0",
            "debug": "2.6.9",
            "methods": "~1.1.2",
            "parseurl": "~1.3.3",
            "path-to-regexp": "0.1.7",
            "setprototypeof": "1.2.0",
            "utils-merge": "1.0.1"
         },
         "dependencies": {
            "debug": {
               "version": "2.6.9",
               "resolved": "https://registry.npmjs.org/debug/-/debug-2.6.9.tgz",
               "integrity": "sha512-bC7ElrdJaJnPbAP+1EotYvqZsb3ecl5wi6Bfi6BJTUcNowp6cvspg0jXznRTKDjm/E7AdgFBVeAPVMNcKGsHMA==",
               "requires": {
                  "ms": "2.0.0"
               }
            },
            "ms": {
               "version": "2.0.0",
               "resolved": "https://registry.npmjs.org/ms/-/ms-2.0.0.tgz",
               "integrity": "sha1-VgiurfwAvmwpAd9fmGF4jeDVl8g="
            }
         }
      },
      "setprototypeof": {
         "version": "1.2.0",
         "resolved": "https://registry.npmjs.org/setprototypeof/-/setprototypeof-1.2.0.tgz",
         "integrity": "sha512-E5LDX7Wrp85Kil5bhZv46j8jOeboKq5JMmYM3gVGdGH8xFpPWXUMsNrlODCrkoxMEeNi/XZIwuRvY4XNwYMJpw=="
      },
      "typescript": {
         "version": "5.6.2",
         "resolved": "https://registry.npmjs.org/typescript/-/typescript-5.6.2.tgz",
         "integrity": "sha512-NW8ByodCSNCwZeghjN3o+JX5OFH0Ojg6sadjEKY4huZ52TqbJTJnDo5+Tw98lSy63NZvi4n+ez5m2u5d4PkZyw=="
      },
      "undici-types": {
         "version": "6.19.8",
         "resolved": "https://registry.npmjs.org/undici-types/-/undici-types-6.19.8.tgz",
         "integrity": "sha512-ve2KP6f/JnbPBFyobGHuerC9g1FYGn/F8n1LWTwNxCEzd6IfqTwUQcNXgEtmmQ6DlRrC1hrSrBnCZPokRrDHjw==",
         "dev": true
      },
      "utils-merge": {
         "version": "1.0.1",
         "resolved": "https://registry.npmjs.org/utils-merge/-/utils-merge-1.0.1.tgz",
         "integrity": "sha1-n5VxD1CiZ5R7LMwSR0HBAoQn5xM="
      },
      "yaml": {
         "version": "2.5.1",
         "resolved": "https://registry.npmjs.org/yaml/-/yaml-2.5.1.tgz",
         "integrity": "sha512-bLQOjaX/ADgQ20isPJRvF0iRUHIxVhYvr53Of7wGcWlO2jvtUlH5m87DsmulFVxRpNLOnI4tB6p/oh8D7kpn9Q=="
      }
   }
}
