{
   "name": "@scrypted/prebuffer-mixin",
   "version": "0.10.56",
   "lockfileVersion": 2,
   "requires": true,
   "packages": {
      "": {
         "name": "@scrypted/prebuffer-mixin",
         "version": "0.10.56",
         "license": "Apache-2.0",
         "dependencies": {
            "@scrypted/common": "file:../../common",
            "@scrypted/sdk": "file:../../sdk",
            "h264-sps-parser": "^0.2.1",
            "semver": "^7.3.7"
         },
         "devDependencies": {
            "@types/node": "^22.13.14",
            "@types/semver": "^7.3.12"
         }
      },
      "../../common": {
         "name": "@scrypted/common",
         "version": "1.0.1",
         "license": "ISC",
         "dependencies": {
            "@scrypted/sdk": "file:../sdk",
            "http-auth-utils": "^5.0.1",
            "typescript": "^5.5.3"
         },
         "devDependencies": {
            "@types/node": "^20.11.0",
            "monaco-editor": "^0.50.0",
            "ts-node": "^10.9.2"
         }
      },
      "../../sdk": {
         "name": "@scrypted/sdk",
         "version": "0.5.12",
         "license": "ISC",
         "dependencies": {
            "@babel/preset-typescript": "^7.26.0",
            "@rollup/plugin-commonjs": "^28.0.1",
            "@rollup/plugin-json": "^6.1.0",
            "@rollup/plugin-node-resolve": "^15.3.0",
            "@rollup/plugin-typescript": "^12.1.1",
            "@rollup/plugin-virtual": "^3.0.2",
            "adm-zip": "^0.5.16",
            "axios": "^1.7.8",
            "babel-loader": "^9.2.1",
            "babel-plugin-const-enum": "^1.2.0",
            "ncp": "^2.0.0",
            "raw-loader": "^4.0.2",
            "rimraf": "^6.0.1",
            "rollup": "^4.27.4",
            "tmp": "^0.2.3",
            "ts-loader": "^9.5.1",
            "tslib": "^2.8.1",
            "typescript": "^5.6.3",
            "webpack": "^5.96.1",
            "webpack-bundle-analyzer": "^4.10.2"
         },
         "bin": {
            "scrypted-changelog": "bin/scrypted-changelog.js",
            "scrypted-debug": "bin/scrypted-debug.js",
            "scrypted-deploy": "bin/scrypted-deploy.js",
            "scrypted-deploy-debug": "bin/scrypted-deploy-debug.js",
            "scrypted-package-json": "bin/scrypted-package-json.js",
            "scrypted-setup-project": "bin/scrypted-setup-project.js",
            "scrypted-webpack": "bin/scrypted-webpack.js"
         },
         "devDependencies": {
            "@types/node": "^22.10.1",
            "ts-node": "^10.9.2",
            "typedoc": "^0.26.11"
         }
      },
      "../sdk": {
         "extraneous": true
      },
      "node_modules/@scrypted/common": {
         "resolved": "../../common",
         "link": true
      },
      "node_modules/@scrypted/sdk": {
         "resolved": "../../sdk",
         "link": true
      },
      "node_modules/@types/node": {
         "version": "22.13.14",
         "resolved": "https://registry.npmjs.org/@types/node/-/node-22.13.14.tgz",
         "integrity": "sha512-Zs/Ollc1SJ8nKUAgc7ivOEdIBM8JAKgrqqUYi2J997JuKO7/tpQC+WCetQ1sypiKCQWHdvdg9wBNpUPEWZae7w==",
         "dev": true,
         "license": "MIT",
         "dependencies": {
            "undici-types": "~6.20.0"
         }
      },
      "node_modules/@types/semver": {
         "version": "7.3.12",
         "resolved": "https://registry.npmjs.org/@types/semver/-/semver-7.3.12.tgz",
         "integrity": "sha512-WwA1MW0++RfXmCr12xeYOOC5baSC9mSb0ZqCquFzKhcoF4TvHu5MKOuXsncgZcpVFhB1pXd5hZmM0ryAoCp12A==",
         "dev": true
      },
      "node_modules/h264-sps-parser": {
         "version": "0.2.1",
         "resolved": "https://registry.npmjs.org/h264-sps-parser/-/h264-sps-parser-0.2.1.tgz",
         "integrity": "sha512-1OCliBfrgCe2fu6eRRqN0xvhp9tFH/UVa1zdVmX/WcQAZrEB6xm/2RJ13F4h2OtQUMJqWv31fZakmTgrvbyIDA=="
      },
      "node_modules/semver": {
         "version": "7.7.1",
         "resolved": "https://registry.npmjs.org/semver/-/semver-7.7.1.tgz",
         "integrity": "sha512-hlq8tAfn0m/61p4BVRcPzIGr6LKiMwo4VM6dGi6pt4qcRkmNzTcWq6eCEjEh+qXjkMDvPlOFFSGwQjoEa6gyMA==",
         "license": "ISC",
         "bin": {
            "semver": "bin/semver.js"
         },
         "engines": {
            "node": ">=10"
         }
      },
      "node_modules/undici-types": {
         "version": "6.20.0",
         "resolved": "https://registry.npmjs.org/undici-types/-/undici-types-6.20.0.tgz",
         "integrity": "sha512-Ny6QZ2Nju20vw1SRHe3d9jVu6gJ+4e3+MMpqu7pqE5HT6WsTSlce++GQmK5UXS8mzV8DSYHrQH+Xrf2jVcuKNg==",
         "dev": true,
         "license": "MIT"
      }
   },
   "dependencies": {
      "@scrypted/common": {
         "version": "file:../../common",
         "requires": {
            "@scrypted/sdk": "file:../sdk",
            "@types/node": "^20.11.0",
            "http-auth-utils": "^5.0.1",
            "monaco-editor": "^0.50.0",
            "ts-node": "^10.9.2",
            "typescript": "^5.5.3"
         }
      },
      "@scrypted/sdk": {
         "version": "file:../../sdk",
         "requires": {
            "@babel/preset-typescript": "^7.26.0",
            "@rollup/plugin-commonjs": "^28.0.1",
            "@rollup/plugin-json": "^6.1.0",
            "@rollup/plugin-node-resolve": "^15.3.0",
            "@rollup/plugin-typescript": "^12.1.1",
            "@rollup/plugin-virtual": "^3.0.2",
            "@types/node": "^22.10.1",
            "adm-zip": "^0.5.16",
            "axios": "^1.7.8",
            "babel-loader": "^9.2.1",
            "babel-plugin-const-enum": "^1.2.0",
            "ncp": "^2.0.0",
            "raw-loader": "^4.0.2",
            "rimraf": "^6.0.1",
            "rollup": "^4.27.4",
            "tmp": "^0.2.3",
            "ts-loader": "^9.5.1",
            "ts-node": "^10.9.2",
            "tslib": "^2.8.1",
            "typedoc": "^0.26.11",
            "typescript": "^5.6.3",
            "webpack": "^5.96.1",
            "webpack-bundle-analyzer": "^4.10.2"
         }
      },
      "@types/node": {
         "version": "22.13.14",
         "resolved": "https://registry.npmjs.org/@types/node/-/node-22.13.14.tgz",
         "integrity": "sha512-Zs/Ollc1SJ8nKUAgc7ivOEdIBM8JAKgrqqUYi2J997JuKO7/tpQC+WCetQ1sypiKCQWHdvdg9wBNpUPEWZae7w==",
         "dev": true,
         "requires": {
            "undici-types": "~6.20.0"
         }
      },
      "@types/semver": {
         "version": "7.3.12",
         "resolved": "https://registry.npmjs.org/@types/semver/-/semver-7.3.12.tgz",
         "integrity": "sha512-WwA1MW0++RfXmCr12xeYOOC5baSC9mSb0ZqCquFzKhcoF4TvHu5MKOuXsncgZcpVFhB1pXd5hZmM0ryAoCp12A==",
         "dev": true
      },
      "h264-sps-parser": {
         "version": "0.2.1",
         "resolved": "https://registry.npmjs.org/h264-sps-parser/-/h264-sps-parser-0.2.1.tgz",
         "integrity": "sha512-1OCliBfrgCe2fu6eRRqN0xvhp9tFH/UVa1zdVmX/WcQAZrEB6xm/2RJ13F4h2OtQUMJqWv31fZakmTgrvbyIDA=="
      },
      "semver": {
         "version": "7.7.1",
         "resolved": "https://registry.npmjs.org/semver/-/semver-7.7.1.tgz",
         "integrity": "sha512-hlq8tAfn0m/61p4BVRcPzIGr6LKiMwo4VM6dGi6pt4qcRkmNzTcWq6eCEjEh+qXjkMDvPlOFFSGwQjoEa6gyMA=="
      },
      "undici-types": {
         "version": "6.20.0",
         "resolved": "https://registry.npmjs.org/undici-types/-/undici-types-6.20.0.tgz",
         "integrity": "sha512-Ny6QZ2Nju20vw1SRHe3d9jVu6gJ+4e3+MMpqu7pqE5HT6WsTSlce++GQmK5UXS8mzV8DSYHrQH+Xrf2jVcuKNg==",
         "dev": true
      }
   }
}
