{
   "name": "@scrypted/tensorflow-lite",
   "version": "0.1.78",
   "lockfileVersion": 2,
   "requires": true,
   "packages": {
      "": {
         "name": "@scrypted/tensorflow-lite",
         "version": "0.1.78",
         "devDependencies": {
            "@scrypted/sdk": "file:../../sdk"
         }
      },
      "../../sdk": {
         "name": "@scrypted/sdk",
         "version": "0.3.116",
         "dev": true,
         "license": "ISC",
         "dependencies": {
            "@babel/preset-typescript": "^7.26.0",
            "@rollup/plugin-commonjs": "^28.0.1",
            "@rollup/plugin-json": "^6.1.0",
            "@rollup/plugin-node-resolve": "^15.3.0",
            "@rollup/plugin-typescript": "^12.1.1",
            "@rollup/plugin-virtual": "^3.0.2",
            "adm-zip": "^0.5.16",
            "axios": "^1.7.8",
            "babel-loader": "^9.2.1",
            "babel-plugin-const-enum": "^1.2.0",
            "ncp": "^2.0.0",
            "raw-loader": "^4.0.2",
            "rimraf": "^6.0.1",
            "rollup": "^4.27.4",
            "tmp": "^0.2.3",
            "ts-loader": "^9.5.1",
            "tslib": "^2.8.1",
            "typescript": "^5.6.3",
            "webpack": "^5.96.1",
            "webpack-bundle-analyzer": "^4.10.2"
         },
         "bin": {
            "scrypted-changelog": "bin/scrypted-changelog.js",
            "scrypted-debug": "bin/scrypted-debug.js",
            "scrypted-deploy": "bin/scrypted-deploy.js",
            "scrypted-deploy-debug": "bin/scrypted-deploy-debug.js",
            "scrypted-package-json": "bin/scrypted-package-json.js",
            "scrypted-setup-project": "bin/scrypted-setup-project.js",
            "scrypted-webpack": "bin/scrypted-webpack.js"
         },
         "devDependencies": {
            "@types/node": "^22.10.1",
            "ts-node": "^10.9.2",
            "typedoc": "^0.26.11"
         }
      },
      "../sdk": {
         "extraneous": true
      },
      "node_modules/@scrypted/sdk": {
         "resolved": "../../sdk",
         "link": true
      }
   },
   "dependencies": {
      "@scrypted/sdk": {
         "version": "file:../../sdk",
         "requires": {
            "@babel/preset-typescript": "^7.26.0",
            "@rollup/plugin-commonjs": "^28.0.1",
            "@rollup/plugin-json": "^6.1.0",
            "@rollup/plugin-node-resolve": "^15.3.0",
            "@rollup/plugin-typescript": "^12.1.1",
            "@rollup/plugin-virtual": "^3.0.2",
            "@types/node": "^22.10.1",
            "adm-zip": "^0.5.16",
            "axios": "^1.7.8",
            "babel-loader": "^9.2.1",
            "babel-plugin-const-enum": "^1.2.0",
            "ncp": "^2.0.0",
            "raw-loader": "^4.0.2",
            "rimraf": "^6.0.1",
            "rollup": "^4.27.4",
            "tmp": "^0.2.3",
            "ts-loader": "^9.5.1",
            "ts-node": "^10.9.2",
            "tslib": "^2.8.1",
            "typedoc": "^0.26.11",
            "typescript": "^5.6.3",
            "webpack": "^5.96.1",
            "webpack-bundle-analyzer": "^4.10.2"
         }
      }
   }
}
