{
   "name": "@scrypted/owntracks",
   "version": "0.0.24",
   "lockfileVersion": 2,
   "requires": true,
   "packages": {
      "": {
         "name": "@scrypted/owntracks",
         "version": "0.0.24",
         "license": "Apache",
         "dependencies": {
            "basic-auth": "^2.0.1"
         },
         "devDependencies": {
            "@scrypted/sdk": "file:../../sdk"
         }
      },
      "../../sdk": {
         "name": "@scrypted/sdk",
         "version": "0.0.92",
         "dev": true,
         "license": "ISC",
         "dependencies": {
            "@babel/plugin-proposal-class-properties": "^7.14.5",
            "@babel/plugin-proposal-nullish-coalescing-operator": "^7.14.5",
            "@babel/plugin-proposal-numeric-separator": "^7.14.5",
            "@babel/plugin-proposal-optional-chaining": "^7.14.5",
            "@babel/plugin-transform-modules-commonjs": "^7.15.4",
            "@babel/plugin-transform-typescript": "^7.15.8",
            "@babel/preset-typescript": "^7.15.0",
            "@types/node": "^16.11.1",
            "adm-zip": "^0.4.13",
            "axios": "^0.21.4",
            "babel-loader": "^8.2.3",
            "babel-plugin-const-enum": "^1.1.0",
            "esbuild": "^0.13.8",
            "raw-loader": "^4.0.2",
            "rimraf": "^3.0.2",
            "ts-loader": "^9.2.6",
            "typescript-json-schema": "^0.50.1",
            "webpack": "^5.59.0"
         },
         "bin": {
            "scrypted-debug": "bin/scrypted-debug.js",
            "scrypted-deploy": "bin/scrypted-deploy.js",
            "scrypted-deploy-debug": "bin/scrypted-deploy-debug.js",
            "scrypted-package-json": "bin/scrypted-package-json.js",
            "scrypted-readme": "bin/scrypted-readme.js",
            "scrypted-webpack": "bin/scrypted-webpack.js"
         }
      },
      "../sdk": {
         "extraneous": true
      },
      "node_modules/@scrypted/sdk": {
         "resolved": "../../sdk",
         "link": true
      },
      "node_modules/basic-auth": {
         "version": "2.0.1",
         "resolved": "https://registry.npmjs.org/basic-auth/-/basic-auth-2.0.1.tgz",
         "integrity": "sha512-NF+epuEdnUYVlGuhaxbbq+dvJttwLnGY+YixlXlME5KpQ5W3CnXA5cVTneY3SPbPDRkcjMbifrwmFYcClgOZeg==",
         "dependencies": {
            "safe-buffer": "5.1.2"
         },
         "engines": {
            "node": ">= 0.8"
         }
      },
      "node_modules/safe-buffer": {
         "version": "5.1.2",
         "resolved": "https://registry.npmjs.org/safe-buffer/-/safe-buffer-5.1.2.tgz",
         "integrity": "sha512-Gd2UZBJDkXlY7GbJxfsE8/nvKkUEU1G38c1siN6QP6a9PT9MmHB8GnpscSmMJSoF8LOIrt8ud/wPtojys4G6+g=="
      }
   },
   "dependencies": {
      "@scrypted/sdk": {
         "version": "file:../../sdk",
         "requires": {
            "@babel/plugin-proposal-class-properties": "^7.14.5",
            "@babel/plugin-proposal-nullish-coalescing-operator": "^7.14.5",
            "@babel/plugin-proposal-numeric-separator": "^7.14.5",
            "@babel/plugin-proposal-optional-chaining": "^7.14.5",
            "@babel/plugin-transform-modules-commonjs": "^7.15.4",
            "@babel/plugin-transform-typescript": "^7.15.8",
            "@babel/preset-typescript": "^7.15.0",
            "@types/node": "^16.11.1",
            "adm-zip": "^0.4.13",
            "axios": "^0.21.4",
            "babel-loader": "^8.2.3",
            "babel-plugin-const-enum": "^1.1.0",
            "esbuild": "^0.13.8",
            "raw-loader": "^4.0.2",
            "rimraf": "^3.0.2",
            "ts-loader": "^9.2.6",
            "typescript-json-schema": "^0.50.1",
            "webpack": "^5.59.0"
         }
      },
      "basic-auth": {
         "version": "2.0.1",
         "resolved": "https://registry.npmjs.org/basic-auth/-/basic-auth-2.0.1.tgz",
         "integrity": "sha512-NF+epuEdnUYVlGuhaxbbq+dvJttwLnGY+YixlXlME5KpQ5W3CnXA5cVTneY3SPbPDRkcjMbifrwmFYcClgOZeg==",
         "requires": {
            "safe-buffer": "5.1.2"
         }
      },
      "safe-buffer": {
         "version": "5.1.2",
         "resolved": "https://registry.npmjs.org/safe-buffer/-/safe-buffer-5.1.2.tgz",
         "integrity": "sha512-Gd2UZBJDkXlY7GbJxfsE8/nvKkUEU1G38c1siN6QP6a9PT9MmHB8GnpscSmMJSoF8LOIrt8ud/wPtojys4G6+g=="
      }
   }
}
