{
   "name": "@scrypted/roborock",
   "version": "0.0.3",
   "lockfileVersion": 2,
   "requires": true,
   "packages": {
      "": {
         "name": "@scrypted/roborock",
         "version": "0.0.3",
         "dependencies": {
            "@types/node": "^16.6.1",
            "axios": "^0.24.0",
            "axios-cookiejar-support": "^2.0.3",
            "query-string": "^7.1.1",
            "tough-cookie": "^4.0.0"
         },
         "devDependencies": {
            "@scrypted/common": "file:../../common",
            "@scrypted/sdk": "file:../../sdk",
            "@types/lodash": "^4.14.178",
            "@types/tough-cookie": "^4.0.1"
         },
         "optionalDependencies": {
            "arc4": "^3.4.0"
         }
      },
      "../../common": {
         "name": "@scrypted/common",
         "version": "1.0.1",
         "dev": true,
         "license": "ISC",
         "dependencies": {
            "@koush/werift": "file:../external/werift/packages/webrtc",
            "@scrypted/sdk": "file:../sdk",
            "typescript": "^4.4.3"
         },
         "devDependencies": {
            "@types/node": "^16.9.0"
         }
      },
      "../../sdk": {
         "name": "@scrypted/sdk",
         "version": "0.0.173",
         "dev": true,
         "license": "ISC",
         "dependencies": {
            "@babel/preset-typescript": "^7.16.7",
            "adm-zip": "^0.4.13",
            "axios": "^0.21.4",
            "babel-loader": "^8.2.3",
            "babel-plugin-const-enum": "^1.1.0",
            "esbuild": "^0.13.8",
            "ncp": "^2.0.0",
            "raw-loader": "^4.0.2",
            "rimraf": "^3.0.2",
            "tmp": "^0.2.1",
            "webpack": "^5.59.0"
         },
         "bin": {
            "scrypted-debug": "bin/scrypted-debug.js",
            "scrypted-deploy": "bin/scrypted-deploy.js",
            "scrypted-deploy-debug": "bin/scrypted-deploy-debug.js",
            "scrypted-package-json": "bin/scrypted-package-json.js",
            "scrypted-readme": "bin/scrypted-readme.js",
            "scrypted-webpack": "bin/scrypted-webpack.js"
         },
         "devDependencies": {
            "@types/node": "^16.11.1",
            "@types/stringify-object": "^4.0.0",
            "stringify-object": "^3.3.0",
            "ts-node": "^10.4.0",
            "typedoc": "^0.22.8",
            "typescript-json-schema": "^0.50.1",
            "webpack-bundle-analyzer": "^4.5.0"
         }
      },
      "node_modules/@scrypted/common": {
         "resolved": "../../common",
         "link": true
      },
      "node_modules/@scrypted/sdk": {
         "resolved": "../../sdk",
         "link": true
      },
      "node_modules/@types/lodash": {
         "version": "4.14.178",
         "resolved": "https://registry.npmjs.org/@types/lodash/-/lodash-4.14.178.tgz",
         "integrity": "sha512-0d5Wd09ItQWH1qFbEyQ7oTQ3GZrMfth5JkbN3EvTKLXcHLRDSXeLnlvlOn0wvxVIwK5o2M8JzP/OWz7T3NRsbw==",
         "dev": true
      },
      "node_modules/@types/node": {
         "version": "16.11.1",
         "resolved": "https://registry.npmjs.org/@types/node/-/node-16.11.1.tgz",
         "integrity": "sha512-PYGcJHL9mwl1Ek3PLiYgyEKtwTMmkMw4vbiyz/ps3pfdRYLVv+SN7qHVAImrjdAXxgluDEw6Ph4lyv+m9UpRmA=="
      },
      "node_modules/@types/tough-cookie": {
         "version": "4.0.1",
         "resolved": "https://registry.npmjs.org/@types/tough-cookie/-/tough-cookie-4.0.1.tgz",
         "integrity": "sha512-Y0K95ThC3esLEYD6ZuqNek29lNX2EM1qxV8y2FTLUB0ff5wWrk7az+mLrnNFUnaXcgKye22+sFBRXOgpPILZNg==",
         "dev": true
      },
      "node_modules/agent-base": {
         "version": "6.0.2",
         "resolved": "https://registry.npmjs.org/agent-base/-/agent-base-6.0.2.tgz",
         "integrity": "sha512-RZNwNclF7+MS/8bDg70amg32dyeZGZxiDuQmZxKLAlQjr3jGyLx+4Kkk58UO7D2QdgFIQCovuSuZESne6RG6XQ==",
         "dependencies": {
            "debug": "4"
         },
         "engines": {
            "node": ">= 6.0.0"
         }
      },
      "node_modules/arc4": {
         "version": "3.4.0",
         "resolved": "https://registry.npmjs.org/arc4/-/arc4-3.4.0.tgz",
         "integrity": "sha512-zFQmSbTwSTrICYV8kldrD3YreCtlLIKEZk+lmlNSlpUKU/cF9o746WFEy9eNqLrqSyUgAAjB3gnD9UXdK23beA==",
         "optional": true,
         "dependencies": {
            "lodash": "4.17.4"
         },
         "engines": {
            "node": ">=4"
         }
      },
      "node_modules/axios": {
         "version": "0.24.0",
         "resolved": "https://registry.npmjs.org/axios/-/axios-0.24.0.tgz",
         "integrity": "sha512-Q6cWsys88HoPgAaFAVUb0WpPk0O8iTeisR9IMqy9G8AbO4NlpVknrnQS03zzF9PGAWgO3cgletO3VjV/P7VztA==",
         "dependencies": {
            "follow-redirects": "^1.14.4"
         }
      },
      "node_modules/axios-cookiejar-support": {
         "version": "2.0.3",
         "resolved": "https://registry.npmjs.org/axios-cookiejar-support/-/axios-cookiejar-support-2.0.3.tgz",
         "integrity": "sha512-tvMB+0JhxXLjjvePsXzqXhBI4DMlW4ImR4pKKNl+xclwF0IviNV+CkuhubQCCFjPzOXv7PIzOq3z7WFiF9pMpw==",
         "dependencies": {
            "http-cookie-agent": "^1.0.2"
         },
         "engines": {
            "node": ">=12.19.0 <13.0.0 || >=14.5.0"
         },
         "peerDependencies": {
            "axios": ">=0.20.0",
            "tough-cookie": ">=4.0.0"
         }
      },
      "node_modules/debug": {
         "version": "4.3.3",
         "resolved": "https://registry.npmjs.org/debug/-/debug-4.3.3.tgz",
         "integrity": "sha512-/zxw5+vh1Tfv+4Qn7a5nsbcJKPaSvCDhojn6FEl9vupwK2VCSDtEiEtqr8DFtzYFOdz63LBkxec7DYuc2jon6Q==",
         "dependencies": {
            "ms": "2.1.2"
         },
         "engines": {
            "node": ">=6.0"
         },
         "peerDependenciesMeta": {
            "supports-color": {
               "optional": true
            }
         }
      },
      "node_modules/decode-uri-component": {
         "version": "0.2.0",
         "resolved": "https://registry.npmjs.org/decode-uri-component/-/decode-uri-component-0.2.0.tgz",
         "integrity": "sha1-6zkTMzRYd1y4TNGh+uBiEGu4dUU=",
         "engines": {
            "node": ">=0.10"
         }
      },
      "node_modules/filter-obj": {
         "version": "1.1.0",
         "resolved": "https://registry.npmjs.org/filter-obj/-/filter-obj-1.1.0.tgz",
         "integrity": "sha1-mzERErxsYSehbgFsbF1/GeCAXFs=",
         "engines": {
            "node": ">=0.10.0"
         }
      },
      "node_modules/follow-redirects": {
         "version": "1.14.9",
         "resolved": "https://registry.npmjs.org/follow-redirects/-/follow-redirects-1.14.9.tgz",
         "integrity": "sha512-MQDfihBQYMcyy5dhRDJUHcw7lb2Pv/TuE6xP1vyraLukNDHKbDxDNaOE3NbCAdKQApno+GPRyo1YAp89yCjK4w==",
         "funding": [
            {
               "type": "individual",
               "url": "https://github.com/sponsors/RubenVerborgh"
            }
         ],
         "engines": {
            "node": ">=4.0"
         },
         "peerDependenciesMeta": {
            "debug": {
               "optional": true
            }
         }
      },
      "node_modules/http-cookie-agent": {
         "version": "1.0.4",
         "resolved": "https://registry.npmjs.org/http-cookie-agent/-/http-cookie-agent-1.0.4.tgz",
         "integrity": "sha512-2gSYSE3m38/QMKPPbbS/6lEIm8OTbGA5sY3aBLtr/BUTNOFNeL4WqkdNQM6WmIBT7AWKC20aYfU3uq+cgR+Byg==",
         "dependencies": {
            "agent-base": "^6.0.2"
         },
         "engines": {
            "node": ">=12.19.0 <13.0.0 || >=14.5.0"
         },
         "peerDependencies": {
            "tough-cookie": "^4.0.0"
         }
      },
      "node_modules/lodash": {
         "version": "4.17.4",
         "resolved": "https://registry.npmjs.org/lodash/-/lodash-4.17.4.tgz",
         "integrity": "sha1-eCA6TRwyiuHYbcpkYONptX9AVa4=",
         "optional": true
      },
      "node_modules/ms": {
         "version": "2.1.2",
         "resolved": "https://registry.npmjs.org/ms/-/ms-2.1.2.tgz",
         "integrity": "sha512-sGkPx+VjMtmA6MX27oA4FBFELFCZZ4S4XqeGOXCv68tT+jb3vk/RyaKWP0PTKyWtmLSM0b+adUTEvbs1PEaH2w=="
      },
      "node_modules/psl": {
         "version": "1.8.0",
         "resolved": "https://registry.npmjs.org/psl/-/psl-1.8.0.tgz",
         "integrity": "sha512-RIdOzyoavK+hA18OGGWDqUTsCLhtA7IcZ/6NCs4fFJaHBDab+pDDmDIByWFRQJq2Cd7r1OoQxBGKOaztq+hjIQ=="
      },
      "node_modules/punycode": {
         "version": "2.1.1",
         "resolved": "https://registry.npmjs.org/punycode/-/punycode-2.1.1.tgz",
         "integrity": "sha512-XRsRjdf+j5ml+y/6GKHPZbrF/8p2Yga0JPtdqTIY2Xe5ohJPD9saDJJLPvp9+NSBprVvevdXZybnj2cv8OEd0A==",
         "engines": {
            "node": ">=6"
         }
      },
      "node_modules/query-string": {
         "version": "7.1.1",
         "resolved": "https://registry.npmjs.org/query-string/-/query-string-7.1.1.tgz",
         "integrity": "sha512-MplouLRDHBZSG9z7fpuAAcI7aAYjDLhtsiVZsevsfaHWDS2IDdORKbSd1kWUA+V4zyva/HZoSfpwnYMMQDhb0w==",
         "dependencies": {
            "decode-uri-component": "^0.2.0",
            "filter-obj": "^1.1.0",
            "split-on-first": "^1.0.0",
            "strict-uri-encode": "^2.0.0"
         },
         "engines": {
            "node": ">=6"
         },
         "funding": {
            "url": "https://github.com/sponsors/sindresorhus"
         }
      },
      "node_modules/split-on-first": {
         "version": "1.1.0",
         "resolved": "https://registry.npmjs.org/split-on-first/-/split-on-first-1.1.0.tgz",
         "integrity": "sha512-43ZssAJaMusuKWL8sKUBQXHWOpq8d6CfN/u1p4gUzfJkM05C8rxTmYrkIPTXapZpORA6LkkzcUulJ8FqA7Uudw==",
         "engines": {
            "node": ">=6"
         }
      },
      "node_modules/strict-uri-encode": {
         "version": "2.0.0",
         "resolved": "https://registry.npmjs.org/strict-uri-encode/-/strict-uri-encode-2.0.0.tgz",
         "integrity": "sha1-ucczDHBChi9rFC3CdLvMWGbONUY=",
         "engines": {
            "node": ">=4"
         }
      },
      "node_modules/tough-cookie": {
         "version": "4.0.0",
         "resolved": "https://registry.npmjs.org/tough-cookie/-/tough-cookie-4.0.0.tgz",
         "integrity": "sha512-tHdtEpQCMrc1YLrMaqXXcj6AxhYi/xgit6mZu1+EDWUn+qhUf8wMQoFIy9NXuq23zAwtcB0t/MjACGR18pcRbg==",
         "dependencies": {
            "psl": "^1.1.33",
            "punycode": "^2.1.1",
            "universalify": "^0.1.2"
         },
         "engines": {
            "node": ">=6"
         }
      },
      "node_modules/universalify": {
         "version": "0.1.2",
         "resolved": "https://registry.npmjs.org/universalify/-/universalify-0.1.2.tgz",
         "integrity": "sha512-rBJeI5CXAlmy1pV+617WB9J63U6XcazHHF2f2dbJix4XzpUF0RS3Zbj0FGIOCAva5P/d/GBOYaACQ1w+0azUkg==",
         "engines": {
            "node": ">= 4.0.0"
         }
      }
   },
   "dependencies": {
      "@scrypted/common": {
         "version": "file:../../common",
         "requires": {
            "@koush/werift": "file:../external/werift/packages/webrtc",
            "@scrypted/sdk": "file:../sdk",
            "@types/node": "^16.9.0",
            "typescript": "^4.4.3"
         }
      },
      "@scrypted/sdk": {
         "version": "file:../../sdk",
         "requires": {
            "@babel/preset-typescript": "^7.16.7",
            "@types/node": "^16.11.1",
            "@types/stringify-object": "^4.0.0",
            "adm-zip": "^0.4.13",
            "axios": "^0.21.4",
            "babel-loader": "^8.2.3",
            "babel-plugin-const-enum": "^1.1.0",
            "esbuild": "^0.13.8",
            "ncp": "^2.0.0",
            "raw-loader": "^4.0.2",
            "rimraf": "^3.0.2",
            "stringify-object": "^3.3.0",
            "tmp": "^0.2.1",
            "ts-node": "^10.4.0",
            "typedoc": "^0.22.8",
            "typescript-json-schema": "^0.50.1",
            "webpack": "^5.59.0",
            "webpack-bundle-analyzer": "^4.5.0"
         }
      },
      "@types/lodash": {
         "version": "4.14.178",
         "resolved": "https://registry.npmjs.org/@types/lodash/-/lodash-4.14.178.tgz",
         "integrity": "sha512-0d5Wd09ItQWH1qFbEyQ7oTQ3GZrMfth5JkbN3EvTKLXcHLRDSXeLnlvlOn0wvxVIwK5o2M8JzP/OWz7T3NRsbw==",
         "dev": true
      },
      "@types/node": {
         "version": "16.11.1",
         "resolved": "https://registry.npmjs.org/@types/node/-/node-16.11.1.tgz",
         "integrity": "sha512-PYGcJHL9mwl1Ek3PLiYgyEKtwTMmkMw4vbiyz/ps3pfdRYLVv+SN7qHVAImrjdAXxgluDEw6Ph4lyv+m9UpRmA=="
      },
      "@types/tough-cookie": {
         "version": "4.0.1",
         "resolved": "https://registry.npmjs.org/@types/tough-cookie/-/tough-cookie-4.0.1.tgz",
         "integrity": "sha512-Y0K95ThC3esLEYD6ZuqNek29lNX2EM1qxV8y2FTLUB0ff5wWrk7az+mLrnNFUnaXcgKye22+sFBRXOgpPILZNg==",
         "dev": true
      },
      "agent-base": {
         "version": "6.0.2",
         "resolved": "https://registry.npmjs.org/agent-base/-/agent-base-6.0.2.tgz",
         "integrity": "sha512-RZNwNclF7+MS/8bDg70amg32dyeZGZxiDuQmZxKLAlQjr3jGyLx+4Kkk58UO7D2QdgFIQCovuSuZESne6RG6XQ==",
         "requires": {
            "debug": "4"
         }
      },
      "arc4": {
         "version": "3.4.0",
         "resolved": "https://registry.npmjs.org/arc4/-/arc4-3.4.0.tgz",
         "integrity": "sha512-zFQmSbTwSTrICYV8kldrD3YreCtlLIKEZk+lmlNSlpUKU/cF9o746WFEy9eNqLrqSyUgAAjB3gnD9UXdK23beA==",
         "optional": true,
         "requires": {
            "lodash": "4.17.4"
         }
      },
      "axios": {
         "version": "0.24.0",
         "resolved": "https://registry.npmjs.org/axios/-/axios-0.24.0.tgz",
         "integrity": "sha512-Q6cWsys88HoPgAaFAVUb0WpPk0O8iTeisR9IMqy9G8AbO4NlpVknrnQS03zzF9PGAWgO3cgletO3VjV/P7VztA==",
         "requires": {
            "follow-redirects": "^1.14.4"
         }
      },
      "axios-cookiejar-support": {
         "version": "2.0.3",
         "resolved": "https://registry.npmjs.org/axios-cookiejar-support/-/axios-cookiejar-support-2.0.3.tgz",
         "integrity": "sha512-tvMB+0JhxXLjjvePsXzqXhBI4DMlW4ImR4pKKNl+xclwF0IviNV+CkuhubQCCFjPzOXv7PIzOq3z7WFiF9pMpw==",
         "requires": {
            "http-cookie-agent": "^1.0.2"
         }
      },
      "debug": {
         "version": "4.3.3",
         "resolved": "https://registry.npmjs.org/debug/-/debug-4.3.3.tgz",
         "integrity": "sha512-/zxw5+vh1Tfv+4Qn7a5nsbcJKPaSvCDhojn6FEl9vupwK2VCSDtEiEtqr8DFtzYFOdz63LBkxec7DYuc2jon6Q==",
         "requires": {
            "ms": "2.1.2"
         }
      },
      "decode-uri-component": {
         "version": "0.2.0",
         "resolved": "https://registry.npmjs.org/decode-uri-component/-/decode-uri-component-0.2.0.tgz",
         "integrity": "sha1-6zkTMzRYd1y4TNGh+uBiEGu4dUU="
      },
      "filter-obj": {
         "version": "1.1.0",
         "resolved": "https://registry.npmjs.org/filter-obj/-/filter-obj-1.1.0.tgz",
         "integrity": "sha1-mzERErxsYSehbgFsbF1/GeCAXFs="
      },
      "follow-redirects": {
         "version": "1.14.9",
         "resolved": "https://registry.npmjs.org/follow-redirects/-/follow-redirects-1.14.9.tgz",
         "integrity": "sha512-MQDfihBQYMcyy5dhRDJUHcw7lb2Pv/TuE6xP1vyraLukNDHKbDxDNaOE3NbCAdKQApno+GPRyo1YAp89yCjK4w=="
      },
      "http-cookie-agent": {
         "version": "1.0.4",
         "resolved": "https://registry.npmjs.org/http-cookie-agent/-/http-cookie-agent-1.0.4.tgz",
         "integrity": "sha512-2gSYSE3m38/QMKPPbbS/6lEIm8OTbGA5sY3aBLtr/BUTNOFNeL4WqkdNQM6WmIBT7AWKC20aYfU3uq+cgR+Byg==",
         "requires": {
            "agent-base": "^6.0.2"
         }
      },
      "lodash": {
         "version": "4.17.4",
         "resolved": "https://registry.npmjs.org/lodash/-/lodash-4.17.4.tgz",
         "integrity": "sha1-eCA6TRwyiuHYbcpkYONptX9AVa4=",
         "optional": true
      },
      "ms": {
         "version": "2.1.2",
         "resolved": "https://registry.npmjs.org/ms/-/ms-2.1.2.tgz",
         "integrity": "sha512-sGkPx+VjMtmA6MX27oA4FBFELFCZZ4S4XqeGOXCv68tT+jb3vk/RyaKWP0PTKyWtmLSM0b+adUTEvbs1PEaH2w=="
      },
      "psl": {
         "version": "1.8.0",
         "resolved": "https://registry.npmjs.org/psl/-/psl-1.8.0.tgz",
         "integrity": "sha512-RIdOzyoavK+hA18OGGWDqUTsCLhtA7IcZ/6NCs4fFJaHBDab+pDDmDIByWFRQJq2Cd7r1OoQxBGKOaztq+hjIQ=="
      },
      "punycode": {
         "version": "2.1.1",
         "resolved": "https://registry.npmjs.org/punycode/-/punycode-2.1.1.tgz",
         "integrity": "sha512-XRsRjdf+j5ml+y/6GKHPZbrF/8p2Yga0JPtdqTIY2Xe5ohJPD9saDJJLPvp9+NSBprVvevdXZybnj2cv8OEd0A=="
      },
      "query-string": {
         "version": "7.1.1",
         "resolved": "https://registry.npmjs.org/query-string/-/query-string-7.1.1.tgz",
         "integrity": "sha512-MplouLRDHBZSG9z7fpuAAcI7aAYjDLhtsiVZsevsfaHWDS2IDdORKbSd1kWUA+V4zyva/HZoSfpwnYMMQDhb0w==",
         "requires": {
            "decode-uri-component": "^0.2.0",
            "filter-obj": "^1.1.0",
            "split-on-first": "^1.0.0",
            "strict-uri-encode": "^2.0.0"
         }
      },
      "split-on-first": {
         "version": "1.1.0",
         "resolved": "https://registry.npmjs.org/split-on-first/-/split-on-first-1.1.0.tgz",
         "integrity": "sha512-43ZssAJaMusuKWL8sKUBQXHWOpq8d6CfN/u1p4gUzfJkM05C8rxTmYrkIPTXapZpORA6LkkzcUulJ8FqA7Uudw=="
      },
      "strict-uri-encode": {
         "version": "2.0.0",
         "resolved": "https://registry.npmjs.org/strict-uri-encode/-/strict-uri-encode-2.0.0.tgz",
         "integrity": "sha1-ucczDHBChi9rFC3CdLvMWGbONUY="
      },
      "tough-cookie": {
         "version": "4.0.0",
         "resolved": "https://registry.npmjs.org/tough-cookie/-/tough-cookie-4.0.0.tgz",
         "integrity": "sha512-tHdtEpQCMrc1YLrMaqXXcj6AxhYi/xgit6mZu1+EDWUn+qhUf8wMQoFIy9NXuq23zAwtcB0t/MjACGR18pcRbg==",
         "requires": {
            "psl": "^1.1.33",
            "punycode": "^2.1.1",
            "universalify": "^0.1.2"
         }
      },
      "universalify": {
         "version": "0.1.2",
         "resolved": "https://registry.npmjs.org/universalify/-/universalify-0.1.2.tgz",
         "integrity": "sha512-rBJeI5CXAlmy1pV+617WB9J63U6XcazHHF2f2dbJix4XzpUF0RS3Zbj0FGIOCAva5P/d/GBOYaACQ1w+0azUkg=="
      }
   }
}
